# This file is automatically @generated by Poetry 1.7.1 and should not be changed by hand.

[[package]]
name = "jellyfish"
version = "1.0.3"
description = "Approximate and phonetic matching of strings."
optional = false
python-versions = ">=3.7"
files = [
    {file = "jellyfish-1.0.3-cp310-cp310-macosx_10_7_x86_64.whl", hash = "sha256:318169ed003949a177536f9d6ee240997056caef75e37a66e7ade1e7d6e9fa4a"},
    {file = "jellyfish-1.0.3-cp310-cp310-macosx_11_0_arm64.whl", hash = "sha256:0281e85aaa1a6edead83a66801a3ad24da27f80bee1efc6ff85ac7fa10069270"},
    {file = "jellyfish-1.0.3-cp310-cp310-manylinux_2_17_aarch64.manylinux2014_aarch64.whl", hash = "sha256:54c862cbc866aa45521d9a01100c1a3d7b305ebde2b4d7606cbd6c82350fdfa0"},
    {file = "jellyfish-1.0.3-cp310-cp310-manylinux_2_17_armv7l.manylinux2014_armv7l.whl", hash = "sha256:ee1a1db7bb5c240031d7769301fd5291a40997df76e68d322a2aa9b4f3fd7ba4"},
    {file = "jellyfish-1.0.3-cp310-cp310-manylinux_2_17_x86_64.manylinux2014_x86_64.whl", hash = "sha256:face52972a7c8d2538aec5bdbc4c863a7f2b3c5def88a6e6977fcaec8acefc92"},
    {file = "jellyfish-1.0.3-cp310-cp310-musllinux_1_1_i686.whl", hash = "sha256:643315eb140af1bbfffb6d38b0371920c875ca3ec3fa0403b851bd50b9a9603c"},
    {file = "jellyfish-1.0.3-cp310-cp310-musllinux_1_1_x86_64.whl", hash = "sha256:d5d01941cd21ff57e41713c77786654f513cca2ace73f7ad53aefdf952600d06"},
    {file = "jellyfish-1.0.3-cp310-none-win32.whl", hash = "sha256:5932f7d0643db9deb09de50770fa7fd872f4e76d39686568d2a63bd3e4af16bb"},
    {file = "jellyfish-1.0.3-cp310-none-win_amd64.whl", hash = "sha256:da254a29f9ea2c5548fe02e42d0d361de566a92c6e7aef991eb6640d18b6f4b5"},
    {file = "jellyfish-1.0.3-cp311-cp311-macosx_10_7_x86_64.whl", hash = "sha256:06d75c438a735a689986ba6a199daa60da30515dd99696b08c10c800b08a8725"},
    {file = "jellyfish-1.0.3-cp311-cp311-macosx_11_0_arm64.whl", hash = "sha256:abd8388161df3ec6469b7b6fdad1066efb3958d885b7390ed105824c7e4ac68f"},
    {file = "jellyfish-1.0.3-cp311-cp311-manylinux_2_17_aarch64.manylinux2014_aarch64.whl", hash = "sha256:61f0317789d139456c678f7a68a93130d3c0227e76d200cbeedf156719747d8f"},
    {file = "jellyfish-1.0.3-cp311-cp311-manylinux_2_17_armv7l.manylinux2014_armv7l.whl", hash = "sha256:553f195f2d24702b8586c6bd73a938c028d417f58ca4aaf735d827db7e21e827"},
    {file = "jellyfish-1.0.3-cp311-cp311-manylinux_2_17_x86_64.manylinux2014_x86_64.whl", hash = "sha256:5aea474cf64998eb102d622944fde3d9198b17a2ec36ed1cae34fdb1887015fb"},
    {file = "jellyfish-1.0.3-cp311-cp311-musllinux_1_1_i686.whl", hash = "sha256:65e4256c44963337fcc63897f01f4a754bdc17e4d740bceb55c04ab94ca9c07e"},
    {file = "jellyfish-1.0.3-cp311-cp311-musllinux_1_1_x86_64.whl", hash = "sha256:0ad15b58b808c76082b19c606a7a32d4c2c92520bbcb3a5c637e36520248e18b"},
    {file = "jellyfish-1.0.3-cp311-none-win32.whl", hash = "sha256:0a5fff421ec821d37ad316f1f8e7706c5868d662d1dadcdbefd38ba1df45152d"},
    {file = "jellyfish-1.0.3-cp311-none-win_amd64.whl", hash = "sha256:c53895523a7a911621c4f46ffafb234ddbcd467a0e63782304c68652ba8dea41"},
    {file = "jellyfish-1.0.3-cp312-cp312-macosx_10_7_x86_64.whl", hash = "sha256:7bf482b872dea6267fd486957bb018c69f11618130f0e2e2cd04a9dd64be32f5"},
    {file = "jellyfish-1.0.3-cp312-cp312-macosx_11_0_arm64.whl", hash = "sha256:e162ab1c140a6ceb44a7d13e53b94a0ad5f796a4b1389bb91dc6448f7cfecd73"},
    {file = "jellyfish-1.0.3-cp312-cp312-manylinux_2_17_aarch64.manylinux2014_aarch64.whl", hash = "sha256:3ce7aeb268acecec02f8f863a8343641064cb83d3d2fc44f4b2ca9fb31a1395d"},
    {file = "jellyfish-1.0.3-cp312-cp312-manylinux_2_17_armv7l.manylinux2014_armv7l.whl", hash = "sha256:484051e6eaa55063e8683dca4336acff5d66c794b8517d569f4055e3df38a789"},
    {file = "jellyfish-1.0.3-cp312-cp312-manylinux_2_17_x86_64.manylinux2014_x86_64.whl", hash = "sha256:a53b8636935f169bf928140ff09207c3cb24cbd76d87a1fd11785061cc7c57d3"},
    {file = "jellyfish-1.0.3-cp312-cp312-musllinux_1_1_i686.whl", hash = "sha256:cad69bc4174757abfc232c2741e3a6e08ad2050be9d84d91f58ff0936a8cce40"},
    {file = "jellyfish-1.0.3-cp312-cp312-musllinux_1_1_x86_64.whl", hash = "sha256:0271686a4e0cfa67a62ae151e71ef556df1b562373a29d107c3bff4f2308d3ec"},
    {file = "jellyfish-1.0.3-cp312-none-win32.whl", hash = "sha256:9af1447ebff6e8429ccd09ae632becb5612a0ea6bd9eb3aa8c2069a5586b0455"},
    {file = "jellyfish-1.0.3-cp312-none-win_amd64.whl", hash = "sha256:c5aa3b4775c9eb7c814eb0eab5632b5ff476fdfea2be83b10d40bb821e01aa05"},
    {file = "jellyfish-1.0.3-cp38-cp38-macosx_10_7_x86_64.whl", hash = "sha256:b9dc71748365e9de24cca05920d17ef709a31a37c791105e049e37cfbccac3f5"},
    {file = "jellyfish-1.0.3-cp38-cp38-macosx_11_0_arm64.whl", hash = "sha256:f56a005e0bbbb45e465904db014e76020edc12ebe042bf5b4705089e14a07480"},
    {file = "jellyfish-1.0.3-cp38-cp38-manylinux_2_17_aarch64.manylinux2014_aarch64.whl", hash = "sha256:7432c1d5c37563f913537716473b59466d2e8494aaf15bcd80f1778aa87365f2"},
    {file = "jellyfish-1.0.3-cp38-cp38-manylinux_2_17_armv7l.manylinux2014_armv7l.whl", hash = "sha256:bb10db8375fec009fd5880de8158d6c4e43f09333297e53301a4579f526b39a6"},
    {file = "jellyfish-1.0.3-cp38-cp38-manylinux_2_17_x86_64.manylinux2014_x86_64.whl", hash = "sha256:8909ada3ca12e327b10e46e63b4db7d59a2ebea489dc6d1f7f7569fc89a728cf"},
    {file = "jellyfish-1.0.3-cp38-cp38-musllinux_1_1_i686.whl", hash = "sha256:488f7174aeb759c92c9deadf393f81b38178f9397690d8692fd319fe943b313f"},
    {file = "jellyfish-1.0.3-cp38-cp38-musllinux_1_1_x86_64.whl", hash = "sha256:6e827f40d976a04502c21d20f8b788ef585f8a04a3c1b8b9b896492b463c5f94"},
    {file = "jellyfish-1.0.3-cp38-none-win32.whl", hash = "sha256:70afd781d99e04e9749991a2e5f8c78a0b2fc28076b9e30d7ff71ac421327747"},
    {file = "jellyfish-1.0.3-cp38-none-win_amd64.whl", hash = "sha256:bbc5e8285bc38b10fba020154f0ba4b0a7af8e5bd95d28a48ff9bedca0a32bbe"},
    {file = "jellyfish-1.0.3-cp39-cp39-macosx_10_7_x86_64.whl", hash = "sha256:1472d4dc90b9af65c7ebeea846535f507c693411bacfd5ec954ea65454211e19"},
    {file = "jellyfish-1.0.3-cp39-cp39-macosx_11_0_arm64.whl", hash = "sha256:36e5b76447f91f08af1eda5c880aec00533e49517e206ea1b856e956f2a721bc"},
    {file = "jellyfish-1.0.3-cp39-cp39-manylinux_2_17_aarch64.manylinux2014_aarch64.whl", hash = "sha256:fab07dedd2d30af9da37c1b80c0a44bde8e2dbff240064beaf33bb6d6d6b3228"},
    {file = "jellyfish-1.0.3-cp39-cp39-manylinux_2_17_armv7l.manylinux2014_armv7l.whl", hash = "sha256:4351398fee07578d232625deb8fdadf7949c322e68ffd9e50b374ff0429d4071"},
    {file = "jellyfish-1.0.3-cp39-cp39-manylinux_2_17_x86_64.manylinux2014_x86_64.whl", hash = "sha256:004f6ab661ae4c591be1aed604fbf5976415f1bd771274d29ecdd59b82ef0518"},
    {file = "jellyfish-1.0.3-cp39-cp39-musllinux_1_1_i686.whl", hash = "sha256:45a20a9ab3bfbc7983f60548aa5aff02408bb64de959a765636f8e1b5167266a"},
    {file = "jellyfish-1.0.3-cp39-cp39-musllinux_1_1_x86_64.whl", hash = "sha256:024d58f45d24565a0ccd129a1a90bb85f9e3fa4ddd4f50dbbd3ac39feac0bb7b"},
    {file = "jellyfish-1.0.3-cp39-none-win32.whl", hash = "sha256:c59f5cdc04b62f8f4ff4575dcda66c3def012ede0049d8e199981cd155cb74c5"},
    {file = "jellyfish-1.0.3-cp39-none-win_amd64.whl", hash = "sha256:1c3be01748738812d4674eb6badcd7e42a885700a4a50c8872683bd3687b58ec"},
    {file = "jellyfish-1.0.3-pp310-pypy310_pp73-manylinux_2_17_aarch64.manylinux2014_aarch64.whl", hash = "sha256:2f581d9b5b9e4f1967b980a31c584f01e62fc6ab24f94834a55d343bd438ccee"},
    {file = "jellyfish-1.0.3-pp310-pypy310_pp73-manylinux_2_17_armv7l.manylinux2014_armv7l.whl", hash = "sha256:11f98c3041dbc80229916809b7a4aa9cc27142f385b6f334d9d8215b217fe87a"},
    {file = "jellyfish-1.0.3-pp310-pypy310_pp73-manylinux_2_17_x86_64.manylinux2014_x86_64.whl", hash = "sha256:92e17def9f6a3f6d6e7bc49040907a969ab6c1acd5bbc5db92fd65662f509ee4"},
    {file = "jellyfish-1.0.3-pp310-pypy310_pp73-musllinux_1_1_i686.whl", hash = "sha256:5b957602492ae611e052bc945693b91e9ab2bf1c11273c731f5ac718721d6e6e"},
    {file = "jellyfish-1.0.3-pp310-pypy310_pp73-musllinux_1_1_x86_64.whl", hash = "sha256:a2ce180fd087425e9a6f94979c84657cd91f331c3811b146c83605465d78130c"},
    {file = "jellyfish-1.0.3-pp38-pypy38_pp73-macosx_10_7_x86_64.whl", hash = "sha256:141665836bb227e6c7e16195b292c8e0624ad6ba48471984c7d5a593876ba16b"},
    {file = "jellyfish-1.0.3-pp38-pypy38_pp73-macosx_11_0_arm64.whl", hash = "sha256:48dd2b6165dae690d051a9b39f92cf37f8e583c7ac64c83718d07ba7dc68a7f8"},
    {file = "jellyfish-1.0.3-pp38-pypy38_pp73-manylinux_2_17_aarch64.manylinux2014_aarch64.whl", hash = "sha256:e164002d9171a3c1dc6e256a6ab7c3c61f9e0dcb5a1eec77846e664cc1b10e6d"},
    {file = "jellyfish-1.0.3-pp38-pypy38_pp73-manylinux_2_17_armv7l.manylinux2014_armv7l.whl", hash = "sha256:80b0330071a52a33a1d816f7058798196d613916258565ee5f1cf9d1165c95bc"},
    {file = "jellyfish-1.0.3-pp38-pypy38_pp73-manylinux_2_17_x86_64.manylinux2014_x86_64.whl", hash = "sha256:66ea8a7fe23f7794be55e36aac538c37ddb9cd21282779ac21afb06b280d6a96"},
    {file = "jellyfish-1.0.3-pp38-pypy38_pp73-musllinux_1_1_i686.whl", hash = "sha256:70d9bf2fec251dcfa96443ec6710e845ebdeabf254252090c2614843a56753dd"},
    {file = "jellyfish-1.0.3-pp38-pypy38_pp73-musllinux_1_1_x86_64.whl", hash = "sha256:9ffdec3137b4fbeadcf3ba49b75139e3271bd0fb3fa947ebb39c9d5a3af1db9e"},
    {file = "jellyfish-1.0.3-pp39-pypy39_pp73-macosx_10_7_x86_64.whl", hash = "sha256:bbfd54e277ee4c72c383b9feeb8e1596466a17299508864892d76ba6a41a8d03"},
    {file = "jellyfish-1.0.3-pp39-pypy39_pp73-macosx_11_0_arm64.whl", hash = "sha256:8b25acc9df837be60f72841a3c658bb74fdacb108631d67cb4c92eebf6bb2729"},
    {file = "jellyfish-1.0.3-pp39-pypy39_pp73-manylinux_2_17_aarch64.manylinux2014_aarch64.whl", hash = "sha256:335f9798c5e7d03d1af748347d69cda740b71baf23a7f03275bf7b8b13d87fba"},
    {file = "jellyfish-1.0.3-pp39-pypy39_pp73-manylinux_2_17_armv7l.manylinux2014_armv7l.whl", hash = "sha256:fafbc56ceaf88563aaf40b00c90b3a75d2d115a01082170091cab77fb14ca8d5"},
    {file = "jellyfish-1.0.3-pp39-pypy39_pp73-manylinux_2_17_x86_64.manylinux2014_x86_64.whl", hash = "sha256:8299663d497c0357b92023cf457b485d43d2e969da287f345ab128d145e9f73d"},
    {file = "jellyfish-1.0.3-pp39-pypy39_pp73-musllinux_1_1_i686.whl", hash = "sha256:9a52bbd1d71f6de4fd0f24e2673deffcd93289eea6b973887ebd5d45edc865c6"},
    {file = "jellyfish-1.0.3-pp39-pypy39_pp73-musllinux_1_1_x86_64.whl", hash = "sha256:d606654953309a37b2f0ceaa3bfb26eeecc50d05577a037ac1f55f96f963e4a2"},
    {file = "jellyfish-1.0.3.tar.gz", hash = "sha256:ddb22b7155f208e088352283ee78cb4ef2d2067a76e148a8bb43d177f32b37d2"},
]

[[package]]
name = "numpy"
version = "1.26.3"
description = "Fundamental package for array computing in Python"
optional = false
python-versions = ">=3.9"
files = [
    {file = "numpy-1.26.3-cp310-cp310-macosx_10_9_x86_64.whl", hash = "sha256:806dd64230dbbfaca8a27faa64e2f414bf1c6622ab78cc4264f7f5f028fee3bf"},
    {file = "numpy-1.26.3-cp310-cp310-macosx_11_0_arm64.whl", hash = "sha256:02f98011ba4ab17f46f80f7f8f1c291ee7d855fcef0a5a98db80767a468c85cd"},
    {file = "numpy-1.26.3-cp310-cp310-manylinux_2_17_aarch64.manylinux2014_aarch64.whl", hash = "sha256:6d45b3ec2faed4baca41c76617fcdcfa4f684ff7a151ce6fc78ad3b6e85af0a6"},
    {file = "numpy-1.26.3-cp310-cp310-manylinux_2_17_x86_64.manylinux2014_x86_64.whl", hash = "sha256:bdd2b45bf079d9ad90377048e2747a0c82351989a2165821f0c96831b4a2a54b"},
    {file = "numpy-1.26.3-cp310-cp310-musllinux_1_1_aarch64.whl", hash = "sha256:211ddd1e94817ed2d175b60b6374120244a4dd2287f4ece45d49228b4d529178"},
    {file = "numpy-1.26.3-cp310-cp310-musllinux_1_1_x86_64.whl", hash = "sha256:b1240f767f69d7c4c8a29adde2310b871153df9b26b5cb2b54a561ac85146485"},
    {file = "numpy-1.26.3-cp310-cp310-win32.whl", hash = "sha256:21a9484e75ad018974a2fdaa216524d64ed4212e418e0a551a2d83403b0531d3"},
    {file = "numpy-1.26.3-cp310-cp310-win_amd64.whl", hash = "sha256:9e1591f6ae98bcfac2a4bbf9221c0b92ab49762228f38287f6eeb5f3f55905ce"},
    {file = "numpy-1.26.3-cp311-cp311-macosx_10_9_x86_64.whl", hash = "sha256:b831295e5472954104ecb46cd98c08b98b49c69fdb7040483aff799a755a7374"},
    {file = "numpy-1.26.3-cp311-cp311-macosx_11_0_arm64.whl", hash = "sha256:9e87562b91f68dd8b1c39149d0323b42e0082db7ddb8e934ab4c292094d575d6"},
    {file = "numpy-1.26.3-cp311-cp311-manylinux_2_17_aarch64.manylinux2014_aarch64.whl", hash = "sha256:8c66d6fec467e8c0f975818c1796d25c53521124b7cfb760114be0abad53a0a2"},
    {file = "numpy-1.26.3-cp311-cp311-manylinux_2_17_x86_64.manylinux2014_x86_64.whl", hash = "sha256:f25e2811a9c932e43943a2615e65fc487a0b6b49218899e62e426e7f0a57eeda"},
    {file = "numpy-1.26.3-cp311-cp311-musllinux_1_1_aarch64.whl", hash = "sha256:af36e0aa45e25c9f57bf684b1175e59ea05d9a7d3e8e87b7ae1a1da246f2767e"},
    {file = "numpy-1.26.3-cp311-cp311-musllinux_1_1_x86_64.whl", hash = "sha256:51c7f1b344f302067b02e0f5b5d2daa9ed4a721cf49f070280ac202738ea7f00"},
    {file = "numpy-1.26.3-cp311-cp311-win32.whl", hash = "sha256:7ca4f24341df071877849eb2034948459ce3a07915c2734f1abb4018d9c49d7b"},
    {file = "numpy-1.26.3-cp311-cp311-win_amd64.whl", hash = "sha256:39763aee6dfdd4878032361b30b2b12593fb445ddb66bbac802e2113eb8a6ac4"},
    {file = "numpy-1.26.3-cp312-cp312-macosx_10_9_x86_64.whl", hash = "sha256:a7081fd19a6d573e1a05e600c82a1c421011db7935ed0d5c483e9dd96b99cf13"},
    {file = "numpy-1.26.3-cp312-cp312-macosx_11_0_arm64.whl", hash = "sha256:12c70ac274b32bc00c7f61b515126c9205323703abb99cd41836e8125ea0043e"},
    {file = "numpy-1.26.3-cp312-cp312-manylinux_2_17_aarch64.manylinux2014_aarch64.whl", hash = "sha256:7f784e13e598e9594750b2ef6729bcd5a47f6cfe4a12cca13def35e06d8163e3"},
    {file = "numpy-1.26.3-cp312-cp312-manylinux_2_17_x86_64.manylinux2014_x86_64.whl", hash = "sha256:5f24750ef94d56ce6e33e4019a8a4d68cfdb1ef661a52cdaee628a56d2437419"},
    {file = "numpy-1.26.3-cp312-cp312-musllinux_1_1_aarch64.whl", hash = "sha256:77810ef29e0fb1d289d225cabb9ee6cf4d11978a00bb99f7f8ec2132a84e0166"},
    {file = "numpy-1.26.3-cp312-cp312-musllinux_1_1_x86_64.whl", hash = "sha256:8ed07a90f5450d99dad60d3799f9c03c6566709bd53b497eb9ccad9a55867f36"},
    {file = "numpy-1.26.3-cp312-cp312-win32.whl", hash = "sha256:f73497e8c38295aaa4741bdfa4fda1a5aedda5473074369eca10626835445511"},
    {file = "numpy-1.26.3-cp312-cp312-win_amd64.whl", hash = "sha256:da4b0c6c699a0ad73c810736303f7fbae483bcb012e38d7eb06a5e3b432c981b"},
    {file = "numpy-1.26.3-cp39-cp39-macosx_10_9_x86_64.whl", hash = "sha256:1666f634cb3c80ccbd77ec97bc17337718f56d6658acf5d3b906ca03e90ce87f"},
    {file = "numpy-1.26.3-cp39-cp39-macosx_11_0_arm64.whl", hash = "sha256:18c3319a7d39b2c6a9e3bb75aab2304ab79a811ac0168a671a62e6346c29b03f"},
    {file = "numpy-1.26.3-cp39-cp39-manylinux_2_17_aarch64.manylinux2014_aarch64.whl", hash = "sha256:0b7e807d6888da0db6e7e75838444d62495e2b588b99e90dd80c3459594e857b"},
    {file = "numpy-1.26.3-cp39-cp39-manylinux_2_17_x86_64.manylinux2014_x86_64.whl", hash = "sha256:b4d362e17bcb0011738c2d83e0a65ea8ce627057b2fdda37678f4374a382a137"},
    {file = "numpy-1.26.3-cp39-cp39-musllinux_1_1_aarch64.whl", hash = "sha256:b8c275f0ae90069496068c714387b4a0eba5d531aace269559ff2b43655edd58"},
    {file = "numpy-1.26.3-cp39-cp39-musllinux_1_1_x86_64.whl", hash = "sha256:cc0743f0302b94f397a4a65a660d4cd24267439eb16493fb3caad2e4389bccbb"},
    {file = "numpy-1.26.3-cp39-cp39-win32.whl", hash = "sha256:9bc6d1a7f8cedd519c4b7b1156d98e051b726bf160715b769106661d567b3f03"},
    {file = "numpy-1.26.3-cp39-cp39-win_amd64.whl", hash = "sha256:867e3644e208c8922a3be26fc6bbf112a035f50f0a86497f98f228c50c607bb2"},
    {file = "numpy-1.26.3-pp39-pypy39_pp73-macosx_10_9_x86_64.whl", hash = "sha256:3c67423b3703f8fbd90f5adaa37f85b5794d3366948efe9a5190a5f3a83fc34e"},
    {file = "numpy-1.26.3-pp39-pypy39_pp73-manylinux_2_17_x86_64.manylinux2014_x86_64.whl", hash = "sha256:46f47ee566d98849323f01b349d58f2557f02167ee301e5e28809a8c0e27a2d0"},
    {file = "numpy-1.26.3-pp39-pypy39_pp73-win_amd64.whl", hash = "sha256:a8474703bffc65ca15853d5fd4d06b18138ae90c17c8d12169968e998e448bb5"},
    {file = "numpy-1.26.3.tar.gz", hash = "sha256:697df43e2b6310ecc9d95f05d5ef20eacc09c7c4ecc9da3f235d39e71b7da1e4"},
]

[metadata]
lock-version = "2.0"
python-versions = "3.11.6"
content-hash = "bd67c83ee6599bf15968cec14f7302966573885eb1a20c7157d1241e363b2728"
