# This file is automatically @generated by Poetry 1.7.1 and should not be changed by hand.

[[package]]
name = "cramjam"
version = "2.8.1"
description = "Thin Python bindings to de/compression algorithms in Rust"
optional = false
python-versions = ">=3.7"
files = [
    {file = "cramjam-2.8.1-cp310-cp310-macosx_10_12_x86_64.macosx_11_0_arm64.macosx_10_12_universal2.whl", hash = "sha256:1afc66031e5165f4eae27e6e1f89c0def6c2ece826903ebb0194ee2f467ff8e6"},
    {file = "cramjam-2.8.1-cp310-cp310-macosx_10_12_x86_64.whl", hash = "sha256:4af4b74b16c22d6a0092d6a7db642ee097f4b0bfa0389d5a07552a2fc48eb0b6"},
    {file = "cramjam-2.8.1-cp310-cp310-manylinux_2_12_i686.manylinux2010_i686.whl", hash = "sha256:e858a56d12a61d0e19b2286a7661b36b52b3cad4fa84d8aaeb0b0ed0b2338d36"},
    {file = "cramjam-2.8.1-cp310-cp310-manylinux_2_17_aarch64.manylinux2014_aarch64.whl", hash = "sha256:fc25199e44ee8ca55c62d6da2a74ea48e759058f2c96ca1e5d512aad6ce6005b"},
    {file = "cramjam-2.8.1-cp310-cp310-manylinux_2_17_armv7l.manylinux2014_armv7l.whl", hash = "sha256:130aee295a77256aa867a4562961e99db56ddf8081df1e9bfb1607a409dcc4df"},
    {file = "cramjam-2.8.1-cp310-cp310-manylinux_2_17_ppc64le.manylinux2014_ppc64le.whl", hash = "sha256:ccfa252b800d6cdae8cc20728c41b94a39f5cadee8693ab2539ea02285e8e015"},
    {file = "cramjam-2.8.1-cp310-cp310-manylinux_2_17_s390x.manylinux2014_s390x.whl", hash = "sha256:b8bd1cc5706b235655b742e8e350c13ffc2036efc098a192bd9f4df8b153c03e"},
    {file = "cramjam-2.8.1-cp310-cp310-manylinux_2_17_x86_64.manylinux2014_x86_64.whl", hash = "sha256:dedae22ed4f8997ce584256b4a790354f314baa209a9015aa1ab6e383f6177c5"},
    {file = "cramjam-2.8.1-cp310-none-win32.whl", hash = "sha256:f1af221507fbcd5bd46a92d41ca60410400624328b5c92ec2efb13deca86b6e9"},
    {file = "cramjam-2.8.1-cp310-none-win_amd64.whl", hash = "sha256:94017d3057d53bad33ec4ef46409a2b410a67c0905eb094b441c1687ca1f738a"},
    {file = "cramjam-2.8.1-cp311-cp311-macosx_10_12_x86_64.macosx_11_0_arm64.macosx_10_12_universal2.whl", hash = "sha256:033b1720718c68cacab1dbeee6d8e8e7ed851ac9abb8aca6ae9cc869e7087df8"},
    {file = "cramjam-2.8.1-cp311-cp311-macosx_10_12_x86_64.whl", hash = "sha256:4597d720efdd92f5a4f09289d08f0fcf690ae8a16295dd356dd66fcc4aa10e30"},
    {file = "cramjam-2.8.1-cp311-cp311-manylinux_2_12_i686.manylinux2010_i686.whl", hash = "sha256:ddafdb489ad4b84cb7e8c8423a21f37a5e6dfe7e32847bd0048f680d703184cf"},
    {file = "cramjam-2.8.1-cp311-cp311-manylinux_2_17_aarch64.manylinux2014_aarch64.whl", hash = "sha256:5cbf9df8f296422410722fb5349159432eea11ac5fec7bf59213c7148f3efa04"},
    {file = "cramjam-2.8.1-cp311-cp311-manylinux_2_17_armv7l.manylinux2014_armv7l.whl", hash = "sha256:e588b11966152234f8ffa95089dd447a7ec299ea319acee15a78387cfc267ba9"},
    {file = "cramjam-2.8.1-cp311-cp311-manylinux_2_17_ppc64le.manylinux2014_ppc64le.whl", hash = "sha256:9050a662c484752b18a07ba0bd01601f229f40152d374ea79c91da239d6b929b"},
    {file = "cramjam-2.8.1-cp311-cp311-manylinux_2_17_s390x.manylinux2014_s390x.whl", hash = "sha256:a909ef9b6099e4df03a7b602d75e0c43c23359f21cd138886a51f7ae268fffc9"},
    {file = "cramjam-2.8.1-cp311-cp311-manylinux_2_17_x86_64.manylinux2014_x86_64.whl", hash = "sha256:2a6b06704e99a116dbdae78c4fef47d41bec1ef08a911c50807cde608d99764b"},
    {file = "cramjam-2.8.1-cp311-none-win32.whl", hash = "sha256:9f069be2b8cfa16d2ee5c1fc7cb6864f8d5db03e31d0f07a38a227dbd470d1ad"},
    {file = "cramjam-2.8.1-cp311-none-win_amd64.whl", hash = "sha256:0f50414cc2f216d0c4d311e81412bf32fda6e4d1e867de2f4bdd2c1d05319d00"},
    {file = "cramjam-2.8.1-cp312-cp312-macosx_10_12_x86_64.macosx_11_0_arm64.macosx_10_12_universal2.whl", hash = "sha256:000e2321226b83fee2fa6b353d649f034266fa6d42d5aa3521c7457ca7fa3118"},
    {file = "cramjam-2.8.1-cp312-cp312-macosx_10_12_x86_64.whl", hash = "sha256:80373dccc3dc25446d5d5ae7c8641daa2dbd4973c98bd2ab3e113fa57a653647"},
    {file = "cramjam-2.8.1-cp312-cp312-manylinux_2_12_i686.manylinux2010_i686.whl", hash = "sha256:bc2d6ccaa164ba122b724f4958821d08ed7c49a90662ce800c24021c5900cbbe"},
    {file = "cramjam-2.8.1-cp312-cp312-manylinux_2_17_aarch64.manylinux2014_aarch64.whl", hash = "sha256:a726fb5ee28e4258215c327d65bf6791f25e7742a5d262352e2c344ac683a0f8"},
    {file = "cramjam-2.8.1-cp312-cp312-manylinux_2_17_armv7l.manylinux2014_armv7l.whl", hash = "sha256:d087048ef9244cf42b8958ec9eabacbf3c337fa0697a4573e99b189253f312d4"},
    {file = "cramjam-2.8.1-cp312-cp312-manylinux_2_17_ppc64le.manylinux2014_ppc64le.whl", hash = "sha256:4230d22a249ae91459ceae15e55abac5cef983042ddbd0484e2863034dd63725"},
    {file = "cramjam-2.8.1-cp312-cp312-manylinux_2_17_s390x.manylinux2014_s390x.whl", hash = "sha256:cd52a1767750b3a83308179e3ff0b3465551c8f4419676847300989582e55a61"},
    {file = "cramjam-2.8.1-cp312-cp312-manylinux_2_17_x86_64.manylinux2014_x86_64.whl", hash = "sha256:f16f327dd8d299ac137bf3288e89772187533d9da367bd3d270f5546273e7ce8"},
    {file = "cramjam-2.8.1-cp312-none-win32.whl", hash = "sha256:d7118d61d7a037f80ef6a2d809cd01492b574983947593570ac757d2a87eae6e"},
    {file = "cramjam-2.8.1-cp312-none-win_amd64.whl", hash = "sha256:465f868c14b921af0cb66f7bfa4f3c7a131cc47de1c9390dfa1d96fbe90778de"},
    {file = "cramjam-2.8.1-cp37-cp37m-macosx_10_12_x86_64.whl", hash = "sha256:77c952be40131c47ebbcb534862530ba67a80c86a7099532cace517109c2b428"},
    {file = "cramjam-2.8.1-cp37-cp37m-manylinux_2_12_i686.manylinux2010_i686.whl", hash = "sha256:8e5b8f4d23e0a4a97381ded35a6a7fe839eba1b0372c1e74ee3713adc59f5c1c"},
    {file = "cramjam-2.8.1-cp37-cp37m-manylinux_2_17_aarch64.manylinux2014_aarch64.whl", hash = "sha256:8d1c2b51b0754736f20c1ea3638118a7acd60cc5ab32c6751e247cd6ada15c79"},
    {file = "cramjam-2.8.1-cp37-cp37m-manylinux_2_17_armv7l.manylinux2014_armv7l.whl", hash = "sha256:d3b3d1167928bf0ad846239758a8fd6536d560886b63174359392686721e8902"},
    {file = "cramjam-2.8.1-cp37-cp37m-manylinux_2_17_ppc64le.manylinux2014_ppc64le.whl", hash = "sha256:9f1b2fd1108b040a822e8d6c32aebe46275095128783f944971c3b37671c6af0"},
    {file = "cramjam-2.8.1-cp37-cp37m-manylinux_2_17_s390x.manylinux2014_s390x.whl", hash = "sha256:0c676bb517a2edd809684e3495eccb7868bd5f1be0684853f226166aa54ed072"},
    {file = "cramjam-2.8.1-cp37-cp37m-manylinux_2_17_x86_64.manylinux2014_x86_64.whl", hash = "sha256:133bc01739c897ebf7dcfb3e0fe11b4ca5851bcda1e021c4877e11cf1712a4e5"},
    {file = "cramjam-2.8.1-cp37-none-win32.whl", hash = "sha256:b85e8c7380ee7a1b6b530764f929a0766b5ee1d8cbbfa0c0fca2c08415a7532f"},
    {file = "cramjam-2.8.1-cp37-none-win_amd64.whl", hash = "sha256:6611b41ff76ff252ce67acc13a83aae17ea3131e5926fa1a96e266ff803d4d67"},
    {file = "cramjam-2.8.1-cp38-cp38-macosx_10_12_x86_64.macosx_11_0_arm64.macosx_10_12_universal2.whl", hash = "sha256:db7086436d50d6fb2c2b38cfbec5a860a2595cbed0e7a3e541c05180f5e26005"},
    {file = "cramjam-2.8.1-cp38-cp38-macosx_10_12_x86_64.whl", hash = "sha256:f2332835c2db911cc572e6604860e5f2da439833f855ed1c1dac96fd5fc1025a"},
    {file = "cramjam-2.8.1-cp38-cp38-manylinux_2_12_i686.manylinux2010_i686.whl", hash = "sha256:4b2bdcaeaa649efa4c41e7add81a205359c7540c58766151488955ebe12afa9f"},
    {file = "cramjam-2.8.1-cp38-cp38-manylinux_2_17_aarch64.manylinux2014_aarch64.whl", hash = "sha256:f3f8d44cbf2f680a39f677cafbadb3353ee09ce9d2ed51b52eba5261cb3b935a"},
    {file = "cramjam-2.8.1-cp38-cp38-manylinux_2_17_armv7l.manylinux2014_armv7l.whl", hash = "sha256:a6d283676a5979236011bd3daed39560e5d0f39df6cceab31a291d5203a36cde"},
    {file = "cramjam-2.8.1-cp38-cp38-manylinux_2_17_ppc64le.manylinux2014_ppc64le.whl", hash = "sha256:dd3787a6f9bbfea1a74aa9457d73eae18393de67cab03f89ac20beaaed43cb8d"},
    {file = "cramjam-2.8.1-cp38-cp38-manylinux_2_17_s390x.manylinux2014_s390x.whl", hash = "sha256:b0200d1530c9ae9c0988e2878a08624de1cb2b841eea2dcb9a10a236ff43747c"},
    {file = "cramjam-2.8.1-cp38-cp38-manylinux_2_17_x86_64.manylinux2014_x86_64.whl", hash = "sha256:acba9d6fe6653e1f387aee53cc8d6d9d90d5416b29a233e40dcdf84e6b1002b9"},
    {file = "cramjam-2.8.1-cp38-none-win32.whl", hash = "sha256:6d4e357d98d5a4ac7291b88a4e54adcb85506a00aa9e72fa222a2caa3b881828"},
    {file = "cramjam-2.8.1-cp38-none-win_amd64.whl", hash = "sha256:960f0a65db3de5f92762c0dfcad514982ea888f300677d83a1d3eb46eee6b109"},
    {file = "cramjam-2.8.1-cp39-cp39-macosx_10_12_x86_64.macosx_11_0_arm64.macosx_10_12_universal2.whl", hash = "sha256:9ccbc9b23b42aa65cf6878908663e73aeb55971b9e3d0ce3c7733b387934f030"},
    {file = "cramjam-2.8.1-cp39-cp39-macosx_10_12_x86_64.whl", hash = "sha256:bfac3506ed0c21b4b2a27af50de9ad2bdd5cc02aed977782fa01d21cc6f54de9"},
    {file = "cramjam-2.8.1-cp39-cp39-manylinux_2_12_i686.manylinux2010_i686.whl", hash = "sha256:1f3ef0d616fb8f4d8eb75b3b22653385b88fe493895d763f5f235c7c6d64e570"},
    {file = "cramjam-2.8.1-cp39-cp39-manylinux_2_17_aarch64.manylinux2014_aarch64.whl", hash = "sha256:2f18a8d637ac9497e0be2a8fa49cca52259196d18ca73b36a385b6d925cb21b7"},
    {file = "cramjam-2.8.1-cp39-cp39-manylinux_2_17_armv7l.manylinux2014_armv7l.whl", hash = "sha256:d21a370320b6959d7bd581ca286439a113e325477cc92aefb0be378bd351323a"},
    {file = "cramjam-2.8.1-cp39-cp39-manylinux_2_17_ppc64le.manylinux2014_ppc64le.whl", hash = "sha256:5c2d49a2f8e2a4501c460ad8452ce269c9ddd5c4671ad41cf41104a3fa6ca2e7"},
    {file = "cramjam-2.8.1-cp39-cp39-manylinux_2_17_s390x.manylinux2014_s390x.whl", hash = "sha256:8366b00f578ea1b202f20b5ebab622ac10599d1b08c36ed9089e27a452c76d2e"},
    {file = "cramjam-2.8.1-cp39-cp39-manylinux_2_17_x86_64.manylinux2014_x86_64.whl", hash = "sha256:8ab8228f4b343e08dd2f4e2a714427979dfd25184cde08198c1d149249ab29a9"},
    {file = "cramjam-2.8.1-cp39-none-win32.whl", hash = "sha256:a280e51ea157bc2dd9dae2751acfa51bccc0453ce6d99521c18b73719d724b56"},
    {file = "cramjam-2.8.1-cp39-none-win_amd64.whl", hash = "sha256:2a209e5b7f1e62d8dc27278948176391d35defd0202cd9b0d577126073a781a5"},
    {file = "cramjam-2.8.1-pp37-pypy37_pp73-macosx_10_12_x86_64.whl", hash = "sha256:3ca01ea39e0b9c7938fe4a5b73dbcd0f43c2b0aaa04de39fe8deb1b69d4a59c0"},
    {file = "cramjam-2.8.1-pp37-pypy37_pp73-manylinux_2_17_aarch64.manylinux2014_aarch64.whl", hash = "sha256:5a83ae10a853fe93882d32da53f50a62927b6408cf486f7475077b04a93c3475"},
    {file = "cramjam-2.8.1-pp37-pypy37_pp73-manylinux_2_17_x86_64.manylinux2014_x86_64.whl", hash = "sha256:0645a226ae669c26b2232ed30ec0ed34688da3fe6473b3998edc3e11af9a6cb3"},
    {file = "cramjam-2.8.1-pp38-pypy38_pp73-macosx_10_12_x86_64.whl", hash = "sha256:02dc04049680ab834feb092d6d1b6632eb03ba9069b2415a7fe6515d42fe10e0"},
    {file = "cramjam-2.8.1-pp38-pypy38_pp73-manylinux_2_17_aarch64.manylinux2014_aarch64.whl", hash = "sha256:4c447fb8a01ae435fd7ed3d1bebeb168aa35c5d9edb0326d6207381b54b8f558"},
    {file = "cramjam-2.8.1-pp38-pypy38_pp73-manylinux_2_17_x86_64.manylinux2014_x86_64.whl", hash = "sha256:c085d020fc15e284640d2ed3a8b121a26a06c0ddfcba87b968460421a565753a"},
    {file = "cramjam-2.8.1-pp39-pypy39_pp73-macosx_10_12_x86_64.whl", hash = "sha256:19af180433b5c25ce25698edf28f26a9f66626a2803a2f1682fbc83d38a7842f"},
    {file = "cramjam-2.8.1-pp39-pypy39_pp73-manylinux_2_17_aarch64.manylinux2014_aarch64.whl", hash = "sha256:f4a259336a60c8c2d4067e19ea78903e55b1e2963831f9f5a5b6d9a395088974"},
    {file = "cramjam-2.8.1-pp39-pypy39_pp73-manylinux_2_17_x86_64.manylinux2014_x86_64.whl", hash = "sha256:af6331df89641d3dd2fa40b32a7d22353ac6bb62c87baa28ce4073bebfc8f686"},
    {file = "cramjam-2.8.1.tar.gz", hash = "sha256:f7e233791761b61e3d85598b25db75868d9f1cd35b2bd10eb34ec4755ff2add1"},
]

[package.extras]
dev = ["black (==22.3.0)", "hypothesis", "numpy", "pytest (>=5.30)", "pytest-xdist"]

[[package]]
name = "fastparquet"
version = "2024.2.0"
description = "Python support for Parquet file format"
optional = false
python-versions = ">=3.8"
files = [
    {file = "fastparquet-2024.2.0-cp310-cp310-macosx_10_9_universal2.whl", hash = "sha256:94aaa752d79660f2d88983bd7336109f4b61da6940d759786c02144195d6c635"},
    {file = "fastparquet-2024.2.0-cp310-cp310-macosx_11_0_arm64.whl", hash = "sha256:abb08c61ab0f8a29a118dabe0a9105686fa5580648cfca252a74153c8c32444f"},
    {file = "fastparquet-2024.2.0-cp310-cp310-manylinux_2_17_aarch64.manylinux2014_aarch64.whl", hash = "sha256:0d04901828f54ec118e7e5dfb438518ffe9b75ef3b7ebcdbaf33af130fcee9b7"},
    {file = "fastparquet-2024.2.0-cp310-cp310-manylinux_2_17_x86_64.manylinux2014_x86_64.whl", hash = "sha256:42def5e682eb426e6f7062d0bee370dec9424181f3c61eb24d6bdc67482a0ace"},
    {file = "fastparquet-2024.2.0-cp310-cp310-manylinux_2_5_i686.manylinux1_i686.manylinux_2_17_i686.manylinux2014_i686.whl", hash = "sha256:d87f24ae76e65f94af9e62a648b5479f0bd2e8935e0011c9390ebc1299f3785d"},
    {file = "fastparquet-2024.2.0-cp310-cp310-musllinux_1_1_i686.whl", hash = "sha256:76fadf2399a778daf49772c644a3a7b27e41492a43e2bea4107a715981c1dc2f"},
    {file = "fastparquet-2024.2.0-cp310-cp310-musllinux_1_1_x86_64.whl", hash = "sha256:83f1abb155d8a8b6f1f31318174507d8a8ddf4bff00a2ef7065b609577deb6ae"},
    {file = "fastparquet-2024.2.0-cp310-cp310-win_amd64.whl", hash = "sha256:dedeb4ad28f68313c2504ef005f4b2d52c3d108bd5323204300dbaeec6fb1b04"},
    {file = "fastparquet-2024.2.0-cp311-cp311-macosx_10_9_universal2.whl", hash = "sha256:3b7c39661c918686fdbf21695547d2e7b0cd0226a2f2dd6fa5c2ad7b37da2540"},
    {file = "fastparquet-2024.2.0-cp311-cp311-macosx_11_0_arm64.whl", hash = "sha256:bd1b310e7d9934f61236b793d1e11336d457e7664829bf76d53bff5614dcc338"},
    {file = "fastparquet-2024.2.0-cp311-cp311-manylinux_2_17_aarch64.manylinux2014_aarch64.whl", hash = "sha256:e27b5d21fecdc07f071f5343a350b88c859b324834fd19b78d636480fe341999"},
    {file = "fastparquet-2024.2.0-cp311-cp311-manylinux_2_17_x86_64.manylinux2014_x86_64.whl", hash = "sha256:3e3c5cdf2af0fc1b76f07daabd37b132c0f0086106b2fc801ea046739ddabee0"},
    {file = "fastparquet-2024.2.0-cp311-cp311-manylinux_2_5_i686.manylinux1_i686.manylinux_2_17_i686.manylinux2014_i686.whl", hash = "sha256:ea1503bac0b1457c016a748064823d312806e506f3a8b9226935def4be3fffdc"},
    {file = "fastparquet-2024.2.0-cp311-cp311-musllinux_1_1_i686.whl", hash = "sha256:b76febb17f2261e1aa8bdf11b3459ee9cca19ced25744b940c3922b7d93862f9"},
    {file = "fastparquet-2024.2.0-cp311-cp311-musllinux_1_1_x86_64.whl", hash = "sha256:6a14579bbe2fab4f5f43685503b4142d8b0eb7965ee176704ae1697590143cd1"},
    {file = "fastparquet-2024.2.0-cp311-cp311-win_amd64.whl", hash = "sha256:0c1edc578f7a9919d1062bc3184c0c64d5c4e986ab3fa9c75f53561bb7364d7f"},
    {file = "fastparquet-2024.2.0-cp312-cp312-macosx_10_9_universal2.whl", hash = "sha256:cebc1adc7c3a1aed70c752f3fde5e4df094dafba24e60d6501d7963e77047e7e"},
    {file = "fastparquet-2024.2.0-cp312-cp312-macosx_11_0_arm64.whl", hash = "sha256:c26266910e42190f3ba043647b4c1e37e8626981a0366432a498bdf1e10c0bd1"},
    {file = "fastparquet-2024.2.0-cp312-cp312-manylinux_2_17_aarch64.manylinux2014_aarch64.whl", hash = "sha256:ee37d9273e383811f10bd379990851b53df606cfaa046cae53826b6b14f0a33d"},
    {file = "fastparquet-2024.2.0-cp312-cp312-manylinux_2_17_x86_64.manylinux2014_x86_64.whl", hash = "sha256:42babeafac01ab24ea1edc7f626c0744c312d60ba6a7189b08c8e7d1c374bfd3"},
    {file = "fastparquet-2024.2.0-cp312-cp312-musllinux_1_1_x86_64.whl", hash = "sha256:b7a620b87e83c098a46611b901c456403c9a04ba526e4a615750d6704092e1eb"},
    {file = "fastparquet-2024.2.0-cp312-cp312-win_amd64.whl", hash = "sha256:e6f544d65b9f826a149010e3fd5121510e0a1a44c62f1b274aea4a41a8f3dbcd"},
    {file = "fastparquet-2024.2.0-cp38-cp38-macosx_10_9_universal2.whl", hash = "sha256:bf6df4a9c781e32dc10432e78ee82c3c8750e9975a4e2d29aecffc1f2323a418"},
    {file = "fastparquet-2024.2.0-cp38-cp38-macosx_11_0_arm64.whl", hash = "sha256:ee36f1ea8f08cb9b8710161eee4e752e74f34ef3e7aebc58db4e5468d29ff34c"},
    {file = "fastparquet-2024.2.0-cp38-cp38-manylinux_2_17_aarch64.manylinux2014_aarch64.whl", hash = "sha256:cd4b8133f5fa43c497d151d4d00337f9b0614993116a61c61e563a003eb0811e"},
    {file = "fastparquet-2024.2.0-cp38-cp38-manylinux_2_17_x86_64.manylinux2014_x86_64.whl", hash = "sha256:6509837887e35bdcb08ba252eeb930b1056e129b6d31c14901443339567ee95a"},
    {file = "fastparquet-2024.2.0-cp38-cp38-manylinux_2_5_i686.manylinux1_i686.manylinux_2_17_i686.manylinux2014_i686.whl", hash = "sha256:f369dcc860b176739826ed67ea230f243334df5c5b3047ac10b0a365ec469082"},
    {file = "fastparquet-2024.2.0-cp38-cp38-musllinux_1_1_i686.whl", hash = "sha256:fe1b88f51687566eac9fa94f7ce4f17b8df9e4b7ba8f7d37f383e7140414fe98"},
    {file = "fastparquet-2024.2.0-cp38-cp38-musllinux_1_1_x86_64.whl", hash = "sha256:d2711f30720c4f80654c191ecb21d2b1b7351be1f6763c70936bdbab095f0b54"},
    {file = "fastparquet-2024.2.0-cp38-cp38-win_amd64.whl", hash = "sha256:52603d24d19522753e21b1794d99bb295688e33d1a04b61a5c0e9eb4884ba342"},
    {file = "fastparquet-2024.2.0-cp39-cp39-macosx_10_9_universal2.whl", hash = "sha256:c6affd18ed2608976739b47befce9f80f7848209c892ccb1001d494296af33af"},
    {file = "fastparquet-2024.2.0-cp39-cp39-macosx_11_0_arm64.whl", hash = "sha256:1a7314e654a06cfc68a50bfc61bbacc548257d8742fbecfe0418c3b0d4295c04"},
    {file = "fastparquet-2024.2.0-cp39-cp39-manylinux_2_17_aarch64.manylinux2014_aarch64.whl", hash = "sha256:fba0fcba4ffd60ab23d24486f85733a5cc1fcf46d1286c9dc3eed329809e9ee3"},
    {file = "fastparquet-2024.2.0-cp39-cp39-manylinux_2_17_x86_64.manylinux2014_x86_64.whl", hash = "sha256:dace50138c81c6f70acfff91a7a15acc85e3d45be0edbcf164f26fd86cf3c7a5"},
    {file = "fastparquet-2024.2.0-cp39-cp39-manylinux_2_5_i686.manylinux1_i686.manylinux_2_17_i686.manylinux2014_i686.whl", hash = "sha256:dd45a7973afe651d7fdb6b836fa1f9177d318de20211a28f4580d9af5c2aacbb"},
    {file = "fastparquet-2024.2.0-cp39-cp39-musllinux_1_1_i686.whl", hash = "sha256:33121c1596bb4d672579969a4901730f555447204c7c2573621803f7990cd309"},
    {file = "fastparquet-2024.2.0-cp39-cp39-musllinux_1_1_x86_64.whl", hash = "sha256:b5131d77a6c4cdfe3b00baa7eb95602c7f09d955c5490dd3bc0ec0e290ee4010"},
    {file = "fastparquet-2024.2.0-cp39-cp39-win_amd64.whl", hash = "sha256:06736e5bb0827f861ac0901310baedf7e7b5f52dfcd89d435963ae328203597c"},
    {file = "fastparquet-2024.2.0.tar.gz", hash = "sha256:81a8f60c51793eb2436b4fdbbf115ff8578a4a457a179240bc08f9d9573d57a4"},
]

[package.dependencies]
cramjam = ">=2.3"
fsspec = "*"
numpy = ">=1.20.3"
packaging = "*"
pandas = ">=1.5.0"

[package.extras]
lzo = ["python-lzo"]

[[package]]
name = "fsspec"
version = "2024.2.0"
description = "File-system specification"
optional = false
python-versions = ">=3.8"
files = [
    {file = "fsspec-2024.2.0-py3-none-any.whl", hash = "sha256:817f969556fa5916bc682e02ca2045f96ff7f586d45110fcb76022063ad2c7d8"},
    {file = "fsspec-2024.2.0.tar.gz", hash = "sha256:b6ad1a679f760dda52b1168c859d01b7b80648ea6f7f7c7f5a8a91dc3f3ecb84"},
]

[package.extras]
abfs = ["adlfs"]
adl = ["adlfs"]
arrow = ["pyarrow (>=1)"]
dask = ["dask", "distributed"]
devel = ["pytest", "pytest-cov"]
dropbox = ["dropbox", "dropboxdrivefs", "requests"]
full = ["adlfs", "aiohttp (!=4.0.0a0,!=4.0.0a1)", "dask", "distributed", "dropbox", "dropboxdrivefs", "fusepy", "gcsfs", "libarchive-c", "ocifs", "panel", "paramiko", "pyarrow (>=1)", "pygit2", "requests", "s3fs", "smbprotocol", "tqdm"]
fuse = ["fusepy"]
gcs = ["gcsfs"]
git = ["pygit2"]
github = ["requests"]
gs = ["gcsfs"]
gui = ["panel"]
hdfs = ["pyarrow (>=1)"]
http = ["aiohttp (!=4.0.0a0,!=4.0.0a1)"]
libarchive = ["libarchive-c"]
oci = ["ocifs"]
s3 = ["s3fs"]
sftp = ["paramiko"]
smb = ["smbprotocol"]
ssh = ["paramiko"]
tqdm = ["tqdm"]

[[package]]
name = "numpy"
version = "1.26.3"
description = "Fundamental package for array computing in Python"
optional = false
python-versions = ">=3.9"
files = [
    {file = "numpy-1.26.3-cp310-cp310-macosx_10_9_x86_64.whl", hash = "sha256:806dd64230dbbfaca8a27faa64e2f414bf1c6622ab78cc4264f7f5f028fee3bf"},
    {file = "numpy-1.26.3-cp310-cp310-macosx_11_0_arm64.whl", hash = "sha256:02f98011ba4ab17f46f80f7f8f1c291ee7d855fcef0a5a98db80767a468c85cd"},
    {file = "numpy-1.26.3-cp310-cp310-manylinux_2_17_aarch64.manylinux2014_aarch64.whl", hash = "sha256:6d45b3ec2faed4baca41c76617fcdcfa4f684ff7a151ce6fc78ad3b6e85af0a6"},
    {file = "numpy-1.26.3-cp310-cp310-manylinux_2_17_x86_64.manylinux2014_x86_64.whl", hash = "sha256:bdd2b45bf079d9ad90377048e2747a0c82351989a2165821f0c96831b4a2a54b"},
    {file = "numpy-1.26.3-cp310-cp310-musllinux_1_1_aarch64.whl", hash = "sha256:211ddd1e94817ed2d175b60b6374120244a4dd2287f4ece45d49228b4d529178"},
    {file = "numpy-1.26.3-cp310-cp310-musllinux_1_1_x86_64.whl", hash = "sha256:b1240f767f69d7c4c8a29adde2310b871153df9b26b5cb2b54a561ac85146485"},
    {file = "numpy-1.26.3-cp310-cp310-win32.whl", hash = "sha256:21a9484e75ad018974a2fdaa216524d64ed4212e418e0a551a2d83403b0531d3"},
    {file = "numpy-1.26.3-cp310-cp310-win_amd64.whl", hash = "sha256:9e1591f6ae98bcfac2a4bbf9221c0b92ab49762228f38287f6eeb5f3f55905ce"},
    {file = "numpy-1.26.3-cp311-cp311-macosx_10_9_x86_64.whl", hash = "sha256:b831295e5472954104ecb46cd98c08b98b49c69fdb7040483aff799a755a7374"},
    {file = "numpy-1.26.3-cp311-cp311-macosx_11_0_arm64.whl", hash = "sha256:9e87562b91f68dd8b1c39149d0323b42e0082db7ddb8e934ab4c292094d575d6"},
    {file = "numpy-1.26.3-cp311-cp311-manylinux_2_17_aarch64.manylinux2014_aarch64.whl", hash = "sha256:8c66d6fec467e8c0f975818c1796d25c53521124b7cfb760114be0abad53a0a2"},
    {file = "numpy-1.26.3-cp311-cp311-manylinux_2_17_x86_64.manylinux2014_x86_64.whl", hash = "sha256:f25e2811a9c932e43943a2615e65fc487a0b6b49218899e62e426e7f0a57eeda"},
    {file = "numpy-1.26.3-cp311-cp311-musllinux_1_1_aarch64.whl", hash = "sha256:af36e0aa45e25c9f57bf684b1175e59ea05d9a7d3e8e87b7ae1a1da246f2767e"},
    {file = "numpy-1.26.3-cp311-cp311-musllinux_1_1_x86_64.whl", hash = "sha256:51c7f1b344f302067b02e0f5b5d2daa9ed4a721cf49f070280ac202738ea7f00"},
    {file = "numpy-1.26.3-cp311-cp311-win32.whl", hash = "sha256:7ca4f24341df071877849eb2034948459ce3a07915c2734f1abb4018d9c49d7b"},
    {file = "numpy-1.26.3-cp311-cp311-win_amd64.whl", hash = "sha256:39763aee6dfdd4878032361b30b2b12593fb445ddb66bbac802e2113eb8a6ac4"},
    {file = "numpy-1.26.3-cp312-cp312-macosx_10_9_x86_64.whl", hash = "sha256:a7081fd19a6d573e1a05e600c82a1c421011db7935ed0d5c483e9dd96b99cf13"},
    {file = "numpy-1.26.3-cp312-cp312-macosx_11_0_arm64.whl", hash = "sha256:12c70ac274b32bc00c7f61b515126c9205323703abb99cd41836e8125ea0043e"},
    {file = "numpy-1.26.3-cp312-cp312-manylinux_2_17_aarch64.manylinux2014_aarch64.whl", hash = "sha256:7f784e13e598e9594750b2ef6729bcd5a47f6cfe4a12cca13def35e06d8163e3"},
    {file = "numpy-1.26.3-cp312-cp312-manylinux_2_17_x86_64.manylinux2014_x86_64.whl", hash = "sha256:5f24750ef94d56ce6e33e4019a8a4d68cfdb1ef661a52cdaee628a56d2437419"},
    {file = "numpy-1.26.3-cp312-cp312-musllinux_1_1_aarch64.whl", hash = "sha256:77810ef29e0fb1d289d225cabb9ee6cf4d11978a00bb99f7f8ec2132a84e0166"},
    {file = "numpy-1.26.3-cp312-cp312-musllinux_1_1_x86_64.whl", hash = "sha256:8ed07a90f5450d99dad60d3799f9c03c6566709bd53b497eb9ccad9a55867f36"},
    {file = "numpy-1.26.3-cp312-cp312-win32.whl", hash = "sha256:f73497e8c38295aaa4741bdfa4fda1a5aedda5473074369eca10626835445511"},
    {file = "numpy-1.26.3-cp312-cp312-win_amd64.whl", hash = "sha256:da4b0c6c699a0ad73c810736303f7fbae483bcb012e38d7eb06a5e3b432c981b"},
    {file = "numpy-1.26.3-cp39-cp39-macosx_10_9_x86_64.whl", hash = "sha256:1666f634cb3c80ccbd77ec97bc17337718f56d6658acf5d3b906ca03e90ce87f"},
    {file = "numpy-1.26.3-cp39-cp39-macosx_11_0_arm64.whl", hash = "sha256:18c3319a7d39b2c6a9e3bb75aab2304ab79a811ac0168a671a62e6346c29b03f"},
    {file = "numpy-1.26.3-cp39-cp39-manylinux_2_17_aarch64.manylinux2014_aarch64.whl", hash = "sha256:0b7e807d6888da0db6e7e75838444d62495e2b588b99e90dd80c3459594e857b"},
    {file = "numpy-1.26.3-cp39-cp39-manylinux_2_17_x86_64.manylinux2014_x86_64.whl", hash = "sha256:b4d362e17bcb0011738c2d83e0a65ea8ce627057b2fdda37678f4374a382a137"},
    {file = "numpy-1.26.3-cp39-cp39-musllinux_1_1_aarch64.whl", hash = "sha256:b8c275f0ae90069496068c714387b4a0eba5d531aace269559ff2b43655edd58"},
    {file = "numpy-1.26.3-cp39-cp39-musllinux_1_1_x86_64.whl", hash = "sha256:cc0743f0302b94f397a4a65a660d4cd24267439eb16493fb3caad2e4389bccbb"},
    {file = "numpy-1.26.3-cp39-cp39-win32.whl", hash = "sha256:9bc6d1a7f8cedd519c4b7b1156d98e051b726bf160715b769106661d567b3f03"},
    {file = "numpy-1.26.3-cp39-cp39-win_amd64.whl", hash = "sha256:867e3644e208c8922a3be26fc6bbf112a035f50f0a86497f98f228c50c607bb2"},
    {file = "numpy-1.26.3-pp39-pypy39_pp73-macosx_10_9_x86_64.whl", hash = "sha256:3c67423b3703f8fbd90f5adaa37f85b5794d3366948efe9a5190a5f3a83fc34e"},
    {file = "numpy-1.26.3-pp39-pypy39_pp73-manylinux_2_17_x86_64.manylinux2014_x86_64.whl", hash = "sha256:46f47ee566d98849323f01b349d58f2557f02167ee301e5e28809a8c0e27a2d0"},
    {file = "numpy-1.26.3-pp39-pypy39_pp73-win_amd64.whl", hash = "sha256:a8474703bffc65ca15853d5fd4d06b18138ae90c17c8d12169968e998e448bb5"},
    {file = "numpy-1.26.3.tar.gz", hash = "sha256:697df43e2b6310ecc9d95f05d5ef20eacc09c7c4ecc9da3f235d39e71b7da1e4"},
]

[[package]]
name = "packaging"
version = "23.2"
description = "Core utilities for Python packages"
optional = false
python-versions = ">=3.7"
files = [
    {file = "packaging-23.2-py3-none-any.whl", hash = "sha256:8c491190033a9af7e1d931d0b5dacc2ef47509b34dd0de67ed209b5203fc88c7"},
    {file = "packaging-23.2.tar.gz", hash = "sha256:048fb0e9405036518eaaf48a55953c750c11e1a1b68e0dd1a9d62ed0c092cfc5"},
]

[[package]]
name = "pandas"
version = "2.2.0"
description = "Powerful data structures for data analysis, time series, and statistics"
optional = false
python-versions = ">=3.9"
files = [
    {file = "pandas-2.2.0-cp310-cp310-macosx_10_9_x86_64.whl", hash = "sha256:8108ee1712bb4fa2c16981fba7e68b3f6ea330277f5ca34fa8d557e986a11670"},
    {file = "pandas-2.2.0-cp310-cp310-macosx_11_0_arm64.whl", hash = "sha256:736da9ad4033aeab51d067fc3bd69a0ba36f5a60f66a527b3d72e2030e63280a"},
    {file = "pandas-2.2.0-cp310-cp310-manylinux_2_17_aarch64.manylinux2014_aarch64.whl", hash = "sha256:38e0b4fc3ddceb56ec8a287313bc22abe17ab0eb184069f08fc6a9352a769b18"},
    {file = "pandas-2.2.0-cp310-cp310-manylinux_2_17_x86_64.manylinux2014_x86_64.whl", hash = "sha256:20404d2adefe92aed3b38da41d0847a143a09be982a31b85bc7dd565bdba0f4e"},
    {file = "pandas-2.2.0-cp310-cp310-musllinux_1_1_aarch64.whl", hash = "sha256:7ea3ee3f125032bfcade3a4cf85131ed064b4f8dd23e5ce6fa16473e48ebcaf5"},
    {file = "pandas-2.2.0-cp310-cp310-musllinux_1_1_x86_64.whl", hash = "sha256:f9670b3ac00a387620489dfc1bca66db47a787f4e55911f1293063a78b108df1"},
    {file = "pandas-2.2.0-cp310-cp310-win_amd64.whl", hash = "sha256:5a946f210383c7e6d16312d30b238fd508d80d927014f3b33fb5b15c2f895430"},
    {file = "pandas-2.2.0-cp311-cp311-macosx_10_9_x86_64.whl", hash = "sha256:a1b438fa26b208005c997e78672f1aa8138f67002e833312e6230f3e57fa87d5"},
    {file = "pandas-2.2.0-cp311-cp311-macosx_11_0_arm64.whl", hash = "sha256:8ce2fbc8d9bf303ce54a476116165220a1fedf15985b09656b4b4275300e920b"},
    {file = "pandas-2.2.0-cp311-cp311-manylinux_2_17_aarch64.manylinux2014_aarch64.whl", hash = "sha256:2707514a7bec41a4ab81f2ccce8b382961a29fbe9492eab1305bb075b2b1ff4f"},
    {file = "pandas-2.2.0-cp311-cp311-manylinux_2_17_x86_64.manylinux2014_x86_64.whl", hash = "sha256:85793cbdc2d5bc32620dc8ffa715423f0c680dacacf55056ba13454a5be5de88"},
    {file = "pandas-2.2.0-cp311-cp311-musllinux_1_1_aarch64.whl", hash = "sha256:cfd6c2491dc821b10c716ad6776e7ab311f7df5d16038d0b7458bc0b67dc10f3"},
    {file = "pandas-2.2.0-cp311-cp311-musllinux_1_1_x86_64.whl", hash = "sha256:a146b9dcacc3123aa2b399df1a284de5f46287a4ab4fbfc237eac98a92ebcb71"},
    {file = "pandas-2.2.0-cp311-cp311-win_amd64.whl", hash = "sha256:fbc1b53c0e1fdf16388c33c3cca160f798d38aea2978004dd3f4d3dec56454c9"},
    {file = "pandas-2.2.0-cp312-cp312-macosx_10_9_x86_64.whl", hash = "sha256:a41d06f308a024981dcaa6c41f2f2be46a6b186b902c94c2674e8cb5c42985bc"},
    {file = "pandas-2.2.0-cp312-cp312-macosx_11_0_arm64.whl", hash = "sha256:159205c99d7a5ce89ecfc37cb08ed179de7783737cea403b295b5eda8e9c56d1"},
    {file = "pandas-2.2.0-cp312-cp312-manylinux_2_17_aarch64.manylinux2014_aarch64.whl", hash = "sha256:eb1e1f3861ea9132b32f2133788f3b14911b68102d562715d71bd0013bc45440"},
    {file = "pandas-2.2.0-cp312-cp312-manylinux_2_17_x86_64.manylinux2014_x86_64.whl", hash = "sha256:761cb99b42a69005dec2b08854fb1d4888fdf7b05db23a8c5a099e4b886a2106"},
    {file = "pandas-2.2.0-cp312-cp312-musllinux_1_1_aarch64.whl", hash = "sha256:a20628faaf444da122b2a64b1e5360cde100ee6283ae8effa0d8745153809a2e"},
    {file = "pandas-2.2.0-cp312-cp312-musllinux_1_1_x86_64.whl", hash = "sha256:f5be5d03ea2073627e7111f61b9f1f0d9625dc3c4d8dda72cc827b0c58a1d042"},
    {file = "pandas-2.2.0-cp312-cp312-win_amd64.whl", hash = "sha256:a626795722d893ed6aacb64d2401d017ddc8a2341b49e0384ab9bf7112bdec30"},
    {file = "pandas-2.2.0-cp39-cp39-macosx_10_9_x86_64.whl", hash = "sha256:9f66419d4a41132eb7e9a73dcec9486cf5019f52d90dd35547af11bc58f8637d"},
    {file = "pandas-2.2.0-cp39-cp39-macosx_11_0_arm64.whl", hash = "sha256:57abcaeda83fb80d447f28ab0cc7b32b13978f6f733875ebd1ed14f8fbc0f4ab"},
    {file = "pandas-2.2.0-cp39-cp39-manylinux_2_17_aarch64.manylinux2014_aarch64.whl", hash = "sha256:e60f1f7dba3c2d5ca159e18c46a34e7ca7247a73b5dd1a22b6d59707ed6b899a"},
    {file = "pandas-2.2.0-cp39-cp39-manylinux_2_17_x86_64.manylinux2014_x86_64.whl", hash = "sha256:eb61dc8567b798b969bcc1fc964788f5a68214d333cade8319c7ab33e2b5d88a"},
    {file = "pandas-2.2.0-cp39-cp39-musllinux_1_1_aarch64.whl", hash = "sha256:52826b5f4ed658fa2b729264d63f6732b8b29949c7fd234510d57c61dbeadfcd"},
    {file = "pandas-2.2.0-cp39-cp39-musllinux_1_1_x86_64.whl", hash = "sha256:bde2bc699dbd80d7bc7f9cab1e23a95c4375de615860ca089f34e7c64f4a8de7"},
    {file = "pandas-2.2.0-cp39-cp39-win_amd64.whl", hash = "sha256:3de918a754bbf2da2381e8a3dcc45eede8cd7775b047b923f9006d5f876802ae"},
    {file = "pandas-2.2.0.tar.gz", hash = "sha256:30b83f7c3eb217fb4d1b494a57a2fda5444f17834f5df2de6b2ffff68dc3c8e2"},
]

[package.dependencies]
numpy = {version = ">=1.23.2,<2", markers = "python_version == \"3.11\""}
python-dateutil = ">=2.8.2"
pytz = ">=2020.1"
tzdata = ">=2022.7"

[package.extras]
all = ["PyQt5 (>=5.15.9)", "SQLAlchemy (>=2.0.0)", "adbc-driver-postgresql (>=0.8.0)", "adbc-driver-sqlite (>=0.8.0)", "beautifulsoup4 (>=4.11.2)", "bottleneck (>=1.3.6)", "dataframe-api-compat (>=0.1.7)", "fastparquet (>=2022.12.0)", "fsspec (>=2022.11.0)", "gcsfs (>=2022.11.0)", "html5lib (>=1.1)", "hypothesis (>=6.46.1)", "jinja2 (>=3.1.2)", "lxml (>=4.9.2)", "matplotlib (>=3.6.3)", "numba (>=0.56.4)", "numexpr (>=2.8.4)", "odfpy (>=1.4.1)", "openpyxl (>=3.1.0)", "pandas-gbq (>=0.19.0)", "psycopg2 (>=2.9.6)", "pyarrow (>=10.0.1)", "pymysql (>=1.0.2)", "pyreadstat (>=1.2.0)", "pytest (>=7.3.2)", "pytest-xdist (>=2.2.0)", "python-calamine (>=0.1.7)", "pyxlsb (>=1.0.10)", "qtpy (>=2.3.0)", "s3fs (>=2022.11.0)", "scipy (>=1.10.0)", "tables (>=3.8.0)", "tabulate (>=0.9.0)", "xarray (>=2022.12.0)", "xlrd (>=2.0.1)", "xlsxwriter (>=3.0.5)", "zstandard (>=0.19.0)"]
aws = ["s3fs (>=2022.11.0)"]
clipboard = ["PyQt5 (>=5.15.9)", "qtpy (>=2.3.0)"]
compression = ["zstandard (>=0.19.0)"]
computation = ["scipy (>=1.10.0)", "xarray (>=2022.12.0)"]
consortium-standard = ["dataframe-api-compat (>=0.1.7)"]
excel = ["odfpy (>=1.4.1)", "openpyxl (>=3.1.0)", "python-calamine (>=0.1.7)", "pyxlsb (>=1.0.10)", "xlrd (>=2.0.1)", "xlsxwriter (>=3.0.5)"]
feather = ["pyarrow (>=10.0.1)"]
fss = ["fsspec (>=2022.11.0)"]
gcp = ["gcsfs (>=2022.11.0)", "pandas-gbq (>=0.19.0)"]
hdf5 = ["tables (>=3.8.0)"]
html = ["beautifulsoup4 (>=4.11.2)", "html5lib (>=1.1)", "lxml (>=4.9.2)"]
mysql = ["SQLAlchemy (>=2.0.0)", "pymysql (>=1.0.2)"]
output-formatting = ["jinja2 (>=3.1.2)", "tabulate (>=0.9.0)"]
parquet = ["pyarrow (>=10.0.1)"]
performance = ["bottleneck (>=1.3.6)", "numba (>=0.56.4)", "numexpr (>=2.8.4)"]
plot = ["matplotlib (>=3.6.3)"]
postgresql = ["SQLAlchemy (>=2.0.0)", "adbc-driver-postgresql (>=0.8.0)", "psycopg2 (>=2.9.6)"]
spss = ["pyreadstat (>=1.2.0)"]
sql-other = ["SQLAlchemy (>=2.0.0)", "adbc-driver-postgresql (>=0.8.0)", "adbc-driver-sqlite (>=0.8.0)"]
test = ["hypothesis (>=6.46.1)", "pytest (>=7.3.2)", "pytest-xdist (>=2.2.0)"]
xml = ["lxml (>=4.9.2)"]

[[package]]
name = "python-dateutil"
version = "2.8.2"
description = "Extensions to the standard Python datetime module"
optional = false
python-versions = "!=3.0.*,!=3.1.*,!=3.2.*,>=2.7"
files = [
    {file = "python-dateutil-2.8.2.tar.gz", hash = "sha256:0123cacc1627ae19ddf3c27a5de5bd67ee4586fbdd6440d9748f8abb483d3e86"},
    {file = "python_dateutil-2.8.2-py2.py3-none-any.whl", hash = "sha256:961d03dc3453ebbc59dbdea9e4e11c5651520a876d0f4db161e8674aae935da9"},
]

[package.dependencies]
six = ">=1.5"

[[package]]
name = "pytz"
version = "2024.1"
description = "World timezone definitions, modern and historical"
optional = false
python-versions = "*"
files = [
    {file = "pytz-2024.1-py2.py3-none-any.whl", hash = "sha256:328171f4e3623139da4983451950b28e95ac706e13f3f2630a879749e7a8b319"},
    {file = "pytz-2024.1.tar.gz", hash = "sha256:2a29735ea9c18baf14b448846bde5a48030ed267578472d8955cd0e7443a9812"},
]

[[package]]
name = "six"
version = "1.16.0"
description = "Python 2 and 3 compatibility utilities"
optional = false
python-versions = ">=2.7, !=3.0.*, !=3.1.*, !=3.2.*"
files = [
    {file = "six-1.16.0-py2.py3-none-any.whl", hash = "sha256:8abb2f1d86890a2dfb989f9a77cfcfd3e47c2a354b01111771326f8aa26e0254"},
    {file = "six-1.16.0.tar.gz", hash = "sha256:1e61c37477a1626458e36f7b1d82aa5c9b094fa4802892072e49de9c60c4c926"},
]

[[package]]
name = "tzdata"
version = "2024.1"
description = "Provider of IANA time zone data"
optional = false
python-versions = ">=2"
files = [
    {file = "tzdata-2024.1-py2.py3-none-any.whl", hash = "sha256:9068bc196136463f5245e51efda838afa15aaeca9903f49050dfa2679db4d252"},
    {file = "tzdata-2024.1.tar.gz", hash = "sha256:2674120f8d891909751c38abcdfd386ac0a5a1127954fbc332af6b5ceae07efd"},
]

[metadata]
lock-version = "2.0"
python-versions = "3.11.6"
content-hash = "50b559211f39ff72eb8c4e7232c64a236c23f521fa234d7ad2c788433d92cf84"
