# This file is automatically @generated by Poetry 1.7.1 and should not be changed by hand.

[[package]]
name = "numpy"
version = "1.26.3"
description = "Fundamental package for array computing in Python"
optional = false
python-versions = ">=3.9"
files = [
    {file = "numpy-1.26.3-cp310-cp310-macosx_10_9_x86_64.whl", hash = "sha256:806dd64230dbbfaca8a27faa64e2f414bf1c6622ab78cc4264f7f5f028fee3bf"},
    {file = "numpy-1.26.3-cp310-cp310-macosx_11_0_arm64.whl", hash = "sha256:02f98011ba4ab17f46f80f7f8f1c291ee7d855fcef0a5a98db80767a468c85cd"},
    {file = "numpy-1.26.3-cp310-cp310-manylinux_2_17_aarch64.manylinux2014_aarch64.whl", hash = "sha256:6d45b3ec2faed4baca41c76617fcdcfa4f684ff7a151ce6fc78ad3b6e85af0a6"},
    {file = "numpy-1.26.3-cp310-cp310-manylinux_2_17_x86_64.manylinux2014_x86_64.whl", hash = "sha256:bdd2b45bf079d9ad90377048e2747a0c82351989a2165821f0c96831b4a2a54b"},
    {file = "numpy-1.26.3-cp310-cp310-musllinux_1_1_aarch64.whl", hash = "sha256:211ddd1e94817ed2d175b60b6374120244a4dd2287f4ece45d49228b4d529178"},
    {file = "numpy-1.26.3-cp310-cp310-musllinux_1_1_x86_64.whl", hash = "sha256:b1240f767f69d7c4c8a29adde2310b871153df9b26b5cb2b54a561ac85146485"},
    {file = "numpy-1.26.3-cp310-cp310-win32.whl", hash = "sha256:21a9484e75ad018974a2fdaa216524d64ed4212e418e0a551a2d83403b0531d3"},
    {file = "numpy-1.26.3-cp310-cp310-win_amd64.whl", hash = "sha256:9e1591f6ae98bcfac2a4bbf9221c0b92ab49762228f38287f6eeb5f3f55905ce"},
    {file = "numpy-1.26.3-cp311-cp311-macosx_10_9_x86_64.whl", hash = "sha256:b831295e5472954104ecb46cd98c08b98b49c69fdb7040483aff799a755a7374"},
    {file = "numpy-1.26.3-cp311-cp311-macosx_11_0_arm64.whl", hash = "sha256:9e87562b91f68dd8b1c39149d0323b42e0082db7ddb8e934ab4c292094d575d6"},
    {file = "numpy-1.26.3-cp311-cp311-manylinux_2_17_aarch64.manylinux2014_aarch64.whl", hash = "sha256:8c66d6fec467e8c0f975818c1796d25c53521124b7cfb760114be0abad53a0a2"},
    {file = "numpy-1.26.3-cp311-cp311-manylinux_2_17_x86_64.manylinux2014_x86_64.whl", hash = "sha256:f25e2811a9c932e43943a2615e65fc487a0b6b49218899e62e426e7f0a57eeda"},
    {file = "numpy-1.26.3-cp311-cp311-musllinux_1_1_aarch64.whl", hash = "sha256:af36e0aa45e25c9f57bf684b1175e59ea05d9a7d3e8e87b7ae1a1da246f2767e"},
    {file = "numpy-1.26.3-cp311-cp311-musllinux_1_1_x86_64.whl", hash = "sha256:51c7f1b344f302067b02e0f5b5d2daa9ed4a721cf49f070280ac202738ea7f00"},
    {file = "numpy-1.26.3-cp311-cp311-win32.whl", hash = "sha256:7ca4f24341df071877849eb2034948459ce3a07915c2734f1abb4018d9c49d7b"},
    {file = "numpy-1.26.3-cp311-cp311-win_amd64.whl", hash = "sha256:39763aee6dfdd4878032361b30b2b12593fb445ddb66bbac802e2113eb8a6ac4"},
    {file = "numpy-1.26.3-cp312-cp312-macosx_10_9_x86_64.whl", hash = "sha256:a7081fd19a6d573e1a05e600c82a1c421011db7935ed0d5c483e9dd96b99cf13"},
    {file = "numpy-1.26.3-cp312-cp312-macosx_11_0_arm64.whl", hash = "sha256:12c70ac274b32bc00c7f61b515126c9205323703abb99cd41836e8125ea0043e"},
    {file = "numpy-1.26.3-cp312-cp312-manylinux_2_17_aarch64.manylinux2014_aarch64.whl", hash = "sha256:7f784e13e598e9594750b2ef6729bcd5a47f6cfe4a12cca13def35e06d8163e3"},
    {file = "numpy-1.26.3-cp312-cp312-manylinux_2_17_x86_64.manylinux2014_x86_64.whl", hash = "sha256:5f24750ef94d56ce6e33e4019a8a4d68cfdb1ef661a52cdaee628a56d2437419"},
    {file = "numpy-1.26.3-cp312-cp312-musllinux_1_1_aarch64.whl", hash = "sha256:77810ef29e0fb1d289d225cabb9ee6cf4d11978a00bb99f7f8ec2132a84e0166"},
    {file = "numpy-1.26.3-cp312-cp312-musllinux_1_1_x86_64.whl", hash = "sha256:8ed07a90f5450d99dad60d3799f9c03c6566709bd53b497eb9ccad9a55867f36"},
    {file = "numpy-1.26.3-cp312-cp312-win32.whl", hash = "sha256:f73497e8c38295aaa4741bdfa4fda1a5aedda5473074369eca10626835445511"},
    {file = "numpy-1.26.3-cp312-cp312-win_amd64.whl", hash = "sha256:da4b0c6c699a0ad73c810736303f7fbae483bcb012e38d7eb06a5e3b432c981b"},
    {file = "numpy-1.26.3-cp39-cp39-macosx_10_9_x86_64.whl", hash = "sha256:1666f634cb3c80ccbd77ec97bc17337718f56d6658acf5d3b906ca03e90ce87f"},
    {file = "numpy-1.26.3-cp39-cp39-macosx_11_0_arm64.whl", hash = "sha256:18c3319a7d39b2c6a9e3bb75aab2304ab79a811ac0168a671a62e6346c29b03f"},
    {file = "numpy-1.26.3-cp39-cp39-manylinux_2_17_aarch64.manylinux2014_aarch64.whl", hash = "sha256:0b7e807d6888da0db6e7e75838444d62495e2b588b99e90dd80c3459594e857b"},
    {file = "numpy-1.26.3-cp39-cp39-manylinux_2_17_x86_64.manylinux2014_x86_64.whl", hash = "sha256:b4d362e17bcb0011738c2d83e0a65ea8ce627057b2fdda37678f4374a382a137"},
    {file = "numpy-1.26.3-cp39-cp39-musllinux_1_1_aarch64.whl", hash = "sha256:b8c275f0ae90069496068c714387b4a0eba5d531aace269559ff2b43655edd58"},
    {file = "numpy-1.26.3-cp39-cp39-musllinux_1_1_x86_64.whl", hash = "sha256:cc0743f0302b94f397a4a65a660d4cd24267439eb16493fb3caad2e4389bccbb"},
    {file = "numpy-1.26.3-cp39-cp39-win32.whl", hash = "sha256:9bc6d1a7f8cedd519c4b7b1156d98e051b726bf160715b769106661d567b3f03"},
    {file = "numpy-1.26.3-cp39-cp39-win_amd64.whl", hash = "sha256:867e3644e208c8922a3be26fc6bbf112a035f50f0a86497f98f228c50c607bb2"},
    {file = "numpy-1.26.3-pp39-pypy39_pp73-macosx_10_9_x86_64.whl", hash = "sha256:3c67423b3703f8fbd90f5adaa37f85b5794d3366948efe9a5190a5f3a83fc34e"},
    {file = "numpy-1.26.3-pp39-pypy39_pp73-manylinux_2_17_x86_64.manylinux2014_x86_64.whl", hash = "sha256:46f47ee566d98849323f01b349d58f2557f02167ee301e5e28809a8c0e27a2d0"},
    {file = "numpy-1.26.3-pp39-pypy39_pp73-win_amd64.whl", hash = "sha256:a8474703bffc65ca15853d5fd4d06b18138ae90c17c8d12169968e998e448bb5"},
    {file = "numpy-1.26.3.tar.gz", hash = "sha256:697df43e2b6310ecc9d95f05d5ef20eacc09c7c4ecc9da3f235d39e71b7da1e4"},
]

[[package]]
name = "pycurl"
version = "7.45.3"
description = "PycURL -- A Python Interface To The cURL library"
optional = false
python-versions = ">=3.5"
files = [
    {file = "pycurl-7.45.3-cp310-cp310-macosx_10_9_universal2.whl", hash = "sha256:86f66d334deaaab20a576fb785587566081407adc703318203fe26e43277ef12"},
    {file = "pycurl-7.45.3-cp310-cp310-macosx_10_9_x86_64.whl", hash = "sha256:205983e87d6aa0b6e93ec7320060de44efaa905ecc5d13f70cbe38c65684c5c4"},
    {file = "pycurl-7.45.3-cp310-cp310-macosx_11_0_arm64.whl", hash = "sha256:fbd4a6b8654b779089c5a44af1c65c1419c2cd60718780df6d8f354eb35d6d55"},
    {file = "pycurl-7.45.3-cp310-cp310-manylinux_2_28_aarch64.whl", hash = "sha256:5ebc6a0ac60c371a9efaf7d55dec5820f76fdafb43a3be1e390011339dc329ae"},
    {file = "pycurl-7.45.3-cp310-cp310-manylinux_2_28_x86_64.whl", hash = "sha256:2facab1c35600088cb82b5b093bd700bfbd1e3191deab24f7d1803d9dc5b76fc"},
    {file = "pycurl-7.45.3-cp310-cp310-win32.whl", hash = "sha256:7cfca02d70579853041063e53ca713d31161b8831b98d4f68c3554dc0448beec"},
    {file = "pycurl-7.45.3-cp310-cp310-win_amd64.whl", hash = "sha256:8451e8475051f16eb4776380384699cb8ddd10ea8410bcbfaee5a6fc4c046de6"},
    {file = "pycurl-7.45.3-cp311-cp311-macosx_10_9_universal2.whl", hash = "sha256:1610cc45b5bc8b39bc18b981d0473e59ef41226ee467eaa8fbfc7276603ef5af"},
    {file = "pycurl-7.45.3-cp311-cp311-macosx_10_9_x86_64.whl", hash = "sha256:c854885398410fa6e88fc29f7a420a3c13b88bae9b4e10a804437b582e24f58b"},
    {file = "pycurl-7.45.3-cp311-cp311-macosx_11_0_arm64.whl", hash = "sha256:921c9db0c3128481954f625b3b1bc10c730100aa944d54643528f716676439ee"},
    {file = "pycurl-7.45.3-cp311-cp311-manylinux_2_28_aarch64.whl", hash = "sha256:483f3aa5d1bc8cff5657ad96f68e1d89281f971a7b6aa93408a31e3199981ea9"},
    {file = "pycurl-7.45.3-cp311-cp311-manylinux_2_28_x86_64.whl", hash = "sha256:1e0d32d6ed3a7ba13dbbd3a6fb50ca76c40c70e6bc6fe347f90677478d3422c7"},
    {file = "pycurl-7.45.3-cp311-cp311-win32.whl", hash = "sha256:beaaa4450e23d41dd0c2f2f47a4f8a171210271543550c2c556090c7eeea88f5"},
    {file = "pycurl-7.45.3-cp311-cp311-win_amd64.whl", hash = "sha256:dd33fd9de8907a6275c70113124aeb7eea672c1324f5d5423f203738b341697d"},
    {file = "pycurl-7.45.3-cp312-cp312-macosx_10_9_universal2.whl", hash = "sha256:0c41a172d5e8a5cdd8328cc8134f47b2a57960ac677f7cda8520eaa9fbe7d990"},
    {file = "pycurl-7.45.3-cp312-cp312-macosx_10_9_x86_64.whl", hash = "sha256:13006b62c157bb4483c58e1abdced6df723c9399255a4f5f6bb7f8e425106679"},
    {file = "pycurl-7.45.3-cp312-cp312-macosx_11_0_arm64.whl", hash = "sha256:27f4c5c20c86a9a823677316724306fb1ce3b25ec568efd52026dc6c563e5b29"},
    {file = "pycurl-7.45.3-cp312-cp312-manylinux_2_28_aarch64.whl", hash = "sha256:c2c246bc29e8762ff4c8a833ac5b4da4c797d16ab138286e8aec9b0c0a0da2d4"},
    {file = "pycurl-7.45.3-cp312-cp312-manylinux_2_28_x86_64.whl", hash = "sha256:3d07c5daef2d0d85949e32ec254ee44232bb57febb0634194379dd14d1ff4f87"},
    {file = "pycurl-7.45.3-cp312-cp312-win32.whl", hash = "sha256:9f7afe5ef0e4750ac4515baebc251ee94aaefe5de6e2e8a24668473128d69904"},
    {file = "pycurl-7.45.3-cp312-cp312-win_amd64.whl", hash = "sha256:3648ed9a57a6b704673faeab3dc64d1469cc69f2bc1ed8227ffa0f84e147c500"},
    {file = "pycurl-7.45.3-cp38-cp38-macosx_10_9_universal2.whl", hash = "sha256:c0915ea139f66a289edc4f9de10cb45078af1bb950491c5612969864236a2e7e"},
    {file = "pycurl-7.45.3-cp38-cp38-macosx_10_9_x86_64.whl", hash = "sha256:43c5e61a58783ddf78ef84949f6bb6e52e092a13ec67678e9a9e21071ecf5b80"},
    {file = "pycurl-7.45.3-cp38-cp38-macosx_11_0_arm64.whl", hash = "sha256:bf613844a1647fe3d2bba1f5c9c96a62a85280123a57a8a0c8d2f37d518bc10a"},
    {file = "pycurl-7.45.3-cp38-cp38-manylinux_2_28_aarch64.whl", hash = "sha256:936afd9c5ff7fe7457065e878a279811787778f472f9a4e8c5df79e7728358e2"},
    {file = "pycurl-7.45.3-cp38-cp38-manylinux_2_28_x86_64.whl", hash = "sha256:dbf816a6d0cb71e7fd06609246bbea4eaf100649d9decf49e4eb329594f70be7"},
    {file = "pycurl-7.45.3-cp38-cp38-win32.whl", hash = "sha256:2c8a2ce568193f9f84763717d8961cec0db4ec1aa08c6bcf4d90da5eb72bec86"},
    {file = "pycurl-7.45.3-cp38-cp38-win_amd64.whl", hash = "sha256:80ac7c17e69ca6b76ccccb4255f7c29a2a36e5b69eb10c2adba82135d43afe8c"},
    {file = "pycurl-7.45.3-cp39-cp39-macosx_10_9_universal2.whl", hash = "sha256:fa7751b614d9aa82d7a0f49ca90924c29c6cedf85a2f8687fb6a772dbfe48711"},
    {file = "pycurl-7.45.3-cp39-cp39-macosx_10_9_x86_64.whl", hash = "sha256:b129e9ee07f80b4af957607917af46ab517b0c4e746692f6d9e50e973edba8d8"},
    {file = "pycurl-7.45.3-cp39-cp39-macosx_11_0_arm64.whl", hash = "sha256:a0f920582b8713ca87d5a288a7532607bc4454275d733fc880650d602dbe3c67"},
    {file = "pycurl-7.45.3-cp39-cp39-manylinux_2_28_aarch64.whl", hash = "sha256:c7c13e4268550cde14a6f4743cc8bd8c035d4cd36514d58eff70276d68954b6f"},
    {file = "pycurl-7.45.3-cp39-cp39-manylinux_2_28_x86_64.whl", hash = "sha256:0f0e1251a608ffd75fc502f4014442e554c67d3d7a1b0a839c35efb6ad2f8bf8"},
    {file = "pycurl-7.45.3-cp39-cp39-win32.whl", hash = "sha256:51a40a56c58e63dac6145829f9e9bd66e5867a9f0741bcb9ffefab619851d44f"},
    {file = "pycurl-7.45.3-cp39-cp39-win_amd64.whl", hash = "sha256:e08a06802c8c8a9d04cf3319f9230ec09062c55d2550bd48f8ada1df1431adcf"},
    {file = "pycurl-7.45.3.tar.gz", hash = "sha256:8c2471af9079ad798e1645ec0b0d3d4223db687379d17dd36a70637449f81d6b"},
]

[metadata]
lock-version = "2.0"
python-versions = "3.11.6"
content-hash = "204861ac8f51ef1e50d1f1593cc08dd52dfc4c2ffbb4338decacbd15cb175354"
