# This file is automatically @generated by Poetry 1.7.1 and should not be changed by hand.

[[package]]
name = "numpy"
version = "1.26.3"
description = "Fundamental package for array computing in Python"
optional = false
python-versions = ">=3.9"
files = [
    {file = "numpy-1.26.3-cp310-cp310-macosx_10_9_x86_64.whl", hash = "sha256:806dd64230dbbfaca8a27faa64e2f414bf1c6622ab78cc4264f7f5f028fee3bf"},
    {file = "numpy-1.26.3-cp310-cp310-macosx_11_0_arm64.whl", hash = "sha256:02f98011ba4ab17f46f80f7f8f1c291ee7d855fcef0a5a98db80767a468c85cd"},
    {file = "numpy-1.26.3-cp310-cp310-manylinux_2_17_aarch64.manylinux2014_aarch64.whl", hash = "sha256:6d45b3ec2faed4baca41c76617fcdcfa4f684ff7a151ce6fc78ad3b6e85af0a6"},
    {file = "numpy-1.26.3-cp310-cp310-manylinux_2_17_x86_64.manylinux2014_x86_64.whl", hash = "sha256:bdd2b45bf079d9ad90377048e2747a0c82351989a2165821f0c96831b4a2a54b"},
    {file = "numpy-1.26.3-cp310-cp310-musllinux_1_1_aarch64.whl", hash = "sha256:211ddd1e94817ed2d175b60b6374120244a4dd2287f4ece45d49228b4d529178"},
    {file = "numpy-1.26.3-cp310-cp310-musllinux_1_1_x86_64.whl", hash = "sha256:b1240f767f69d7c4c8a29adde2310b871153df9b26b5cb2b54a561ac85146485"},
    {file = "numpy-1.26.3-cp310-cp310-win32.whl", hash = "sha256:21a9484e75ad018974a2fdaa216524d64ed4212e418e0a551a2d83403b0531d3"},
    {file = "numpy-1.26.3-cp310-cp310-win_amd64.whl", hash = "sha256:9e1591f6ae98bcfac2a4bbf9221c0b92ab49762228f38287f6eeb5f3f55905ce"},
    {file = "numpy-1.26.3-cp311-cp311-macosx_10_9_x86_64.whl", hash = "sha256:b831295e5472954104ecb46cd98c08b98b49c69fdb7040483aff799a755a7374"},
    {file = "numpy-1.26.3-cp311-cp311-macosx_11_0_arm64.whl", hash = "sha256:9e87562b91f68dd8b1c39149d0323b42e0082db7ddb8e934ab4c292094d575d6"},
    {file = "numpy-1.26.3-cp311-cp311-manylinux_2_17_aarch64.manylinux2014_aarch64.whl", hash = "sha256:8c66d6fec467e8c0f975818c1796d25c53521124b7cfb760114be0abad53a0a2"},
    {file = "numpy-1.26.3-cp311-cp311-manylinux_2_17_x86_64.manylinux2014_x86_64.whl", hash = "sha256:f25e2811a9c932e43943a2615e65fc487a0b6b49218899e62e426e7f0a57eeda"},
    {file = "numpy-1.26.3-cp311-cp311-musllinux_1_1_aarch64.whl", hash = "sha256:af36e0aa45e25c9f57bf684b1175e59ea05d9a7d3e8e87b7ae1a1da246f2767e"},
    {file = "numpy-1.26.3-cp311-cp311-musllinux_1_1_x86_64.whl", hash = "sha256:51c7f1b344f302067b02e0f5b5d2daa9ed4a721cf49f070280ac202738ea7f00"},
    {file = "numpy-1.26.3-cp311-cp311-win32.whl", hash = "sha256:7ca4f24341df071877849eb2034948459ce3a07915c2734f1abb4018d9c49d7b"},
    {file = "numpy-1.26.3-cp311-cp311-win_amd64.whl", hash = "sha256:39763aee6dfdd4878032361b30b2b12593fb445ddb66bbac802e2113eb8a6ac4"},
    {file = "numpy-1.26.3-cp312-cp312-macosx_10_9_x86_64.whl", hash = "sha256:a7081fd19a6d573e1a05e600c82a1c421011db7935ed0d5c483e9dd96b99cf13"},
    {file = "numpy-1.26.3-cp312-cp312-macosx_11_0_arm64.whl", hash = "sha256:12c70ac274b32bc00c7f61b515126c9205323703abb99cd41836e8125ea0043e"},
    {file = "numpy-1.26.3-cp312-cp312-manylinux_2_17_aarch64.manylinux2014_aarch64.whl", hash = "sha256:7f784e13e598e9594750b2ef6729bcd5a47f6cfe4a12cca13def35e06d8163e3"},
    {file = "numpy-1.26.3-cp312-cp312-manylinux_2_17_x86_64.manylinux2014_x86_64.whl", hash = "sha256:5f24750ef94d56ce6e33e4019a8a4d68cfdb1ef661a52cdaee628a56d2437419"},
    {file = "numpy-1.26.3-cp312-cp312-musllinux_1_1_aarch64.whl", hash = "sha256:77810ef29e0fb1d289d225cabb9ee6cf4d11978a00bb99f7f8ec2132a84e0166"},
    {file = "numpy-1.26.3-cp312-cp312-musllinux_1_1_x86_64.whl", hash = "sha256:8ed07a90f5450d99dad60d3799f9c03c6566709bd53b497eb9ccad9a55867f36"},
    {file = "numpy-1.26.3-cp312-cp312-win32.whl", hash = "sha256:f73497e8c38295aaa4741bdfa4fda1a5aedda5473074369eca10626835445511"},
    {file = "numpy-1.26.3-cp312-cp312-win_amd64.whl", hash = "sha256:da4b0c6c699a0ad73c810736303f7fbae483bcb012e38d7eb06a5e3b432c981b"},
    {file = "numpy-1.26.3-cp39-cp39-macosx_10_9_x86_64.whl", hash = "sha256:1666f634cb3c80ccbd77ec97bc17337718f56d6658acf5d3b906ca03e90ce87f"},
    {file = "numpy-1.26.3-cp39-cp39-macosx_11_0_arm64.whl", hash = "sha256:18c3319a7d39b2c6a9e3bb75aab2304ab79a811ac0168a671a62e6346c29b03f"},
    {file = "numpy-1.26.3-cp39-cp39-manylinux_2_17_aarch64.manylinux2014_aarch64.whl", hash = "sha256:0b7e807d6888da0db6e7e75838444d62495e2b588b99e90dd80c3459594e857b"},
    {file = "numpy-1.26.3-cp39-cp39-manylinux_2_17_x86_64.manylinux2014_x86_64.whl", hash = "sha256:b4d362e17bcb0011738c2d83e0a65ea8ce627057b2fdda37678f4374a382a137"},
    {file = "numpy-1.26.3-cp39-cp39-musllinux_1_1_aarch64.whl", hash = "sha256:b8c275f0ae90069496068c714387b4a0eba5d531aace269559ff2b43655edd58"},
    {file = "numpy-1.26.3-cp39-cp39-musllinux_1_1_x86_64.whl", hash = "sha256:cc0743f0302b94f397a4a65a660d4cd24267439eb16493fb3caad2e4389bccbb"},
    {file = "numpy-1.26.3-cp39-cp39-win32.whl", hash = "sha256:9bc6d1a7f8cedd519c4b7b1156d98e051b726bf160715b769106661d567b3f03"},
    {file = "numpy-1.26.3-cp39-cp39-win_amd64.whl", hash = "sha256:867e3644e208c8922a3be26fc6bbf112a035f50f0a86497f98f228c50c607bb2"},
    {file = "numpy-1.26.3-pp39-pypy39_pp73-macosx_10_9_x86_64.whl", hash = "sha256:3c67423b3703f8fbd90f5adaa37f85b5794d3366948efe9a5190a5f3a83fc34e"},
    {file = "numpy-1.26.3-pp39-pypy39_pp73-manylinux_2_17_x86_64.manylinux2014_x86_64.whl", hash = "sha256:46f47ee566d98849323f01b349d58f2557f02167ee301e5e28809a8c0e27a2d0"},
    {file = "numpy-1.26.3-pp39-pypy39_pp73-win_amd64.whl", hash = "sha256:a8474703bffc65ca15853d5fd4d06b18138ae90c17c8d12169968e998e448bb5"},
    {file = "numpy-1.26.3.tar.gz", hash = "sha256:697df43e2b6310ecc9d95f05d5ef20eacc09c7c4ecc9da3f235d39e71b7da1e4"},
]

[[package]]
name = "pyodbc"
version = "5.1.0"
description = "DB API module for ODBC"
optional = false
python-versions = ">=3.8"
files = [
    {file = "pyodbc-5.1.0-cp310-cp310-macosx_10_9_x86_64.whl", hash = "sha256:02fe9821711a2d14415eaeb4deab471d2c8b7034b107e524e414c0e133c42248"},
    {file = "pyodbc-5.1.0-cp310-cp310-macosx_11_0_arm64.whl", hash = "sha256:2cbdbd019756285dc44bc35238a3ed8dfaa454e8c8b2c3462f1710cfeebfb290"},
    {file = "pyodbc-5.1.0-cp310-cp310-manylinux_2_17_aarch64.manylinux2014_aarch64.whl", hash = "sha256:84df3bbce9bafe65abd25788d55c9f1da304f6115d70f25758ff8c85f3ce0517"},
    {file = "pyodbc-5.1.0-cp310-cp310-manylinux_2_17_x86_64.manylinux2014_x86_64.whl", hash = "sha256:218bb75d4bc67075529a65ce8ec7daeed1d83c33dd7410450fbf68d43d184d28"},
    {file = "pyodbc-5.1.0-cp310-cp310-win32.whl", hash = "sha256:eae576b3b67d21d6f237e18bb5f3df8323a2258f52c3e3afeef79269704072a9"},
    {file = "pyodbc-5.1.0-cp310-cp310-win_amd64.whl", hash = "sha256:c3b65343557f4c7753204e06f4c82c97ed212a636501f4bc27c5ce0e549eb3e8"},
    {file = "pyodbc-5.1.0-cp311-cp311-macosx_10_9_x86_64.whl", hash = "sha256:aa6f46377da303bf79bcb4b559899507df4b2559f30dcfdf191358ee4b99f3ab"},
    {file = "pyodbc-5.1.0-cp311-cp311-macosx_11_0_arm64.whl", hash = "sha256:b19d7f44cfee89901e482f554a88177e83fae76b03c3f830e0023a195d840220"},
    {file = "pyodbc-5.1.0-cp311-cp311-manylinux_2_17_aarch64.manylinux2014_aarch64.whl", hash = "sha256:3c36448322f8d6479d87c528cf52401a6ea4f509b9637750b67340382b4e1b40"},
    {file = "pyodbc-5.1.0-cp311-cp311-manylinux_2_17_x86_64.manylinux2014_x86_64.whl", hash = "sha256:1c5e0cb79222aad4b31a3602e39b242683c29c6221a16ed43f45f18fd0b73659"},
    {file = "pyodbc-5.1.0-cp311-cp311-win32.whl", hash = "sha256:92caed9d445815ed3f7e5a1249e29a4600ebc1e99404df81b6ed7671074c9227"},
    {file = "pyodbc-5.1.0-cp311-cp311-win_amd64.whl", hash = "sha256:a1bd14633e91b7a9814f4fd944c9ebb89fb7f1fd4710c4e3999b5ef041536347"},
    {file = "pyodbc-5.1.0-cp312-cp312-macosx_10_9_x86_64.whl", hash = "sha256:d3d9cc4af703c4817b6e604315910b0cf5dcb68056d52b25ca072dd59c52dcbc"},
    {file = "pyodbc-5.1.0-cp312-cp312-macosx_11_0_arm64.whl", hash = "sha256:406b8fa2133a7b6a713aa5187dba2d08cf763b5884606bed77610a7660fdfabe"},
    {file = "pyodbc-5.1.0-cp312-cp312-manylinux_2_17_aarch64.manylinux2014_aarch64.whl", hash = "sha256:f8488c3818f12207650836c5c6f7352f9ff9f56a05a05512145995e497c0bbb1"},
    {file = "pyodbc-5.1.0-cp312-cp312-manylinux_2_17_x86_64.manylinux2014_x86_64.whl", hash = "sha256:b0df69e3a500791b70b5748c68a79483b24428e4c16027b56aa0305e95c143a4"},
    {file = "pyodbc-5.1.0-cp312-cp312-win32.whl", hash = "sha256:aa4e02d3a9bf819394510b726b25f1566f8b3f0891ca400ad2d4c8b86b535b78"},
    {file = "pyodbc-5.1.0-cp312-cp312-win_amd64.whl", hash = "sha256:33f4984af38872e7bdec78007a34e4d43ae72bf9d0bae3344e79d9d0db157c0e"},
    {file = "pyodbc-5.1.0-cp38-cp38-macosx_10_9_x86_64.whl", hash = "sha256:29425e2d366e7f5828b76c7993f412a3db4f18bd5bcee00186c00b5a5965e205"},
    {file = "pyodbc-5.1.0-cp38-cp38-macosx_11_0_arm64.whl", hash = "sha256:a2bbd2e75c77dee9f3cd100c3246110abaeb9af3f7fa304ccc2934ff9c6a4fa4"},
    {file = "pyodbc-5.1.0-cp38-cp38-manylinux_2_17_aarch64.manylinux2014_aarch64.whl", hash = "sha256:3602136a936bc0c1bb9722eb2fbf2042b3ff1ddccdc4688e514b82d4b831563b"},
    {file = "pyodbc-5.1.0-cp38-cp38-manylinux_2_17_x86_64.manylinux2014_x86_64.whl", hash = "sha256:bed1c843565d3a4fd8c332ebceaf33efe817657a0505eacb97dd1b786a985b0b"},
    {file = "pyodbc-5.1.0-cp38-cp38-win32.whl", hash = "sha256:735f6da3762e5856b5580be0ed96bb946948346ebd1e526d5169a5513626a67a"},
    {file = "pyodbc-5.1.0-cp38-cp38-win_amd64.whl", hash = "sha256:c5bb4e43f6c72f5fa2c634570e0d761767d8ea49f39205229b812fb4d3fe05aa"},
    {file = "pyodbc-5.1.0-cp39-cp39-macosx_10_9_x86_64.whl", hash = "sha256:33f0f1d7764cefef6f787936bd6359670828a6086be67518ab951f1f7f503cda"},
    {file = "pyodbc-5.1.0-cp39-cp39-macosx_11_0_arm64.whl", hash = "sha256:be3b1c36c31ec7d73d0b34a8ad8743573763fadd8f2bceef1e84408252b48dce"},
    {file = "pyodbc-5.1.0-cp39-cp39-manylinux_2_17_aarch64.manylinux2014_aarch64.whl", hash = "sha256:e71a51c252b503b4d753e21ed31e640015fc0d00202d42ea42f2396fcc924b4a"},
    {file = "pyodbc-5.1.0-cp39-cp39-manylinux_2_17_x86_64.manylinux2014_x86_64.whl", hash = "sha256:af5282cc8b667af97d76f4955250619a53f25486cbb6b1f45a06b781006ffa0b"},
    {file = "pyodbc-5.1.0-cp39-cp39-win32.whl", hash = "sha256:96b2a8dc27693a517e3aad3944a7faa8be95d40d7ec1eda51a1885162eedfa33"},
    {file = "pyodbc-5.1.0-cp39-cp39-win_amd64.whl", hash = "sha256:e738c5eedb4a0cbab20cc008882f49b106054499db56864057c2530ff208cf32"},
    {file = "pyodbc-5.1.0.tar.gz", hash = "sha256:397feee44561a6580be08cedbe986436859563f4bb378f48224655c8e987ea60"},
]

[metadata]
lock-version = "2.0"
python-versions = "3.11.6"
content-hash = "1c31d99697c45a613d2a5d92f71b6168cd5d81bf2fa98262eea5968b2be888b8"
