# This file is automatically @generated by Poetry 1.7.1 and should not be changed by hand.

[[package]]
name = "numpy"
version = "1.26.3"
description = "Fundamental package for array computing in Python"
optional = false
python-versions = ">=3.9"
files = [
    {file = "numpy-1.26.3-cp310-cp310-macosx_10_9_x86_64.whl", hash = "sha256:806dd64230dbbfaca8a27faa64e2f414bf1c6622ab78cc4264f7f5f028fee3bf"},
    {file = "numpy-1.26.3-cp310-cp310-macosx_11_0_arm64.whl", hash = "sha256:02f98011ba4ab17f46f80f7f8f1c291ee7d855fcef0a5a98db80767a468c85cd"},
    {file = "numpy-1.26.3-cp310-cp310-manylinux_2_17_aarch64.manylinux2014_aarch64.whl", hash = "sha256:6d45b3ec2faed4baca41c76617fcdcfa4f684ff7a151ce6fc78ad3b6e85af0a6"},
    {file = "numpy-1.26.3-cp310-cp310-manylinux_2_17_x86_64.manylinux2014_x86_64.whl", hash = "sha256:bdd2b45bf079d9ad90377048e2747a0c82351989a2165821f0c96831b4a2a54b"},
    {file = "numpy-1.26.3-cp310-cp310-musllinux_1_1_aarch64.whl", hash = "sha256:211ddd1e94817ed2d175b60b6374120244a4dd2287f4ece45d49228b4d529178"},
    {file = "numpy-1.26.3-cp310-cp310-musllinux_1_1_x86_64.whl", hash = "sha256:b1240f767f69d7c4c8a29adde2310b871153df9b26b5cb2b54a561ac85146485"},
    {file = "numpy-1.26.3-cp310-cp310-win32.whl", hash = "sha256:21a9484e75ad018974a2fdaa216524d64ed4212e418e0a551a2d83403b0531d3"},
    {file = "numpy-1.26.3-cp310-cp310-win_amd64.whl", hash = "sha256:9e1591f6ae98bcfac2a4bbf9221c0b92ab49762228f38287f6eeb5f3f55905ce"},
    {file = "numpy-1.26.3-cp311-cp311-macosx_10_9_x86_64.whl", hash = "sha256:b831295e5472954104ecb46cd98c08b98b49c69fdb7040483aff799a755a7374"},
    {file = "numpy-1.26.3-cp311-cp311-macosx_11_0_arm64.whl", hash = "sha256:9e87562b91f68dd8b1c39149d0323b42e0082db7ddb8e934ab4c292094d575d6"},
    {file = "numpy-1.26.3-cp311-cp311-manylinux_2_17_aarch64.manylinux2014_aarch64.whl", hash = "sha256:8c66d6fec467e8c0f975818c1796d25c53521124b7cfb760114be0abad53a0a2"},
    {file = "numpy-1.26.3-cp311-cp311-manylinux_2_17_x86_64.manylinux2014_x86_64.whl", hash = "sha256:f25e2811a9c932e43943a2615e65fc487a0b6b49218899e62e426e7f0a57eeda"},
    {file = "numpy-1.26.3-cp311-cp311-musllinux_1_1_aarch64.whl", hash = "sha256:af36e0aa45e25c9f57bf684b1175e59ea05d9a7d3e8e87b7ae1a1da246f2767e"},
    {file = "numpy-1.26.3-cp311-cp311-musllinux_1_1_x86_64.whl", hash = "sha256:51c7f1b344f302067b02e0f5b5d2daa9ed4a721cf49f070280ac202738ea7f00"},
    {file = "numpy-1.26.3-cp311-cp311-win32.whl", hash = "sha256:7ca4f24341df071877849eb2034948459ce3a07915c2734f1abb4018d9c49d7b"},
    {file = "numpy-1.26.3-cp311-cp311-win_amd64.whl", hash = "sha256:39763aee6dfdd4878032361b30b2b12593fb445ddb66bbac802e2113eb8a6ac4"},
    {file = "numpy-1.26.3-cp312-cp312-macosx_10_9_x86_64.whl", hash = "sha256:a7081fd19a6d573e1a05e600c82a1c421011db7935ed0d5c483e9dd96b99cf13"},
    {file = "numpy-1.26.3-cp312-cp312-macosx_11_0_arm64.whl", hash = "sha256:12c70ac274b32bc00c7f61b515126c9205323703abb99cd41836e8125ea0043e"},
    {file = "numpy-1.26.3-cp312-cp312-manylinux_2_17_aarch64.manylinux2014_aarch64.whl", hash = "sha256:7f784e13e598e9594750b2ef6729bcd5a47f6cfe4a12cca13def35e06d8163e3"},
    {file = "numpy-1.26.3-cp312-cp312-manylinux_2_17_x86_64.manylinux2014_x86_64.whl", hash = "sha256:5f24750ef94d56ce6e33e4019a8a4d68cfdb1ef661a52cdaee628a56d2437419"},
    {file = "numpy-1.26.3-cp312-cp312-musllinux_1_1_aarch64.whl", hash = "sha256:77810ef29e0fb1d289d225cabb9ee6cf4d11978a00bb99f7f8ec2132a84e0166"},
    {file = "numpy-1.26.3-cp312-cp312-musllinux_1_1_x86_64.whl", hash = "sha256:8ed07a90f5450d99dad60d3799f9c03c6566709bd53b497eb9ccad9a55867f36"},
    {file = "numpy-1.26.3-cp312-cp312-win32.whl", hash = "sha256:f73497e8c38295aaa4741bdfa4fda1a5aedda5473074369eca10626835445511"},
    {file = "numpy-1.26.3-cp312-cp312-win_amd64.whl", hash = "sha256:da4b0c6c699a0ad73c810736303f7fbae483bcb012e38d7eb06a5e3b432c981b"},
    {file = "numpy-1.26.3-cp39-cp39-macosx_10_9_x86_64.whl", hash = "sha256:1666f634cb3c80ccbd77ec97bc17337718f56d6658acf5d3b906ca03e90ce87f"},
    {file = "numpy-1.26.3-cp39-cp39-macosx_11_0_arm64.whl", hash = "sha256:18c3319a7d39b2c6a9e3bb75aab2304ab79a811ac0168a671a62e6346c29b03f"},
    {file = "numpy-1.26.3-cp39-cp39-manylinux_2_17_aarch64.manylinux2014_aarch64.whl", hash = "sha256:0b7e807d6888da0db6e7e75838444d62495e2b588b99e90dd80c3459594e857b"},
    {file = "numpy-1.26.3-cp39-cp39-manylinux_2_17_x86_64.manylinux2014_x86_64.whl", hash = "sha256:b4d362e17bcb0011738c2d83e0a65ea8ce627057b2fdda37678f4374a382a137"},
    {file = "numpy-1.26.3-cp39-cp39-musllinux_1_1_aarch64.whl", hash = "sha256:b8c275f0ae90069496068c714387b4a0eba5d531aace269559ff2b43655edd58"},
    {file = "numpy-1.26.3-cp39-cp39-musllinux_1_1_x86_64.whl", hash = "sha256:cc0743f0302b94f397a4a65a660d4cd24267439eb16493fb3caad2e4389bccbb"},
    {file = "numpy-1.26.3-cp39-cp39-win32.whl", hash = "sha256:9bc6d1a7f8cedd519c4b7b1156d98e051b726bf160715b769106661d567b3f03"},
    {file = "numpy-1.26.3-cp39-cp39-win_amd64.whl", hash = "sha256:867e3644e208c8922a3be26fc6bbf112a035f50f0a86497f98f228c50c607bb2"},
    {file = "numpy-1.26.3-pp39-pypy39_pp73-macosx_10_9_x86_64.whl", hash = "sha256:3c67423b3703f8fbd90f5adaa37f85b5794d3366948efe9a5190a5f3a83fc34e"},
    {file = "numpy-1.26.3-pp39-pypy39_pp73-manylinux_2_17_x86_64.manylinux2014_x86_64.whl", hash = "sha256:46f47ee566d98849323f01b349d58f2557f02167ee301e5e28809a8c0e27a2d0"},
    {file = "numpy-1.26.3-pp39-pypy39_pp73-win_amd64.whl", hash = "sha256:a8474703bffc65ca15853d5fd4d06b18138ae90c17c8d12169968e998e448bb5"},
    {file = "numpy-1.26.3.tar.gz", hash = "sha256:697df43e2b6310ecc9d95f05d5ef20eacc09c7c4ecc9da3f235d39e71b7da1e4"},
]

[[package]]
name = "tensorflow-io"
version = "0.36.0"
description = "TensorFlow IO"
optional = false
python-versions = ">=3.7, <3.12"
files = [
    {file = "tensorflow_io-0.36.0-cp310-cp310-macosx_10_14_x86_64.whl", hash = "sha256:3627e437b0fb3655c860d0398e323d6e77c13ec9f79925cf430cfe986abd6e80"},
    {file = "tensorflow_io-0.36.0-cp310-cp310-macosx_12_0_arm64.whl", hash = "sha256:03851682951ad8550b8f565576d87dfae7574b1088fcd0e4f440f2b115cd06c5"},
    {file = "tensorflow_io-0.36.0-cp310-cp310-manylinux_2_17_aarch64.manylinux2014_aarch64.whl", hash = "sha256:65b4af53f0e1dbc86ecf7476e58dfe04547a58d39a5f5e16d0290813e56b241d"},
    {file = "tensorflow_io-0.36.0-cp310-cp310-manylinux_2_17_x86_64.manylinux2014_x86_64.whl", hash = "sha256:ce5240b44e61f0b57936572c616d4809957c2c55c71857e7fd41deec0fccc10f"},
    {file = "tensorflow_io-0.36.0-cp311-cp311-macosx_10_14_x86_64.whl", hash = "sha256:91d1b763432a1aa541c40cad9bd29fc956e4650c3470ba58e42a54f0ac702533"},
    {file = "tensorflow_io-0.36.0-cp311-cp311-macosx_12_0_arm64.whl", hash = "sha256:55e401cc689c0ba4d8a8b3ed4b5c88e520ca3f242119a93c58c62de401a99672"},
    {file = "tensorflow_io-0.36.0-cp311-cp311-manylinux_2_17_aarch64.manylinux2014_aarch64.whl", hash = "sha256:feeadf00e942e35c86ac20688c414cea0489c6e1fe7446021535ca2895b2da15"},
    {file = "tensorflow_io-0.36.0-cp311-cp311-manylinux_2_17_x86_64.manylinux2014_x86_64.whl", hash = "sha256:af843f1bfe217a22cda2c549167aaa9c02dd1d345d9e843a1923ef107f27cff6"},
    {file = "tensorflow_io-0.36.0-cp312-cp312-manylinux_2_17_aarch64.manylinux2014_aarch64.whl", hash = "sha256:7ecb07798d17c912ee7b80b7c377196a451448b20e431dc53bba708f905e4be5"},
    {file = "tensorflow_io-0.36.0-cp39-cp39-macosx_10_14_x86_64.whl", hash = "sha256:647eec5a504c3d0377db6070a051f21e1eacd4b50ed37dadfd465bb9fbdb03e8"},
    {file = "tensorflow_io-0.36.0-cp39-cp39-macosx_12_0_arm64.whl", hash = "sha256:7077b4c4696bc07963ac69e2ba530ffbcea850c7a594f2c86aaf67a2bbcfe37c"},
    {file = "tensorflow_io-0.36.0-cp39-cp39-manylinux_2_17_aarch64.manylinux2014_aarch64.whl", hash = "sha256:23fc02e5076f021cfc1a3850a935ced16954d1b44c4c49680cd6855e3735295f"},
    {file = "tensorflow_io-0.36.0-cp39-cp39-manylinux_2_17_x86_64.manylinux2014_x86_64.whl", hash = "sha256:e7035a74cbbda437958d35f18cf4a4d71cfebaa7e5314a7ed7b61f33f02498a2"},
]

[package.dependencies]
tensorflow-io-gcs-filesystem = "0.36.0"

[package.extras]
tensorflow = ["tensorflow (>=2.15.0,<2.16.0)"]
tensorflow-aarch64 = ["tensorflow-aarch64 (>=2.15.0,<2.16.0)"]
tensorflow-cpu = ["tensorflow-cpu (>=2.15.0,<2.16.0)"]
tensorflow-gpu = ["tensorflow-gpu (>=2.15.0,<2.16.0)"]
tensorflow-rocm = ["tensorflow-rocm (>=2.15.0,<2.16.0)"]

[[package]]
name = "tensorflow-io-gcs-filesystem"
version = "0.36.0"
description = "TensorFlow IO"
optional = false
python-versions = ">=3.7, <3.12"
files = [
    {file = "tensorflow_io_gcs_filesystem-0.36.0-cp310-cp310-macosx_10_14_x86_64.whl", hash = "sha256:702c6df62b38095ff613c433546d9424d4f33902a5ab26b00fd26457e27a99fa"},
    {file = "tensorflow_io_gcs_filesystem-0.36.0-cp310-cp310-macosx_12_0_arm64.whl", hash = "sha256:e9b8aaca2789af356c42afda0f52380f82e5abb2f3c0b85087833fcfe03875d8"},
    {file = "tensorflow_io_gcs_filesystem-0.36.0-cp310-cp310-manylinux_2_17_aarch64.manylinux2014_aarch64.whl", hash = "sha256:c477aed96864ceae77d7051c3b687f28813aba7320fc5dd552164fad6ec8d1a1"},
    {file = "tensorflow_io_gcs_filesystem-0.36.0-cp310-cp310-manylinux_2_17_x86_64.manylinux2014_x86_64.whl", hash = "sha256:be1ff92559dfa23048b01179a1827081947583f5c6f9986ccac471df8a29322a"},
    {file = "tensorflow_io_gcs_filesystem-0.36.0-cp311-cp311-macosx_10_14_x86_64.whl", hash = "sha256:72c3ca4b8c0d8dbdd970699d05a100107cf200317ad8e6a8373e2c37225cd552"},
    {file = "tensorflow_io_gcs_filesystem-0.36.0-cp311-cp311-macosx_12_0_arm64.whl", hash = "sha256:848e8e89a0f49258c7782189c938d8d1162d989da1a80c79f95c7af3ef6006c8"},
    {file = "tensorflow_io_gcs_filesystem-0.36.0-cp311-cp311-manylinux_2_17_aarch64.manylinux2014_aarch64.whl", hash = "sha256:4d72db1ab03edb65fa1e98d06e504ccbc64282d38ab3589afb6db66dc448d1c1"},
    {file = "tensorflow_io_gcs_filesystem-0.36.0-cp311-cp311-manylinux_2_17_x86_64.manylinux2014_x86_64.whl", hash = "sha256:1bd4d946b5fa23220daa473a80e511a5fb27493d7e49d17dff0bb43bb0a31f32"},
    {file = "tensorflow_io_gcs_filesystem-0.36.0-cp312-cp312-manylinux_2_17_aarch64.manylinux2014_aarch64.whl", hash = "sha256:fa346fd1dd9f57848b73874007440504f060fadd689fa1cc29cc49817d0eeaf3"},
    {file = "tensorflow_io_gcs_filesystem-0.36.0-cp39-cp39-macosx_10_14_x86_64.whl", hash = "sha256:0a4437824424a4423cf86162cb8b21b1bec24698194332748b50bb952e62ab9f"},
    {file = "tensorflow_io_gcs_filesystem-0.36.0-cp39-cp39-macosx_12_0_arm64.whl", hash = "sha256:31806bd7ac2db789161bc720747de22947063265561a4c17be54698fd9780b03"},
    {file = "tensorflow_io_gcs_filesystem-0.36.0-cp39-cp39-manylinux_2_17_aarch64.manylinux2014_aarch64.whl", hash = "sha256:fc0e57976c1aa035af6281f0330cfb8dd50eee2f63412ecc84d60ff5075d29b7"},
    {file = "tensorflow_io_gcs_filesystem-0.36.0-cp39-cp39-manylinux_2_17_x86_64.manylinux2014_x86_64.whl", hash = "sha256:e97ff5c280eb10f699098ae21057be2b146d39e8a906cd5db91f2ea6c34e47d0"},
]

[package.extras]
tensorflow = ["tensorflow (>=2.15.0,<2.16.0)"]
tensorflow-aarch64 = ["tensorflow-aarch64 (>=2.15.0,<2.16.0)"]
tensorflow-cpu = ["tensorflow-cpu (>=2.15.0,<2.16.0)"]
tensorflow-gpu = ["tensorflow-gpu (>=2.15.0,<2.16.0)"]
tensorflow-rocm = ["tensorflow-rocm (>=2.15.0,<2.16.0)"]

[metadata]
lock-version = "2.0"
python-versions = "3.11.6"
content-hash = "336d1502d6fca57dff7f5ac6c7330bedb609392344c6673bc41b8038da266527"
