# This file is automatically @generated by Poetry 1.7.1 and should not be changed by hand.

[[package]]
name = "numpy"
version = "1.26.3"
description = "Fundamental package for array computing in Python"
optional = false
python-versions = ">=3.9"
files = [
    {file = "numpy-1.26.3-cp310-cp310-macosx_10_9_x86_64.whl", hash = "sha256:806dd64230dbbfaca8a27faa64e2f414bf1c6622ab78cc4264f7f5f028fee3bf"},
    {file = "numpy-1.26.3-cp310-cp310-macosx_11_0_arm64.whl", hash = "sha256:02f98011ba4ab17f46f80f7f8f1c291ee7d855fcef0a5a98db80767a468c85cd"},
    {file = "numpy-1.26.3-cp310-cp310-manylinux_2_17_aarch64.manylinux2014_aarch64.whl", hash = "sha256:6d45b3ec2faed4baca41c76617fcdcfa4f684ff7a151ce6fc78ad3b6e85af0a6"},
    {file = "numpy-1.26.3-cp310-cp310-manylinux_2_17_x86_64.manylinux2014_x86_64.whl", hash = "sha256:bdd2b45bf079d9ad90377048e2747a0c82351989a2165821f0c96831b4a2a54b"},
    {file = "numpy-1.26.3-cp310-cp310-musllinux_1_1_aarch64.whl", hash = "sha256:211ddd1e94817ed2d175b60b6374120244a4dd2287f4ece45d49228b4d529178"},
    {file = "numpy-1.26.3-cp310-cp310-musllinux_1_1_x86_64.whl", hash = "sha256:b1240f767f69d7c4c8a29adde2310b871153df9b26b5cb2b54a561ac85146485"},
    {file = "numpy-1.26.3-cp310-cp310-win32.whl", hash = "sha256:21a9484e75ad018974a2fdaa216524d64ed4212e418e0a551a2d83403b0531d3"},
    {file = "numpy-1.26.3-cp310-cp310-win_amd64.whl", hash = "sha256:9e1591f6ae98bcfac2a4bbf9221c0b92ab49762228f38287f6eeb5f3f55905ce"},
    {file = "numpy-1.26.3-cp311-cp311-macosx_10_9_x86_64.whl", hash = "sha256:b831295e5472954104ecb46cd98c08b98b49c69fdb7040483aff799a755a7374"},
    {file = "numpy-1.26.3-cp311-cp311-macosx_11_0_arm64.whl", hash = "sha256:9e87562b91f68dd8b1c39149d0323b42e0082db7ddb8e934ab4c292094d575d6"},
    {file = "numpy-1.26.3-cp311-cp311-manylinux_2_17_aarch64.manylinux2014_aarch64.whl", hash = "sha256:8c66d6fec467e8c0f975818c1796d25c53521124b7cfb760114be0abad53a0a2"},
    {file = "numpy-1.26.3-cp311-cp311-manylinux_2_17_x86_64.manylinux2014_x86_64.whl", hash = "sha256:f25e2811a9c932e43943a2615e65fc487a0b6b49218899e62e426e7f0a57eeda"},
    {file = "numpy-1.26.3-cp311-cp311-musllinux_1_1_aarch64.whl", hash = "sha256:af36e0aa45e25c9f57bf684b1175e59ea05d9a7d3e8e87b7ae1a1da246f2767e"},
    {file = "numpy-1.26.3-cp311-cp311-musllinux_1_1_x86_64.whl", hash = "sha256:51c7f1b344f302067b02e0f5b5d2daa9ed4a721cf49f070280ac202738ea7f00"},
    {file = "numpy-1.26.3-cp311-cp311-win32.whl", hash = "sha256:7ca4f24341df071877849eb2034948459ce3a07915c2734f1abb4018d9c49d7b"},
    {file = "numpy-1.26.3-cp311-cp311-win_amd64.whl", hash = "sha256:39763aee6dfdd4878032361b30b2b12593fb445ddb66bbac802e2113eb8a6ac4"},
    {file = "numpy-1.26.3-cp312-cp312-macosx_10_9_x86_64.whl", hash = "sha256:a7081fd19a6d573e1a05e600c82a1c421011db7935ed0d5c483e9dd96b99cf13"},
    {file = "numpy-1.26.3-cp312-cp312-macosx_11_0_arm64.whl", hash = "sha256:12c70ac274b32bc00c7f61b515126c9205323703abb99cd41836e8125ea0043e"},
    {file = "numpy-1.26.3-cp312-cp312-manylinux_2_17_aarch64.manylinux2014_aarch64.whl", hash = "sha256:7f784e13e598e9594750b2ef6729bcd5a47f6cfe4a12cca13def35e06d8163e3"},
    {file = "numpy-1.26.3-cp312-cp312-manylinux_2_17_x86_64.manylinux2014_x86_64.whl", hash = "sha256:5f24750ef94d56ce6e33e4019a8a4d68cfdb1ef661a52cdaee628a56d2437419"},
    {file = "numpy-1.26.3-cp312-cp312-musllinux_1_1_aarch64.whl", hash = "sha256:77810ef29e0fb1d289d225cabb9ee6cf4d11978a00bb99f7f8ec2132a84e0166"},
    {file = "numpy-1.26.3-cp312-cp312-musllinux_1_1_x86_64.whl", hash = "sha256:8ed07a90f5450d99dad60d3799f9c03c6566709bd53b497eb9ccad9a55867f36"},
    {file = "numpy-1.26.3-cp312-cp312-win32.whl", hash = "sha256:f73497e8c38295aaa4741bdfa4fda1a5aedda5473074369eca10626835445511"},
    {file = "numpy-1.26.3-cp312-cp312-win_amd64.whl", hash = "sha256:da4b0c6c699a0ad73c810736303f7fbae483bcb012e38d7eb06a5e3b432c981b"},
    {file = "numpy-1.26.3-cp39-cp39-macosx_10_9_x86_64.whl", hash = "sha256:1666f634cb3c80ccbd77ec97bc17337718f56d6658acf5d3b906ca03e90ce87f"},
    {file = "numpy-1.26.3-cp39-cp39-macosx_11_0_arm64.whl", hash = "sha256:18c3319a7d39b2c6a9e3bb75aab2304ab79a811ac0168a671a62e6346c29b03f"},
    {file = "numpy-1.26.3-cp39-cp39-manylinux_2_17_aarch64.manylinux2014_aarch64.whl", hash = "sha256:0b7e807d6888da0db6e7e75838444d62495e2b588b99e90dd80c3459594e857b"},
    {file = "numpy-1.26.3-cp39-cp39-manylinux_2_17_x86_64.manylinux2014_x86_64.whl", hash = "sha256:b4d362e17bcb0011738c2d83e0a65ea8ce627057b2fdda37678f4374a382a137"},
    {file = "numpy-1.26.3-cp39-cp39-musllinux_1_1_aarch64.whl", hash = "sha256:b8c275f0ae90069496068c714387b4a0eba5d531aace269559ff2b43655edd58"},
    {file = "numpy-1.26.3-cp39-cp39-musllinux_1_1_x86_64.whl", hash = "sha256:cc0743f0302b94f397a4a65a660d4cd24267439eb16493fb3caad2e4389bccbb"},
    {file = "numpy-1.26.3-cp39-cp39-win32.whl", hash = "sha256:9bc6d1a7f8cedd519c4b7b1156d98e051b726bf160715b769106661d567b3f03"},
    {file = "numpy-1.26.3-cp39-cp39-win_amd64.whl", hash = "sha256:867e3644e208c8922a3be26fc6bbf112a035f50f0a86497f98f228c50c607bb2"},
    {file = "numpy-1.26.3-pp39-pypy39_pp73-macosx_10_9_x86_64.whl", hash = "sha256:3c67423b3703f8fbd90f5adaa37f85b5794d3366948efe9a5190a5f3a83fc34e"},
    {file = "numpy-1.26.3-pp39-pypy39_pp73-manylinux_2_17_x86_64.manylinux2014_x86_64.whl", hash = "sha256:46f47ee566d98849323f01b349d58f2557f02167ee301e5e28809a8c0e27a2d0"},
    {file = "numpy-1.26.3-pp39-pypy39_pp73-win_amd64.whl", hash = "sha256:a8474703bffc65ca15853d5fd4d06b18138ae90c17c8d12169968e998e448bb5"},
    {file = "numpy-1.26.3.tar.gz", hash = "sha256:697df43e2b6310ecc9d95f05d5ef20eacc09c7c4ecc9da3f235d39e71b7da1e4"},
]

[[package]]
name = "rustworkx"
version = "0.14.0"
description = "A python graph library implemented in Rust"
optional = false
python-versions = ">=3.8"
files = [
    {file = "rustworkx-0.14.0-cp310-cp310-macosx_10_12_x86_64.whl", hash = "sha256:a6a6310d4e5f42b0062beaa8f3a8784b5defa86f35e1c25b2c1425dc60ebfafe"},
    {file = "rustworkx-0.14.0-cp310-cp310-macosx_10_9_universal2.whl", hash = "sha256:2c14b9e530e695c31722acc792f090d85f4956b83dcc90a0dd01cf1ac802b14b"},
    {file = "rustworkx-0.14.0-cp310-cp310-macosx_11_0_arm64.whl", hash = "sha256:310e72f79f71c5cc0bfaee17dcb95b548477538d934d5c4189b3ca3bfcb0b7de"},
    {file = "rustworkx-0.14.0-cp310-cp310-manylinux_2_12_i686.manylinux2010_i686.manylinux_2_17_i686.manylinux2014_i686.whl", hash = "sha256:193f4e9538a5f297476f68ecbedb4f783290bc77d8c3837317e4acc711abc23e"},
    {file = "rustworkx-0.14.0-cp310-cp310-manylinux_2_17_aarch64.manylinux2014_aarch64.whl", hash = "sha256:6fd91e519a186bb3424e6e1d7274bf8fb881c0857d5061730f159064eb6d0713"},
    {file = "rustworkx-0.14.0-cp310-cp310-manylinux_2_17_ppc64le.manylinux2014_ppc64le.whl", hash = "sha256:cf5d66f9cd4c28a13e87cd267a100d66c5e7e2c51577f33213f0bef1130fa21c"},
    {file = "rustworkx-0.14.0-cp310-cp310-manylinux_2_17_s390x.manylinux2014_s390x.whl", hash = "sha256:a71f0566010157d03750770c8a26d57cbfe409ebb63adbbd98f5c0fde9dd17cd"},
    {file = "rustworkx-0.14.0-cp310-cp310-manylinux_2_17_x86_64.manylinux2014_x86_64.whl", hash = "sha256:5ddc3bd98d68e4c36e1a69854345fda8af93b996f318587486cda84dcd847488"},
    {file = "rustworkx-0.14.0-cp310-cp310-musllinux_1_1_aarch64.whl", hash = "sha256:b4c5692544e1486b6e42807fe506bf518f96d2e0eef1c510bc73bd9f996641c6"},
    {file = "rustworkx-0.14.0-cp310-cp310-musllinux_1_1_x86_64.whl", hash = "sha256:7a17453ea50f9dcbc0546c65734f6acf291877908bb90af94849763136f524de"},
    {file = "rustworkx-0.14.0-cp310-cp310-win32.whl", hash = "sha256:243289498e179d8a56eb6f36a1e050d663bc1d8bcd37bb46009cdb365c053d28"},
    {file = "rustworkx-0.14.0-cp310-cp310-win_amd64.whl", hash = "sha256:fb4c03d6a393f433c831de25261a3ff3b6d50d703573ce87792240b0891f45f2"},
    {file = "rustworkx-0.14.0-cp311-cp311-macosx_10_12_x86_64.whl", hash = "sha256:39fc9766080f2ac358d146ff891d088265335f72aca9d01040b8dea53b47ce9d"},
    {file = "rustworkx-0.14.0-cp311-cp311-macosx_10_9_universal2.whl", hash = "sha256:c37e8e3c57766887a0ee7293f5d39db4d15055fb41ee8fc1d03a430767a0acd0"},
    {file = "rustworkx-0.14.0-cp311-cp311-macosx_11_0_arm64.whl", hash = "sha256:3a49bce8d3697ea4681bcff9a2b92ea429fedb0457fcb204e780ca77e1349ef2"},
    {file = "rustworkx-0.14.0-cp311-cp311-manylinux_2_12_i686.manylinux2010_i686.manylinux_2_17_i686.manylinux2014_i686.whl", hash = "sha256:9a723827c9e3a42361b608b8335487511c0687170866e6f0153769075bd53c1c"},
    {file = "rustworkx-0.14.0-cp311-cp311-manylinux_2_17_aarch64.manylinux2014_aarch64.whl", hash = "sha256:a296ffa4eb5d5b2b21a4412cafea894dd5a03d22094a2779e55e0391dcf222dd"},
    {file = "rustworkx-0.14.0-cp311-cp311-manylinux_2_17_ppc64le.manylinux2014_ppc64le.whl", hash = "sha256:a8c4a19e3e2b259ad24c496e5de125ec4a8db457b53917ce39d4ebc73fcc107d"},
    {file = "rustworkx-0.14.0-cp311-cp311-manylinux_2_17_s390x.manylinux2014_s390x.whl", hash = "sha256:61cb8e53616695066dda1423e4154de671873f14c4e2f5f7b6ad8094b1eea550"},
    {file = "rustworkx-0.14.0-cp311-cp311-manylinux_2_17_x86_64.manylinux2014_x86_64.whl", hash = "sha256:fa130689c44c07c94bc3e40ea43a1ddd91a06e56f1f7163e98cf78cdccdf40cc"},
    {file = "rustworkx-0.14.0-cp311-cp311-musllinux_1_1_aarch64.whl", hash = "sha256:6140b7652925ffd9bafba9856ad4e5f7eb6bfe1005d30a006e495d15c6706868"},
    {file = "rustworkx-0.14.0-cp311-cp311-musllinux_1_1_x86_64.whl", hash = "sha256:629affd1077ec587089ec6d4a9c6a324970a3608b83593af61af1d7068c8a67b"},
    {file = "rustworkx-0.14.0-cp311-cp311-win32.whl", hash = "sha256:1cf4e2cf9e2b682690b9b406694952f73bde5519cef710bcb73a8880bd438d25"},
    {file = "rustworkx-0.14.0-cp311-cp311-win_amd64.whl", hash = "sha256:0c4ce5ffb5035bf518cc6f97ccb73a3ffde509e15a7381ff120bce535263adbd"},
    {file = "rustworkx-0.14.0-cp312-cp312-macosx_10_12_x86_64.whl", hash = "sha256:f4e6859a375c7889c08d8668c680686d8537f5cdd5747ecb782a6c24a280ec16"},
    {file = "rustworkx-0.14.0-cp312-cp312-macosx_10_9_universal2.whl", hash = "sha256:ab80a6111161ff2688b3b6f01e06ff1cca395043eb767b0bd6e6e2f4ac093216"},
    {file = "rustworkx-0.14.0-cp312-cp312-macosx_11_0_arm64.whl", hash = "sha256:655e31dff2decff75daa168c1b7b8381dec7af4c1f5ecf7766f5e0669b59036a"},
    {file = "rustworkx-0.14.0-cp312-cp312-manylinux_2_12_i686.manylinux2010_i686.manylinux_2_17_i686.manylinux2014_i686.whl", hash = "sha256:fc06aa5f46ff3c0e47936d46b77700b0abd4f7320b5440c7f43f6435491cc134"},
    {file = "rustworkx-0.14.0-cp312-cp312-manylinux_2_17_aarch64.manylinux2014_aarch64.whl", hash = "sha256:21c0a10cc299b9b02c71570204644eebcfb6162395ec4ea9860b94ad227407fc"},
    {file = "rustworkx-0.14.0-cp312-cp312-manylinux_2_17_s390x.manylinux2014_s390x.whl", hash = "sha256:e8629842bda66122d9b5162983de0940a232ccbb81bdd2dff90fd3ff203cc203"},
    {file = "rustworkx-0.14.0-cp312-cp312-manylinux_2_17_x86_64.manylinux2014_x86_64.whl", hash = "sha256:37faf40455c90c09dd1d04d9abea664916be812553c78bee28a178b51cb3f166"},
    {file = "rustworkx-0.14.0-cp312-cp312-musllinux_1_1_aarch64.whl", hash = "sha256:a3158116559b71b5a8b66ffb816c8fa3e13415e9727fda9bba0e79cd97752325"},
    {file = "rustworkx-0.14.0-cp312-cp312-musllinux_1_1_x86_64.whl", hash = "sha256:e1049d5d406f68d0b630a55958c24beb54a908ae6f9867495cf64a64ac519a53"},
    {file = "rustworkx-0.14.0-cp312-cp312-win32.whl", hash = "sha256:b6f946b8b9a396b2d64ff2f20adc2f65d14eca6d0f3b2e569b577e804bc5b371"},
    {file = "rustworkx-0.14.0-cp312-cp312-win_amd64.whl", hash = "sha256:a52aa6fa5aa2cb367b542180079adae1fc883621a4fbf3e783a271176aed1f1e"},
    {file = "rustworkx-0.14.0-cp38-cp38-macosx_10_12_x86_64.whl", hash = "sha256:fc1212d8dfb73b05e14a2563a5c8bebc76da5092ab40a43c6930670e31cf6753"},
    {file = "rustworkx-0.14.0-cp38-cp38-macosx_10_9_universal2.whl", hash = "sha256:49beadc6c7577447a8c51832cbb2f55c77d38ac44608e4fa35580cd4565370bb"},
    {file = "rustworkx-0.14.0-cp38-cp38-macosx_11_0_arm64.whl", hash = "sha256:910345204e3260bb97b6be1a4736148017224a6aa3f91b7488e2d603e8182746"},
    {file = "rustworkx-0.14.0-cp38-cp38-manylinux_2_12_i686.manylinux2010_i686.manylinux_2_17_i686.manylinux2014_i686.whl", hash = "sha256:4312ec3a0b3cc5569b153e926b3cc38c06d52ff6482253d0ae93a9f4d64e90c3"},
    {file = "rustworkx-0.14.0-cp38-cp38-manylinux_2_17_aarch64.manylinux2014_aarch64.whl", hash = "sha256:83fc2c3ec943a501494a05139c20f6428c588fdd77d35fb376336d4586489179"},
    {file = "rustworkx-0.14.0-cp38-cp38-manylinux_2_17_s390x.manylinux2014_s390x.whl", hash = "sha256:1432f49fae37771a09709015c7cf7c474aba091a0325bc2615968839194e1060"},
    {file = "rustworkx-0.14.0-cp38-cp38-manylinux_2_17_x86_64.manylinux2014_x86_64.whl", hash = "sha256:349408fab3a22c676d735363ead9cbc074bd5c7c9503a33e3b9b83b9394c0176"},
    {file = "rustworkx-0.14.0-cp38-cp38-musllinux_1_1_aarch64.whl", hash = "sha256:2c073a21e4e4af2de161523aa42cc567736fcf96b3d426a64f6a9586791c070c"},
    {file = "rustworkx-0.14.0-cp38-cp38-musllinux_1_1_x86_64.whl", hash = "sha256:018ed1aef2ff00ad96422b3faa4d9b5c7948420bc541556be56cef823a781458"},
    {file = "rustworkx-0.14.0-cp38-cp38-win32.whl", hash = "sha256:412c58a457ba89788266096f09bee28985f925ccec8b1d0c89343447f67f701a"},
    {file = "rustworkx-0.14.0-cp38-cp38-win_amd64.whl", hash = "sha256:390dd489997381ddba668a688d53623d6417a6e58915e453fc13c3a3c6d2f081"},
    {file = "rustworkx-0.14.0-cp39-cp39-macosx_10_12_x86_64.whl", hash = "sha256:b5a981e85cf6c48ce97765385cc3729e65cb6328d9164eff9e1a1555037e51c0"},
    {file = "rustworkx-0.14.0-cp39-cp39-macosx_10_9_universal2.whl", hash = "sha256:b2b1d33dd66fc03472fcad5350d3b5de5ee91ed73781c426aa4ab6d36fac9ead"},
    {file = "rustworkx-0.14.0-cp39-cp39-macosx_11_0_arm64.whl", hash = "sha256:71939b3f2ededd8579b554584517002410a5712a16c68fae2fae1b0dd66ba9dc"},
    {file = "rustworkx-0.14.0-cp39-cp39-manylinux_2_12_i686.manylinux2010_i686.manylinux_2_17_i686.manylinux2014_i686.whl", hash = "sha256:ac0825a559485b0b17dbed4a93baf075f505d49bcaac6a33f2ec62b15557e654"},
    {file = "rustworkx-0.14.0-cp39-cp39-manylinux_2_17_aarch64.manylinux2014_aarch64.whl", hash = "sha256:4c6cfa4316324bb0665f7fd74302248e9f2f9c75e2ed5bd913504dc63ae05295"},
    {file = "rustworkx-0.14.0-cp39-cp39-manylinux_2_17_ppc64le.manylinux2014_ppc64le.whl", hash = "sha256:05685432cca2fa10e869db766756287ab38eee77fc3480692b7eab02205bd0e6"},
    {file = "rustworkx-0.14.0-cp39-cp39-manylinux_2_17_s390x.manylinux2014_s390x.whl", hash = "sha256:feacd60e25e9978df0916af6cdd6ebead6fd915368d8da3ee24ea7380f9a49b3"},
    {file = "rustworkx-0.14.0-cp39-cp39-manylinux_2_17_x86_64.manylinux2014_x86_64.whl", hash = "sha256:1c2ddd4c2037ab43b11166d71ce245b187cd20d5504b801997140562561f019e"},
    {file = "rustworkx-0.14.0-cp39-cp39-musllinux_1_1_aarch64.whl", hash = "sha256:c70f57923553cf594dfe261b089fd1fba1a07638f2a33a1a622fcd29dd017503"},
    {file = "rustworkx-0.14.0-cp39-cp39-musllinux_1_1_x86_64.whl", hash = "sha256:c5bf77a3f5de703d794c3b51ed2d043ae92e270bb06d9e181cc5e6f1523f583d"},
    {file = "rustworkx-0.14.0-cp39-cp39-win32.whl", hash = "sha256:6052e8bf0b1332cbc86b689471a70eb28a5650a1dada80743d83f56b0d44f18c"},
    {file = "rustworkx-0.14.0-cp39-cp39-win_amd64.whl", hash = "sha256:cf4e6d96f838b17948e397cfa6513a7582e7dda9805faf9d00bcc38759c8cfd7"},
    {file = "rustworkx-0.14.0.tar.gz", hash = "sha256:d630e3dd2984bb3dfa1cc9af5d960c3b970a5c0512551d8340996e9e61e2ca44"},
]

[package.dependencies]
numpy = ">=1.16.0,<2"

[package.extras]
all = ["matplotlib (>=3.0)", "pillow (>=5.4)"]
graphviz = ["pillow (>=5.4)"]
mpl = ["matplotlib (>=3.0)"]

[metadata]
lock-version = "2.0"
python-versions = "3.11.6"
content-hash = "f6dc491412031d71a87671c96c2b3016c9620f20d690e4d6c98fec440b681334"
