# This file is automatically @generated by Poetry 1.7.1 and should not be changed by hand.

[[package]]
name = "ml-dtypes"
version = "0.3.2"
description = ""
optional = false
python-versions = ">=3.9"
files = [
    {file = "ml_dtypes-0.3.2-cp310-cp310-macosx_10_9_universal2.whl", hash = "sha256:7afde548890a92b41c0fed3a6c525f1200a5727205f73dc21181a2726571bb53"},
    {file = "ml_dtypes-0.3.2-cp310-cp310-manylinux_2_17_aarch64.manylinux2014_aarch64.whl", hash = "sha256:d1a746fe5fb9cd974a91070174258f0be129c592b93f9ce7df6cc336416c3fbd"},
    {file = "ml_dtypes-0.3.2-cp310-cp310-manylinux_2_17_x86_64.manylinux2014_x86_64.whl", hash = "sha256:961134ea44c7b8ca63eda902a44b58cd8bd670e21d62e255c81fba0a8e70d9b7"},
    {file = "ml_dtypes-0.3.2-cp310-cp310-win_amd64.whl", hash = "sha256:6b35c4e8ca957c877ac35c79ffa77724ecc3702a1e4b18b08306c03feae597bb"},
    {file = "ml_dtypes-0.3.2-cp311-cp311-macosx_10_9_universal2.whl", hash = "sha256:763697ab8a88d47443997a7cdf3aac7340049aed45f7521f6b0ec8a0594821fe"},
    {file = "ml_dtypes-0.3.2-cp311-cp311-manylinux_2_17_aarch64.manylinux2014_aarch64.whl", hash = "sha256:b89b194e9501a92d289c1ffd411380baf5daafb9818109a4f49b0a1b6dce4462"},
    {file = "ml_dtypes-0.3.2-cp311-cp311-manylinux_2_17_x86_64.manylinux2014_x86_64.whl", hash = "sha256:2c34f2ba9660b21fe1034b608308a01be82bbef2a92fb8199f24dc6bad0d5226"},
    {file = "ml_dtypes-0.3.2-cp311-cp311-win_amd64.whl", hash = "sha256:6604877d567a29bfe7cc02969ae0f2425260e5335505cf5e7fefc3e5465f5655"},
    {file = "ml_dtypes-0.3.2-cp312-cp312-macosx_10_9_universal2.whl", hash = "sha256:93b78f53431c93953f7850bb1b925a17f0ab5d97527e38a7e865b5b4bc5cfc18"},
    {file = "ml_dtypes-0.3.2-cp312-cp312-manylinux_2_17_aarch64.manylinux2014_aarch64.whl", hash = "sha256:3a17ef2322e60858d93584e9c52a5be7dd6236b056b7fa1ec57f1bb6ba043e33"},
    {file = "ml_dtypes-0.3.2-cp312-cp312-manylinux_2_17_x86_64.manylinux2014_x86_64.whl", hash = "sha256:e8505946df1665db01332d885c2020b4cb9e84a8b1241eb4ba69d59591f65855"},
    {file = "ml_dtypes-0.3.2-cp312-cp312-win_amd64.whl", hash = "sha256:f47619d978ab1ae7dfdc4052ea97c636c6263e1f19bd1be0e42c346b98d15ff4"},
    {file = "ml_dtypes-0.3.2-cp39-cp39-macosx_10_9_universal2.whl", hash = "sha256:c7b3fb3d4f6b39bcd4f6c4b98f406291f0d681a895490ee29a0f95bab850d53c"},
    {file = "ml_dtypes-0.3.2-cp39-cp39-manylinux_2_17_aarch64.manylinux2014_aarch64.whl", hash = "sha256:7a4c3fcbf86fa52d0204f07cfd23947ef05b4ad743a1a988e163caa34a201e5e"},
    {file = "ml_dtypes-0.3.2-cp39-cp39-manylinux_2_17_x86_64.manylinux2014_x86_64.whl", hash = "sha256:91f8783fd1f2c23fd3b9ee5ad66b785dafa58ba3cdb050c4458021fa4d1eb226"},
    {file = "ml_dtypes-0.3.2-cp39-cp39-win_amd64.whl", hash = "sha256:7ba8e1fafc7fff3e643f453bffa7d082df1678a73286ce8187d3e825e776eb94"},
    {file = "ml_dtypes-0.3.2.tar.gz", hash = "sha256:533059bc5f1764fac071ef54598db358c167c51a718f68f5bb55e3dee79d2967"},
]

[package.dependencies]
numpy = {version = ">=1.23.3", markers = "python_version >= \"3.11\""}

[package.extras]
dev = ["absl-py", "pyink", "pylint (>=2.6.0)", "pytest", "pytest-xdist"]

[[package]]
name = "numpy"
version = "1.26.3"
description = "Fundamental package for array computing in Python"
optional = false
python-versions = ">=3.9"
files = [
    {file = "numpy-1.26.3-cp310-cp310-macosx_10_9_x86_64.whl", hash = "sha256:806dd64230dbbfaca8a27faa64e2f414bf1c6622ab78cc4264f7f5f028fee3bf"},
    {file = "numpy-1.26.3-cp310-cp310-macosx_11_0_arm64.whl", hash = "sha256:02f98011ba4ab17f46f80f7f8f1c291ee7d855fcef0a5a98db80767a468c85cd"},
    {file = "numpy-1.26.3-cp310-cp310-manylinux_2_17_aarch64.manylinux2014_aarch64.whl", hash = "sha256:6d45b3ec2faed4baca41c76617fcdcfa4f684ff7a151ce6fc78ad3b6e85af0a6"},
    {file = "numpy-1.26.3-cp310-cp310-manylinux_2_17_x86_64.manylinux2014_x86_64.whl", hash = "sha256:bdd2b45bf079d9ad90377048e2747a0c82351989a2165821f0c96831b4a2a54b"},
    {file = "numpy-1.26.3-cp310-cp310-musllinux_1_1_aarch64.whl", hash = "sha256:211ddd1e94817ed2d175b60b6374120244a4dd2287f4ece45d49228b4d529178"},
    {file = "numpy-1.26.3-cp310-cp310-musllinux_1_1_x86_64.whl", hash = "sha256:b1240f767f69d7c4c8a29adde2310b871153df9b26b5cb2b54a561ac85146485"},
    {file = "numpy-1.26.3-cp310-cp310-win32.whl", hash = "sha256:21a9484e75ad018974a2fdaa216524d64ed4212e418e0a551a2d83403b0531d3"},
    {file = "numpy-1.26.3-cp310-cp310-win_amd64.whl", hash = "sha256:9e1591f6ae98bcfac2a4bbf9221c0b92ab49762228f38287f6eeb5f3f55905ce"},
    {file = "numpy-1.26.3-cp311-cp311-macosx_10_9_x86_64.whl", hash = "sha256:b831295e5472954104ecb46cd98c08b98b49c69fdb7040483aff799a755a7374"},
    {file = "numpy-1.26.3-cp311-cp311-macosx_11_0_arm64.whl", hash = "sha256:9e87562b91f68dd8b1c39149d0323b42e0082db7ddb8e934ab4c292094d575d6"},
    {file = "numpy-1.26.3-cp311-cp311-manylinux_2_17_aarch64.manylinux2014_aarch64.whl", hash = "sha256:8c66d6fec467e8c0f975818c1796d25c53521124b7cfb760114be0abad53a0a2"},
    {file = "numpy-1.26.3-cp311-cp311-manylinux_2_17_x86_64.manylinux2014_x86_64.whl", hash = "sha256:f25e2811a9c932e43943a2615e65fc487a0b6b49218899e62e426e7f0a57eeda"},
    {file = "numpy-1.26.3-cp311-cp311-musllinux_1_1_aarch64.whl", hash = "sha256:af36e0aa45e25c9f57bf684b1175e59ea05d9a7d3e8e87b7ae1a1da246f2767e"},
    {file = "numpy-1.26.3-cp311-cp311-musllinux_1_1_x86_64.whl", hash = "sha256:51c7f1b344f302067b02e0f5b5d2daa9ed4a721cf49f070280ac202738ea7f00"},
    {file = "numpy-1.26.3-cp311-cp311-win32.whl", hash = "sha256:7ca4f24341df071877849eb2034948459ce3a07915c2734f1abb4018d9c49d7b"},
    {file = "numpy-1.26.3-cp311-cp311-win_amd64.whl", hash = "sha256:39763aee6dfdd4878032361b30b2b12593fb445ddb66bbac802e2113eb8a6ac4"},
    {file = "numpy-1.26.3-cp312-cp312-macosx_10_9_x86_64.whl", hash = "sha256:a7081fd19a6d573e1a05e600c82a1c421011db7935ed0d5c483e9dd96b99cf13"},
    {file = "numpy-1.26.3-cp312-cp312-macosx_11_0_arm64.whl", hash = "sha256:12c70ac274b32bc00c7f61b515126c9205323703abb99cd41836e8125ea0043e"},
    {file = "numpy-1.26.3-cp312-cp312-manylinux_2_17_aarch64.manylinux2014_aarch64.whl", hash = "sha256:7f784e13e598e9594750b2ef6729bcd5a47f6cfe4a12cca13def35e06d8163e3"},
    {file = "numpy-1.26.3-cp312-cp312-manylinux_2_17_x86_64.manylinux2014_x86_64.whl", hash = "sha256:5f24750ef94d56ce6e33e4019a8a4d68cfdb1ef661a52cdaee628a56d2437419"},
    {file = "numpy-1.26.3-cp312-cp312-musllinux_1_1_aarch64.whl", hash = "sha256:77810ef29e0fb1d289d225cabb9ee6cf4d11978a00bb99f7f8ec2132a84e0166"},
    {file = "numpy-1.26.3-cp312-cp312-musllinux_1_1_x86_64.whl", hash = "sha256:8ed07a90f5450d99dad60d3799f9c03c6566709bd53b497eb9ccad9a55867f36"},
    {file = "numpy-1.26.3-cp312-cp312-win32.whl", hash = "sha256:f73497e8c38295aaa4741bdfa4fda1a5aedda5473074369eca10626835445511"},
    {file = "numpy-1.26.3-cp312-cp312-win_amd64.whl", hash = "sha256:da4b0c6c699a0ad73c810736303f7fbae483bcb012e38d7eb06a5e3b432c981b"},
    {file = "numpy-1.26.3-cp39-cp39-macosx_10_9_x86_64.whl", hash = "sha256:1666f634cb3c80ccbd77ec97bc17337718f56d6658acf5d3b906ca03e90ce87f"},
    {file = "numpy-1.26.3-cp39-cp39-macosx_11_0_arm64.whl", hash = "sha256:18c3319a7d39b2c6a9e3bb75aab2304ab79a811ac0168a671a62e6346c29b03f"},
    {file = "numpy-1.26.3-cp39-cp39-manylinux_2_17_aarch64.manylinux2014_aarch64.whl", hash = "sha256:0b7e807d6888da0db6e7e75838444d62495e2b588b99e90dd80c3459594e857b"},
    {file = "numpy-1.26.3-cp39-cp39-manylinux_2_17_x86_64.manylinux2014_x86_64.whl", hash = "sha256:b4d362e17bcb0011738c2d83e0a65ea8ce627057b2fdda37678f4374a382a137"},
    {file = "numpy-1.26.3-cp39-cp39-musllinux_1_1_aarch64.whl", hash = "sha256:b8c275f0ae90069496068c714387b4a0eba5d531aace269559ff2b43655edd58"},
    {file = "numpy-1.26.3-cp39-cp39-musllinux_1_1_x86_64.whl", hash = "sha256:cc0743f0302b94f397a4a65a660d4cd24267439eb16493fb3caad2e4389bccbb"},
    {file = "numpy-1.26.3-cp39-cp39-win32.whl", hash = "sha256:9bc6d1a7f8cedd519c4b7b1156d98e051b726bf160715b769106661d567b3f03"},
    {file = "numpy-1.26.3-cp39-cp39-win_amd64.whl", hash = "sha256:867e3644e208c8922a3be26fc6bbf112a035f50f0a86497f98f228c50c607bb2"},
    {file = "numpy-1.26.3-pp39-pypy39_pp73-macosx_10_9_x86_64.whl", hash = "sha256:3c67423b3703f8fbd90f5adaa37f85b5794d3366948efe9a5190a5f3a83fc34e"},
    {file = "numpy-1.26.3-pp39-pypy39_pp73-manylinux_2_17_x86_64.manylinux2014_x86_64.whl", hash = "sha256:46f47ee566d98849323f01b349d58f2557f02167ee301e5e28809a8c0e27a2d0"},
    {file = "numpy-1.26.3-pp39-pypy39_pp73-win_amd64.whl", hash = "sha256:a8474703bffc65ca15853d5fd4d06b18138ae90c17c8d12169968e998e448bb5"},
    {file = "numpy-1.26.3.tar.gz", hash = "sha256:697df43e2b6310ecc9d95f05d5ef20eacc09c7c4ecc9da3f235d39e71b7da1e4"},
]

[[package]]
name = "tensorstore"
version = "0.1.53"
description = "Read and write large, multi-dimensional arrays"
optional = false
python-versions = ">=3.9"
files = [
    {file = "tensorstore-0.1.53-cp310-cp310-macosx_10_14_x86_64.whl", hash = "sha256:c54a67a7d82e5e35fd818ec7d8365158b669444bd7b436e2df3817c9eae4b245"},
    {file = "tensorstore-0.1.53-cp310-cp310-macosx_11_0_arm64.whl", hash = "sha256:d82eb4c8993f3dbc76c2857b873126586ccd2965a7c920df4cf9b6e3b3d62110"},
    {file = "tensorstore-0.1.53-cp310-cp310-manylinux_2_17_x86_64.manylinux2014_x86_64.whl", hash = "sha256:d5beb0f70813e9f7df4d3a49dccc5d3d2ac50fb5da6f2ea9ad0605963567e31e"},
    {file = "tensorstore-0.1.53-cp310-cp310-win_amd64.whl", hash = "sha256:a84873df7ca17e75568d72ddfd1c90f0bd850964a60a49f428127f0270bbcccd"},
    {file = "tensorstore-0.1.53-cp311-cp311-macosx_10_14_x86_64.whl", hash = "sha256:753d8666b80a8d13cb76cc3e07a5f99dae88e9982e822e74ef650ca98384b089"},
    {file = "tensorstore-0.1.53-cp311-cp311-macosx_11_0_arm64.whl", hash = "sha256:add2c1ee5ffc6588d5e7cf6a2ad3918b2bb5ac2ed6df4c33aeccf5ba284d4699"},
    {file = "tensorstore-0.1.53-cp311-cp311-manylinux_2_17_x86_64.manylinux2014_x86_64.whl", hash = "sha256:f3e1e5cdac47df4801e4df99291d0eabecacc21ab982389217d8d5b20f14db61"},
    {file = "tensorstore-0.1.53-cp311-cp311-win_amd64.whl", hash = "sha256:8742ae23b0b67da033bd95ddc7c89fa90f526774bc618c4938d697da6ce687fd"},
    {file = "tensorstore-0.1.53-cp312-cp312-macosx_10_14_x86_64.whl", hash = "sha256:8c7ff02e4210980cc86925ace089819079a91eabe04bde63b0359c898f05ec0a"},
    {file = "tensorstore-0.1.53-cp312-cp312-macosx_11_0_arm64.whl", hash = "sha256:0e96d83086ea71e41e88becf6309ef9fd8cbb6ff0499f1d79b1bcf7d90b0f75e"},
    {file = "tensorstore-0.1.53-cp312-cp312-manylinux_2_17_x86_64.manylinux2014_x86_64.whl", hash = "sha256:7bc8844330780f74525e0adc3c2e267bfbec14aa177f54053597d0efdebccd01"},
    {file = "tensorstore-0.1.53-cp312-cp312-win_amd64.whl", hash = "sha256:1c2aa4bd6589b289e83ac8704733249b9b9125a53573f6ca1b2fd3cd34cfd048"},
    {file = "tensorstore-0.1.53-cp39-cp39-macosx_10_14_x86_64.whl", hash = "sha256:2b7cc4697c051a06a44879a51069c61d6e33b4d9200afafc08a7e8c17e68a3fd"},
    {file = "tensorstore-0.1.53-cp39-cp39-macosx_11_0_arm64.whl", hash = "sha256:9139eefcfb68d4208313fbd80a1a2855f7f132862837539a29e8f1570aa164fa"},
    {file = "tensorstore-0.1.53-cp39-cp39-manylinux_2_17_x86_64.manylinux2014_x86_64.whl", hash = "sha256:b289d12c9970eda23bad8cf64f24c220fdd7e0bfe34403789c1cb70997d48b7b"},
    {file = "tensorstore-0.1.53-cp39-cp39-win_amd64.whl", hash = "sha256:4940401207bc1b9ab2877db67fd3464b19d0d732f2f0a3eea325aabf88e5891c"},
    {file = "tensorstore-0.1.53.tar.gz", hash = "sha256:45ef74b2dc9f2cd5f766bc373ded91d681cd021cc69d16592df48abaeb81af56"},
]

[package.dependencies]
ml-dtypes = ">=0.3.1"
numpy = ">=1.16.0"

[metadata]
lock-version = "2.0"
python-versions = "3.11.6"
content-hash = "ebcb9a166cb11b70be50e4b40a07f5b52cb0495ce11ca978e316f1b8dd57b7d4"
