# This file is automatically @generated by Poetry 1.7.1 and should not be changed by hand.

[[package]]
name = "apache-sedona"
version = "1.5.1"
description = "Apache Sedona is a cluster computing system for processing large-scale spatial data"
optional = false
python-versions = ">=3.6"
files = [
    {file = "apache-sedona-1.5.1.tar.gz", hash = "sha256:a9ee75b9600e5b52ed18d43190fda933909cc6fbc3203a64c65955c6ad093bc8"},
    {file = "apache_sedona-1.5.1-cp310-cp310-macosx_10_9_x86_64.whl", hash = "sha256:2b4060cb0cf2bd8579d518248b1c7f86c2799f95551bebcd336c3ba005dcf0ae"},
    {file = "apache_sedona-1.5.1-cp310-cp310-macosx_11_0_arm64.whl", hash = "sha256:e7b980c3cd91fcc78b18ffd2ba29b8788695fc211b1f0b120c38e6816c743cd9"},
    {file = "apache_sedona-1.5.1-cp310-cp310-manylinux_2_17_aarch64.manylinux2014_aarch64.whl", hash = "sha256:e8267708821b32e454662014d8f5f4b5d83fc20580585bbe754b80e61cef8fed"},
    {file = "apache_sedona-1.5.1-cp310-cp310-manylinux_2_17_x86_64.manylinux2014_x86_64.whl", hash = "sha256:d22496ef71a1287fbc598d5d5ae848aa3bc908c735d793d8942281167ef3ffc3"},
    {file = "apache_sedona-1.5.1-cp310-cp310-win_amd64.whl", hash = "sha256:0affbe9426c716c25c1854ee3e7e970426d603aa60ff88ac8ba44dfc4cc3090c"},
    {file = "apache_sedona-1.5.1-cp310-cp310-win_arm64.whl", hash = "sha256:15a2026f4cd4a636f2884586e04773aa50357ea277f4fb2c810b15d6541e3763"},
    {file = "apache_sedona-1.5.1-cp311-cp311-macosx_10_9_x86_64.whl", hash = "sha256:d2bf779014fd29b300a1b44d3a0a05b0dc4f447dc461d4deb0b3b1cb48db4c32"},
    {file = "apache_sedona-1.5.1-cp311-cp311-macosx_11_0_arm64.whl", hash = "sha256:1b389bb8edbf74835ea24b52b25d9202b42bce1ae87504a76fa5d4a67e46ba38"},
    {file = "apache_sedona-1.5.1-cp311-cp311-manylinux_2_17_aarch64.manylinux2014_aarch64.whl", hash = "sha256:c97092ac316c29f93861e2ab4ff3500d774ff0642b8a1f61f583b8dc8cf5fdbe"},
    {file = "apache_sedona-1.5.1-cp311-cp311-manylinux_2_17_x86_64.manylinux2014_x86_64.whl", hash = "sha256:72fd4f02c0499a07974c5417f6b77f51788ff7504879a14f13e5b1ea6978e8dc"},
    {file = "apache_sedona-1.5.1-cp311-cp311-win_amd64.whl", hash = "sha256:42974d9c9cde07d9bb0c40594ac9189b293eff4df07a4201c4e987bef0fb10a6"},
    {file = "apache_sedona-1.5.1-cp311-cp311-win_arm64.whl", hash = "sha256:ddc9cd29072ecc12558b486e1cc2cb0ec9fb33bfa1d83d697bbbbe9a4cacac2a"},
    {file = "apache_sedona-1.5.1-cp36-cp36m-macosx_10_9_x86_64.whl", hash = "sha256:ad135419e6af4bb948cd8c9ada3cc8929afd5d68683030e5c74284a986c33c5d"},
    {file = "apache_sedona-1.5.1-cp36-cp36m-manylinux_2_17_aarch64.manylinux2014_aarch64.whl", hash = "sha256:6573fd14e6235104158a25c8aa13d67915a92837bc9bc24377f325bfb8739ac5"},
    {file = "apache_sedona-1.5.1-cp36-cp36m-manylinux_2_17_x86_64.manylinux2014_x86_64.whl", hash = "sha256:1ac0e3d854f8f2e97480806fe55e302023120e0db53a9386ba05a81118f2089d"},
    {file = "apache_sedona-1.5.1-cp36-cp36m-win_amd64.whl", hash = "sha256:d65fb84a9c7d9ce65929effaf7f4af58d569b50906ab01f848d7b61a23fd7ceb"},
    {file = "apache_sedona-1.5.1-cp37-cp37m-macosx_10_9_x86_64.whl", hash = "sha256:6762d9f6bfbd76dc2749fc521b216d7a469238f414e1f3b3a95cfe92fd759c87"},
    {file = "apache_sedona-1.5.1-cp37-cp37m-manylinux_2_17_aarch64.manylinux2014_aarch64.whl", hash = "sha256:6629d2023f9111265d677632be68ed2e20e7b35056f6c0bb1b622fd79f239d49"},
    {file = "apache_sedona-1.5.1-cp37-cp37m-manylinux_2_17_x86_64.manylinux2014_x86_64.whl", hash = "sha256:7a1afd357c86bf9e1d8431f0ebbd3ec44dec7499b4e89ba1d76afe2dff6a98bf"},
    {file = "apache_sedona-1.5.1-cp37-cp37m-win_amd64.whl", hash = "sha256:7b5ca06223a1fa1dac49eb41af73adb74ec224aa363533903df9549b8e9b2f5a"},
    {file = "apache_sedona-1.5.1-cp38-cp38-macosx_10_9_x86_64.whl", hash = "sha256:3eaf1974f98884191e0f067c62f571e5046951b04047038dd8b12a306cf4dfb8"},
    {file = "apache_sedona-1.5.1-cp38-cp38-macosx_11_0_arm64.whl", hash = "sha256:7686fba70bc8c2a6eef926659d37fc8fa57ff73f9bd570bcfda5006e0a2fa8b8"},
    {file = "apache_sedona-1.5.1-cp38-cp38-manylinux_2_17_aarch64.manylinux2014_aarch64.whl", hash = "sha256:9b97821846ea873c41bd9e494da3dfc17d7c7df4065558a188acab7f5ab51673"},
    {file = "apache_sedona-1.5.1-cp38-cp38-manylinux_2_17_x86_64.manylinux2014_x86_64.whl", hash = "sha256:c09486406afc8db30107a39b48f0c64e7577c0789b58fa505025afd0a3992d5b"},
    {file = "apache_sedona-1.5.1-cp38-cp38-win_amd64.whl", hash = "sha256:a95c5957d87cad41611d4aa3e3e046b87b38cc6e5ae73d37497c15b3d0a09284"},
    {file = "apache_sedona-1.5.1-cp39-cp39-macosx_10_9_x86_64.whl", hash = "sha256:2ea3f8a075203d10d24ccfc8dd80f39ba2d0cb56a7a4deaaa7c07fabf519c3e0"},
    {file = "apache_sedona-1.5.1-cp39-cp39-macosx_11_0_arm64.whl", hash = "sha256:a8056b28d60178fecb36d336b26ef33bc19fc960b806770a015bb0458b1dc835"},
    {file = "apache_sedona-1.5.1-cp39-cp39-manylinux_2_17_aarch64.manylinux2014_aarch64.whl", hash = "sha256:7dfb355037399fbf78f11b65ba0c8a6773f768506b6929cc3e338a791f958cfe"},
    {file = "apache_sedona-1.5.1-cp39-cp39-manylinux_2_17_x86_64.manylinux2014_x86_64.whl", hash = "sha256:0871fcf575650b214d1f2bef59a042bc9e564730299a2272f89751d685cd4914"},
    {file = "apache_sedona-1.5.1-cp39-cp39-win_amd64.whl", hash = "sha256:d064beaaf7af42c21e57ea4cc408a3c28236ab95886d014bfad9b4e4054b4809"},
    {file = "apache_sedona-1.5.1-cp39-cp39-win_arm64.whl", hash = "sha256:ccf53b20f55536e4ef3d328dd41da180c33787efaa9d664a08f01753716ad454"},
]

[package.dependencies]
attrs = "*"
shapely = ">=1.7.0"

[package.extras]
spark = ["pyspark (>=2.3.0)"]

[[package]]
name = "attrs"
version = "23.2.0"
description = "Classes Without Boilerplate"
optional = false
python-versions = ">=3.7"
files = [
    {file = "attrs-23.2.0-py3-none-any.whl", hash = "sha256:99b87a485a5820b23b879f04c2305b44b951b502fd64be915879d77a7e8fc6f1"},
    {file = "attrs-23.2.0.tar.gz", hash = "sha256:935dc3b529c262f6cf76e50877d35a4bd3c1de194fd41f47a2b7ae8f19971f30"},
]

[package.extras]
cov = ["attrs[tests]", "coverage[toml] (>=5.3)"]
dev = ["attrs[tests]", "pre-commit"]
docs = ["furo", "myst-parser", "sphinx", "sphinx-notfound-page", "sphinxcontrib-towncrier", "towncrier", "zope-interface"]
tests = ["attrs[tests-no-zope]", "zope-interface"]
tests-mypy = ["mypy (>=1.6)", "pytest-mypy-plugins"]
tests-no-zope = ["attrs[tests-mypy]", "cloudpickle", "hypothesis", "pympler", "pytest (>=4.3.0)", "pytest-xdist[psutil]"]

[[package]]
name = "numpy"
version = "1.26.3"
description = "Fundamental package for array computing in Python"
optional = false
python-versions = ">=3.9"
files = [
    {file = "numpy-1.26.3-cp310-cp310-macosx_10_9_x86_64.whl", hash = "sha256:806dd64230dbbfaca8a27faa64e2f414bf1c6622ab78cc4264f7f5f028fee3bf"},
    {file = "numpy-1.26.3-cp310-cp310-macosx_11_0_arm64.whl", hash = "sha256:02f98011ba4ab17f46f80f7f8f1c291ee7d855fcef0a5a98db80767a468c85cd"},
    {file = "numpy-1.26.3-cp310-cp310-manylinux_2_17_aarch64.manylinux2014_aarch64.whl", hash = "sha256:6d45b3ec2faed4baca41c76617fcdcfa4f684ff7a151ce6fc78ad3b6e85af0a6"},
    {file = "numpy-1.26.3-cp310-cp310-manylinux_2_17_x86_64.manylinux2014_x86_64.whl", hash = "sha256:bdd2b45bf079d9ad90377048e2747a0c82351989a2165821f0c96831b4a2a54b"},
    {file = "numpy-1.26.3-cp310-cp310-musllinux_1_1_aarch64.whl", hash = "sha256:211ddd1e94817ed2d175b60b6374120244a4dd2287f4ece45d49228b4d529178"},
    {file = "numpy-1.26.3-cp310-cp310-musllinux_1_1_x86_64.whl", hash = "sha256:b1240f767f69d7c4c8a29adde2310b871153df9b26b5cb2b54a561ac85146485"},
    {file = "numpy-1.26.3-cp310-cp310-win32.whl", hash = "sha256:21a9484e75ad018974a2fdaa216524d64ed4212e418e0a551a2d83403b0531d3"},
    {file = "numpy-1.26.3-cp310-cp310-win_amd64.whl", hash = "sha256:9e1591f6ae98bcfac2a4bbf9221c0b92ab49762228f38287f6eeb5f3f55905ce"},
    {file = "numpy-1.26.3-cp311-cp311-macosx_10_9_x86_64.whl", hash = "sha256:b831295e5472954104ecb46cd98c08b98b49c69fdb7040483aff799a755a7374"},
    {file = "numpy-1.26.3-cp311-cp311-macosx_11_0_arm64.whl", hash = "sha256:9e87562b91f68dd8b1c39149d0323b42e0082db7ddb8e934ab4c292094d575d6"},
    {file = "numpy-1.26.3-cp311-cp311-manylinux_2_17_aarch64.manylinux2014_aarch64.whl", hash = "sha256:8c66d6fec467e8c0f975818c1796d25c53521124b7cfb760114be0abad53a0a2"},
    {file = "numpy-1.26.3-cp311-cp311-manylinux_2_17_x86_64.manylinux2014_x86_64.whl", hash = "sha256:f25e2811a9c932e43943a2615e65fc487a0b6b49218899e62e426e7f0a57eeda"},
    {file = "numpy-1.26.3-cp311-cp311-musllinux_1_1_aarch64.whl", hash = "sha256:af36e0aa45e25c9f57bf684b1175e59ea05d9a7d3e8e87b7ae1a1da246f2767e"},
    {file = "numpy-1.26.3-cp311-cp311-musllinux_1_1_x86_64.whl", hash = "sha256:51c7f1b344f302067b02e0f5b5d2daa9ed4a721cf49f070280ac202738ea7f00"},
    {file = "numpy-1.26.3-cp311-cp311-win32.whl", hash = "sha256:7ca4f24341df071877849eb2034948459ce3a07915c2734f1abb4018d9c49d7b"},
    {file = "numpy-1.26.3-cp311-cp311-win_amd64.whl", hash = "sha256:39763aee6dfdd4878032361b30b2b12593fb445ddb66bbac802e2113eb8a6ac4"},
    {file = "numpy-1.26.3-cp312-cp312-macosx_10_9_x86_64.whl", hash = "sha256:a7081fd19a6d573e1a05e600c82a1c421011db7935ed0d5c483e9dd96b99cf13"},
    {file = "numpy-1.26.3-cp312-cp312-macosx_11_0_arm64.whl", hash = "sha256:12c70ac274b32bc00c7f61b515126c9205323703abb99cd41836e8125ea0043e"},
    {file = "numpy-1.26.3-cp312-cp312-manylinux_2_17_aarch64.manylinux2014_aarch64.whl", hash = "sha256:7f784e13e598e9594750b2ef6729bcd5a47f6cfe4a12cca13def35e06d8163e3"},
    {file = "numpy-1.26.3-cp312-cp312-manylinux_2_17_x86_64.manylinux2014_x86_64.whl", hash = "sha256:5f24750ef94d56ce6e33e4019a8a4d68cfdb1ef661a52cdaee628a56d2437419"},
    {file = "numpy-1.26.3-cp312-cp312-musllinux_1_1_aarch64.whl", hash = "sha256:77810ef29e0fb1d289d225cabb9ee6cf4d11978a00bb99f7f8ec2132a84e0166"},
    {file = "numpy-1.26.3-cp312-cp312-musllinux_1_1_x86_64.whl", hash = "sha256:8ed07a90f5450d99dad60d3799f9c03c6566709bd53b497eb9ccad9a55867f36"},
    {file = "numpy-1.26.3-cp312-cp312-win32.whl", hash = "sha256:f73497e8c38295aaa4741bdfa4fda1a5aedda5473074369eca10626835445511"},
    {file = "numpy-1.26.3-cp312-cp312-win_amd64.whl", hash = "sha256:da4b0c6c699a0ad73c810736303f7fbae483bcb012e38d7eb06a5e3b432c981b"},
    {file = "numpy-1.26.3-cp39-cp39-macosx_10_9_x86_64.whl", hash = "sha256:1666f634cb3c80ccbd77ec97bc17337718f56d6658acf5d3b906ca03e90ce87f"},
    {file = "numpy-1.26.3-cp39-cp39-macosx_11_0_arm64.whl", hash = "sha256:18c3319a7d39b2c6a9e3bb75aab2304ab79a811ac0168a671a62e6346c29b03f"},
    {file = "numpy-1.26.3-cp39-cp39-manylinux_2_17_aarch64.manylinux2014_aarch64.whl", hash = "sha256:0b7e807d6888da0db6e7e75838444d62495e2b588b99e90dd80c3459594e857b"},
    {file = "numpy-1.26.3-cp39-cp39-manylinux_2_17_x86_64.manylinux2014_x86_64.whl", hash = "sha256:b4d362e17bcb0011738c2d83e0a65ea8ce627057b2fdda37678f4374a382a137"},
    {file = "numpy-1.26.3-cp39-cp39-musllinux_1_1_aarch64.whl", hash = "sha256:b8c275f0ae90069496068c714387b4a0eba5d531aace269559ff2b43655edd58"},
    {file = "numpy-1.26.3-cp39-cp39-musllinux_1_1_x86_64.whl", hash = "sha256:cc0743f0302b94f397a4a65a660d4cd24267439eb16493fb3caad2e4389bccbb"},
    {file = "numpy-1.26.3-cp39-cp39-win32.whl", hash = "sha256:9bc6d1a7f8cedd519c4b7b1156d98e051b726bf160715b769106661d567b3f03"},
    {file = "numpy-1.26.3-cp39-cp39-win_amd64.whl", hash = "sha256:867e3644e208c8922a3be26fc6bbf112a035f50f0a86497f98f228c50c607bb2"},
    {file = "numpy-1.26.3-pp39-pypy39_pp73-macosx_10_9_x86_64.whl", hash = "sha256:3c67423b3703f8fbd90f5adaa37f85b5794d3366948efe9a5190a5f3a83fc34e"},
    {file = "numpy-1.26.3-pp39-pypy39_pp73-manylinux_2_17_x86_64.manylinux2014_x86_64.whl", hash = "sha256:46f47ee566d98849323f01b349d58f2557f02167ee301e5e28809a8c0e27a2d0"},
    {file = "numpy-1.26.3-pp39-pypy39_pp73-win_amd64.whl", hash = "sha256:a8474703bffc65ca15853d5fd4d06b18138ae90c17c8d12169968e998e448bb5"},
    {file = "numpy-1.26.3.tar.gz", hash = "sha256:697df43e2b6310ecc9d95f05d5ef20eacc09c7c4ecc9da3f235d39e71b7da1e4"},
]

[[package]]
name = "shapely"
version = "2.0.3"
description = "Manipulation and analysis of geometric objects"
optional = false
python-versions = ">=3.7"
files = [
    {file = "shapely-2.0.3-cp310-cp310-macosx_10_9_universal2.whl", hash = "sha256:af7e9abe180b189431b0f490638281b43b84a33a960620e6b2e8d3e3458b61a1"},
    {file = "shapely-2.0.3-cp310-cp310-macosx_10_9_x86_64.whl", hash = "sha256:98040462b36ced9671e266b95c326b97f41290d9d17504a1ee4dc313a7667b9c"},
    {file = "shapely-2.0.3-cp310-cp310-macosx_11_0_arm64.whl", hash = "sha256:71eb736ef2843f23473c6e37f6180f90f0a35d740ab284321548edf4e55d9a52"},
    {file = "shapely-2.0.3-cp310-cp310-manylinux_2_17_aarch64.manylinux2014_aarch64.whl", hash = "sha256:881eb9dbbb4a6419667e91fcb20313bfc1e67f53dbb392c6840ff04793571ed1"},
    {file = "shapely-2.0.3-cp310-cp310-manylinux_2_17_x86_64.manylinux2014_x86_64.whl", hash = "sha256:f10d2ccf0554fc0e39fad5886c839e47e207f99fdf09547bc687a2330efda35b"},
    {file = "shapely-2.0.3-cp310-cp310-win32.whl", hash = "sha256:6dfdc077a6fcaf74d3eab23a1ace5abc50c8bce56ac7747d25eab582c5a2990e"},
    {file = "shapely-2.0.3-cp310-cp310-win_amd64.whl", hash = "sha256:64c5013dacd2d81b3bb12672098a0b2795c1bf8190cfc2980e380f5ef9d9e4d9"},
    {file = "shapely-2.0.3-cp311-cp311-macosx_10_9_universal2.whl", hash = "sha256:56cee3e4e8159d6f2ce32e421445b8e23154fd02a0ac271d6a6c0b266a8e3cce"},
    {file = "shapely-2.0.3-cp311-cp311-macosx_10_9_x86_64.whl", hash = "sha256:619232c8276fded09527d2a9fd91a7885ff95c0ff9ecd5e3cb1e34fbb676e2ae"},
    {file = "shapely-2.0.3-cp311-cp311-macosx_11_0_arm64.whl", hash = "sha256:b2a7d256db6f5b4b407dc0c98dd1b2fcf1c9c5814af9416e5498d0a2e4307a4b"},
    {file = "shapely-2.0.3-cp311-cp311-manylinux_2_17_aarch64.manylinux2014_aarch64.whl", hash = "sha256:e45f0c8cd4583647db3216d965d49363e6548c300c23fd7e57ce17a03f824034"},
    {file = "shapely-2.0.3-cp311-cp311-manylinux_2_17_x86_64.manylinux2014_x86_64.whl", hash = "sha256:13cb37d3826972a82748a450328fe02a931dcaed10e69a4d83cc20ba021bc85f"},
    {file = "shapely-2.0.3-cp311-cp311-win32.whl", hash = "sha256:9302d7011e3e376d25acd30d2d9e70d315d93f03cc748784af19b00988fc30b1"},
    {file = "shapely-2.0.3-cp311-cp311-win_amd64.whl", hash = "sha256:6b464f2666b13902835f201f50e835f2f153f37741db88f68c7f3b932d3505fa"},
    {file = "shapely-2.0.3-cp312-cp312-macosx_10_9_universal2.whl", hash = "sha256:e86e7cb8e331a4850e0c2a8b2d66dc08d7a7b301b8d1d34a13060e3a5b4b3b55"},
    {file = "shapely-2.0.3-cp312-cp312-macosx_10_9_x86_64.whl", hash = "sha256:c91981c99ade980fc49e41a544629751a0ccd769f39794ae913e53b07b2f78b9"},
    {file = "shapely-2.0.3-cp312-cp312-macosx_11_0_arm64.whl", hash = "sha256:bd45d456983dc60a42c4db437496d3f08a4201fbf662b69779f535eb969660af"},
    {file = "shapely-2.0.3-cp312-cp312-manylinux_2_17_aarch64.manylinux2014_aarch64.whl", hash = "sha256:882fb1ffc7577e88c1194f4f1757e277dc484ba096a3b94844319873d14b0f2d"},
    {file = "shapely-2.0.3-cp312-cp312-manylinux_2_17_x86_64.manylinux2014_x86_64.whl", hash = "sha256:b9f2d93bff2ea52fa93245798cddb479766a18510ea9b93a4fb9755c79474889"},
    {file = "shapely-2.0.3-cp312-cp312-win32.whl", hash = "sha256:99abad1fd1303b35d991703432c9481e3242b7b3a393c186cfb02373bf604004"},
    {file = "shapely-2.0.3-cp312-cp312-win_amd64.whl", hash = "sha256:6f555fe3304a1f40398977789bc4fe3c28a11173196df9ece1e15c5bc75a48db"},
    {file = "shapely-2.0.3-cp37-cp37m-macosx_10_9_x86_64.whl", hash = "sha256:a983cc418c1fa160b7d797cfef0e0c9f8c6d5871e83eae2c5793fce6a837fad9"},
    {file = "shapely-2.0.3-cp37-cp37m-manylinux_2_17_aarch64.manylinux2014_aarch64.whl", hash = "sha256:18bddb8c327f392189a8d5d6b9a858945722d0bb95ccbd6a077b8e8fc4c7890d"},
    {file = "shapely-2.0.3-cp37-cp37m-manylinux_2_17_x86_64.manylinux2014_x86_64.whl", hash = "sha256:442f4dcf1eb58c5a4e3428d88e988ae153f97ab69a9f24e07bf4af8038536325"},
    {file = "shapely-2.0.3-cp37-cp37m-win32.whl", hash = "sha256:31a40b6e3ab00a4fd3a1d44efb2482278642572b8e0451abdc8e0634b787173e"},
    {file = "shapely-2.0.3-cp37-cp37m-win_amd64.whl", hash = "sha256:59b16976c2473fec85ce65cc9239bef97d4205ab3acead4e6cdcc72aee535679"},
    {file = "shapely-2.0.3-cp38-cp38-macosx_10_9_universal2.whl", hash = "sha256:705efbce1950a31a55b1daa9c6ae1c34f1296de71ca8427974ec2f27d57554e3"},
    {file = "shapely-2.0.3-cp38-cp38-macosx_10_9_x86_64.whl", hash = "sha256:601c5c0058a6192df704cb889439f64994708563f57f99574798721e9777a44b"},
    {file = "shapely-2.0.3-cp38-cp38-macosx_11_0_arm64.whl", hash = "sha256:f24ecbb90a45c962b3b60d8d9a387272ed50dc010bfe605f1d16dfc94772d8a1"},
    {file = "shapely-2.0.3-cp38-cp38-manylinux_2_17_aarch64.manylinux2014_aarch64.whl", hash = "sha256:d8c2a2989222c6062f7a0656e16276c01bb308bc7e5d999e54bf4e294ce62e76"},
    {file = "shapely-2.0.3-cp38-cp38-manylinux_2_17_x86_64.manylinux2014_x86_64.whl", hash = "sha256:42bceb9bceb3710a774ce04908fda0f28b291323da2688f928b3f213373b5aee"},
    {file = "shapely-2.0.3-cp38-cp38-win32.whl", hash = "sha256:54d925c9a311e4d109ec25f6a54a8bd92cc03481a34ae1a6a92c1fe6729b7e01"},
    {file = "shapely-2.0.3-cp38-cp38-win_amd64.whl", hash = "sha256:300d203b480a4589adefff4c4af0b13919cd6d760ba3cbb1e56275210f96f654"},
    {file = "shapely-2.0.3-cp39-cp39-macosx_10_9_universal2.whl", hash = "sha256:083d026e97b6c1f4a9bd2a9171c7692461092ed5375218170d91705550eecfd5"},
    {file = "shapely-2.0.3-cp39-cp39-macosx_10_9_x86_64.whl", hash = "sha256:27b6e1910094d93e9627f2664121e0e35613262fc037051680a08270f6058daf"},
    {file = "shapely-2.0.3-cp39-cp39-macosx_11_0_arm64.whl", hash = "sha256:71b2de56a9e8c0e5920ae5ddb23b923490557ac50cb0b7fa752761bf4851acde"},
    {file = "shapely-2.0.3-cp39-cp39-manylinux_2_17_aarch64.manylinux2014_aarch64.whl", hash = "sha256:4d279e56bbb68d218d63f3efc80c819cedcceef0e64efbf058a1df89dc57201b"},
    {file = "shapely-2.0.3-cp39-cp39-manylinux_2_17_x86_64.manylinux2014_x86_64.whl", hash = "sha256:88566d01a30f0453f7d038db46bc83ce125e38e47c5f6bfd4c9c287010e9bf74"},
    {file = "shapely-2.0.3-cp39-cp39-win32.whl", hash = "sha256:58afbba12c42c6ed44c4270bc0e22f3dadff5656d711b0ad335c315e02d04707"},
    {file = "shapely-2.0.3-cp39-cp39-win_amd64.whl", hash = "sha256:5026b30433a70911979d390009261b8c4021ff87c7c3cbd825e62bb2ffa181bc"},
    {file = "shapely-2.0.3.tar.gz", hash = "sha256:4d65d0aa7910af71efa72fd6447e02a8e5dd44da81a983de9d736d6e6ccbe674"},
]

[package.dependencies]
numpy = ">=1.14,<2"

[package.extras]
docs = ["matplotlib", "numpydoc (==1.1.*)", "sphinx", "sphinx-book-theme", "sphinx-remove-toctrees"]
test = ["pytest", "pytest-cov"]

[metadata]
lock-version = "2.0"
python-versions = "3.11.6"
content-hash = "52619fc16afcf834fd3ddbf09d9e4728b1417db4699344609768b190119e8743"
