# This file is automatically @generated by Poetry 1.7.1 and should not be changed by hand.

[[package]]
name = "numpy"
version = "1.26.3"
description = "Fundamental package for array computing in Python"
optional = false
python-versions = ">=3.9"
files = [
    {file = "numpy-1.26.3-cp310-cp310-macosx_10_9_x86_64.whl", hash = "sha256:806dd64230dbbfaca8a27faa64e2f414bf1c6622ab78cc4264f7f5f028fee3bf"},
    {file = "numpy-1.26.3-cp310-cp310-macosx_11_0_arm64.whl", hash = "sha256:02f98011ba4ab17f46f80f7f8f1c291ee7d855fcef0a5a98db80767a468c85cd"},
    {file = "numpy-1.26.3-cp310-cp310-manylinux_2_17_aarch64.manylinux2014_aarch64.whl", hash = "sha256:6d45b3ec2faed4baca41c76617fcdcfa4f684ff7a151ce6fc78ad3b6e85af0a6"},
    {file = "numpy-1.26.3-cp310-cp310-manylinux_2_17_x86_64.manylinux2014_x86_64.whl", hash = "sha256:bdd2b45bf079d9ad90377048e2747a0c82351989a2165821f0c96831b4a2a54b"},
    {file = "numpy-1.26.3-cp310-cp310-musllinux_1_1_aarch64.whl", hash = "sha256:211ddd1e94817ed2d175b60b6374120244a4dd2287f4ece45d49228b4d529178"},
    {file = "numpy-1.26.3-cp310-cp310-musllinux_1_1_x86_64.whl", hash = "sha256:b1240f767f69d7c4c8a29adde2310b871153df9b26b5cb2b54a561ac85146485"},
    {file = "numpy-1.26.3-cp310-cp310-win32.whl", hash = "sha256:21a9484e75ad018974a2fdaa216524d64ed4212e418e0a551a2d83403b0531d3"},
    {file = "numpy-1.26.3-cp310-cp310-win_amd64.whl", hash = "sha256:9e1591f6ae98bcfac2a4bbf9221c0b92ab49762228f38287f6eeb5f3f55905ce"},
    {file = "numpy-1.26.3-cp311-cp311-macosx_10_9_x86_64.whl", hash = "sha256:b831295e5472954104ecb46cd98c08b98b49c69fdb7040483aff799a755a7374"},
    {file = "numpy-1.26.3-cp311-cp311-macosx_11_0_arm64.whl", hash = "sha256:9e87562b91f68dd8b1c39149d0323b42e0082db7ddb8e934ab4c292094d575d6"},
    {file = "numpy-1.26.3-cp311-cp311-manylinux_2_17_aarch64.manylinux2014_aarch64.whl", hash = "sha256:8c66d6fec467e8c0f975818c1796d25c53521124b7cfb760114be0abad53a0a2"},
    {file = "numpy-1.26.3-cp311-cp311-manylinux_2_17_x86_64.manylinux2014_x86_64.whl", hash = "sha256:f25e2811a9c932e43943a2615e65fc487a0b6b49218899e62e426e7f0a57eeda"},
    {file = "numpy-1.26.3-cp311-cp311-musllinux_1_1_aarch64.whl", hash = "sha256:af36e0aa45e25c9f57bf684b1175e59ea05d9a7d3e8e87b7ae1a1da246f2767e"},
    {file = "numpy-1.26.3-cp311-cp311-musllinux_1_1_x86_64.whl", hash = "sha256:51c7f1b344f302067b02e0f5b5d2daa9ed4a721cf49f070280ac202738ea7f00"},
    {file = "numpy-1.26.3-cp311-cp311-win32.whl", hash = "sha256:7ca4f24341df071877849eb2034948459ce3a07915c2734f1abb4018d9c49d7b"},
    {file = "numpy-1.26.3-cp311-cp311-win_amd64.whl", hash = "sha256:39763aee6dfdd4878032361b30b2b12593fb445ddb66bbac802e2113eb8a6ac4"},
    {file = "numpy-1.26.3-cp312-cp312-macosx_10_9_x86_64.whl", hash = "sha256:a7081fd19a6d573e1a05e600c82a1c421011db7935ed0d5c483e9dd96b99cf13"},
    {file = "numpy-1.26.3-cp312-cp312-macosx_11_0_arm64.whl", hash = "sha256:12c70ac274b32bc00c7f61b515126c9205323703abb99cd41836e8125ea0043e"},
    {file = "numpy-1.26.3-cp312-cp312-manylinux_2_17_aarch64.manylinux2014_aarch64.whl", hash = "sha256:7f784e13e598e9594750b2ef6729bcd5a47f6cfe4a12cca13def35e06d8163e3"},
    {file = "numpy-1.26.3-cp312-cp312-manylinux_2_17_x86_64.manylinux2014_x86_64.whl", hash = "sha256:5f24750ef94d56ce6e33e4019a8a4d68cfdb1ef661a52cdaee628a56d2437419"},
    {file = "numpy-1.26.3-cp312-cp312-musllinux_1_1_aarch64.whl", hash = "sha256:77810ef29e0fb1d289d225cabb9ee6cf4d11978a00bb99f7f8ec2132a84e0166"},
    {file = "numpy-1.26.3-cp312-cp312-musllinux_1_1_x86_64.whl", hash = "sha256:8ed07a90f5450d99dad60d3799f9c03c6566709bd53b497eb9ccad9a55867f36"},
    {file = "numpy-1.26.3-cp312-cp312-win32.whl", hash = "sha256:f73497e8c38295aaa4741bdfa4fda1a5aedda5473074369eca10626835445511"},
    {file = "numpy-1.26.3-cp312-cp312-win_amd64.whl", hash = "sha256:da4b0c6c699a0ad73c810736303f7fbae483bcb012e38d7eb06a5e3b432c981b"},
    {file = "numpy-1.26.3-cp39-cp39-macosx_10_9_x86_64.whl", hash = "sha256:1666f634cb3c80ccbd77ec97bc17337718f56d6658acf5d3b906ca03e90ce87f"},
    {file = "numpy-1.26.3-cp39-cp39-macosx_11_0_arm64.whl", hash = "sha256:18c3319a7d39b2c6a9e3bb75aab2304ab79a811ac0168a671a62e6346c29b03f"},
    {file = "numpy-1.26.3-cp39-cp39-manylinux_2_17_aarch64.manylinux2014_aarch64.whl", hash = "sha256:0b7e807d6888da0db6e7e75838444d62495e2b588b99e90dd80c3459594e857b"},
    {file = "numpy-1.26.3-cp39-cp39-manylinux_2_17_x86_64.manylinux2014_x86_64.whl", hash = "sha256:b4d362e17bcb0011738c2d83e0a65ea8ce627057b2fdda37678f4374a382a137"},
    {file = "numpy-1.26.3-cp39-cp39-musllinux_1_1_aarch64.whl", hash = "sha256:b8c275f0ae90069496068c714387b4a0eba5d531aace269559ff2b43655edd58"},
    {file = "numpy-1.26.3-cp39-cp39-musllinux_1_1_x86_64.whl", hash = "sha256:cc0743f0302b94f397a4a65a660d4cd24267439eb16493fb3caad2e4389bccbb"},
    {file = "numpy-1.26.3-cp39-cp39-win32.whl", hash = "sha256:9bc6d1a7f8cedd519c4b7b1156d98e051b726bf160715b769106661d567b3f03"},
    {file = "numpy-1.26.3-cp39-cp39-win_amd64.whl", hash = "sha256:867e3644e208c8922a3be26fc6bbf112a035f50f0a86497f98f228c50c607bb2"},
    {file = "numpy-1.26.3-pp39-pypy39_pp73-macosx_10_9_x86_64.whl", hash = "sha256:3c67423b3703f8fbd90f5adaa37f85b5794d3366948efe9a5190a5f3a83fc34e"},
    {file = "numpy-1.26.3-pp39-pypy39_pp73-manylinux_2_17_x86_64.manylinux2014_x86_64.whl", hash = "sha256:46f47ee566d98849323f01b349d58f2557f02167ee301e5e28809a8c0e27a2d0"},
    {file = "numpy-1.26.3-pp39-pypy39_pp73-win_amd64.whl", hash = "sha256:a8474703bffc65ca15853d5fd4d06b18138ae90c17c8d12169968e998e448bb5"},
    {file = "numpy-1.26.3.tar.gz", hash = "sha256:697df43e2b6310ecc9d95f05d5ef20eacc09c7c4ecc9da3f235d39e71b7da1e4"},
]

[[package]]
name = "pybcj"
version = "1.0.2"
description = "bcj filter library"
optional = false
python-versions = ">=3.8"
files = [
    {file = "pybcj-1.0.2-cp310-cp310-macosx_10_9_universal2.whl", hash = "sha256:7bff28d97e47047d69a4ac6bf59adda738cf1d00adde8819117fdb65d966bdbc"},
    {file = "pybcj-1.0.2-cp310-cp310-macosx_10_9_x86_64.whl", hash = "sha256:198e0b4768b4025eb3309273d7e81dc53834b9a50092be6e0d9b3983cfd35c35"},
    {file = "pybcj-1.0.2-cp310-cp310-macosx_11_0_arm64.whl", hash = "sha256:fa26415b4a118ea790de9d38f244312f2510a9bb5c65e560184d241a6f391a2d"},
    {file = "pybcj-1.0.2-cp310-cp310-manylinux_2_17_aarch64.manylinux2014_aarch64.whl", hash = "sha256:fabb2be57e4ca28ea36c13146cdf97d73abd27c51741923fc6ba1e8cd33e255c"},
    {file = "pybcj-1.0.2-cp310-cp310-manylinux_2_17_x86_64.manylinux2014_x86_64.whl", hash = "sha256:75d6d613bae6f27678d5e44e89d61018779726aa6aa950c516d33a04b8af8c59"},
    {file = "pybcj-1.0.2-cp310-cp310-musllinux_1_1_aarch64.whl", hash = "sha256:3ffae79ef8a1ea81ea2748ad7b7ad9b882aa88ddf65ce90f9e944df639eccc61"},
    {file = "pybcj-1.0.2-cp310-cp310-musllinux_1_1_x86_64.whl", hash = "sha256:bdb4d8ff5cba3e0bd1adee7d20dbb2b4d80cb31ac04d6ea1cd06cfc02d2ecd0d"},
    {file = "pybcj-1.0.2-cp310-cp310-win_amd64.whl", hash = "sha256:a29be917fbc99eca204b08407e0971e0205bfdad4b74ec915930675f352b669d"},
    {file = "pybcj-1.0.2-cp311-cp311-macosx_10_9_universal2.whl", hash = "sha256:a2562ebe5a0abec4da0229f8abb5e90ee97b178f19762eb925c1159be36828b3"},
    {file = "pybcj-1.0.2-cp311-cp311-macosx_10_9_x86_64.whl", hash = "sha256:af19bc61ded933001cd68f004ae2042bf1a78eb498a3c685ebd655fa1be90dbe"},
    {file = "pybcj-1.0.2-cp311-cp311-macosx_11_0_arm64.whl", hash = "sha256:f3f4a447800850aba7724a2274ea0a4800724520c1caf38f7d0dabf2f89a5e15"},
    {file = "pybcj-1.0.2-cp311-cp311-manylinux_2_17_aarch64.manylinux2014_aarch64.whl", hash = "sha256:ce1c8af7a4761d2b1b531864d84113948daa0c4245775c63bd9874cb955f4662"},
    {file = "pybcj-1.0.2-cp311-cp311-manylinux_2_17_x86_64.manylinux2014_x86_64.whl", hash = "sha256:8007371f6f2b462f5aa05d5c2135d0a1bcf5b7bdd9bd15d86c730f588d10b7d3"},
    {file = "pybcj-1.0.2-cp311-cp311-musllinux_1_1_aarch64.whl", hash = "sha256:1079ca63ff8da5c936b76863690e0bd2489e8d4e0a3a340e032095dae805dd91"},
    {file = "pybcj-1.0.2-cp311-cp311-musllinux_1_1_x86_64.whl", hash = "sha256:e9a785eb26884429d9b9f6326e68c3638828c83bf6d42d2463c97ad5385caff2"},
    {file = "pybcj-1.0.2-cp311-cp311-win_amd64.whl", hash = "sha256:9ea46e2d45469d13b7f25b08efcdb140220bab1ac5a850db0954591715b8caaa"},
    {file = "pybcj-1.0.2-cp312-cp312-macosx_10_9_universal2.whl", hash = "sha256:21b5f2460629167340403d359289a173e0729ce8e84e3ce99462009d5d5e01a4"},
    {file = "pybcj-1.0.2-cp312-cp312-macosx_10_9_x86_64.whl", hash = "sha256:2940fb85730b9869254559c491cd83cf777e56c76a8a60df60e4be4f2a4248d7"},
    {file = "pybcj-1.0.2-cp312-cp312-macosx_11_0_arm64.whl", hash = "sha256:f40f3243139d675f43793a4e35c410c370f7b91ccae74e70c8b2f4877869f90e"},
    {file = "pybcj-1.0.2-cp312-cp312-manylinux_2_17_aarch64.manylinux2014_aarch64.whl", hash = "sha256:9c2b3e60b65c7ac73e44335934e1e122da8d56db87840984601b3c5dc0ae4c19"},
    {file = "pybcj-1.0.2-cp312-cp312-manylinux_2_17_x86_64.manylinux2014_x86_64.whl", hash = "sha256:746550dc7b5af4d04bb5fa4d065f18d39c925bcb5dee30db75747cd9a58bb6e8"},
    {file = "pybcj-1.0.2-cp312-cp312-musllinux_1_1_aarch64.whl", hash = "sha256:8ce9b62b6aaa5b08773be8a919ecc4e865396c969f982b685eeca6e80c82abb7"},
    {file = "pybcj-1.0.2-cp312-cp312-musllinux_1_1_x86_64.whl", hash = "sha256:493eab2b1f6f546730a6de0c5ceb75ce16f3767154e8ae30e2b70d41b928b7d2"},
    {file = "pybcj-1.0.2-cp312-cp312-win_amd64.whl", hash = "sha256:ef55b96b7f2ed823e0b924de902065ec42ade856366c287dbb073fabd6b90ec1"},
    {file = "pybcj-1.0.2-cp38-cp38-macosx_10_9_universal2.whl", hash = "sha256:2ed5b3dd9c209fe7b90990dee4ef21870dca39db1cd326553c314ee1b321c1cc"},
    {file = "pybcj-1.0.2-cp38-cp38-macosx_10_9_x86_64.whl", hash = "sha256:22a94885723f8362d4cb468e68910eef92d3e2b1293de82b8eacb4198ef6655f"},
    {file = "pybcj-1.0.2-cp38-cp38-macosx_11_0_arm64.whl", hash = "sha256:b8f9368036c9e658d8e3b3534086d298a5349c864542b34657cbe57c260daa49"},
    {file = "pybcj-1.0.2-cp38-cp38-manylinux_2_17_aarch64.manylinux2014_aarch64.whl", hash = "sha256:87108181c7a6ac4d3fc1e4551cab5db5eea7f9fdca611175243234cd94bcc59b"},
    {file = "pybcj-1.0.2-cp38-cp38-manylinux_2_17_x86_64.manylinux2014_x86_64.whl", hash = "sha256:db57f26b8c0162cfddb52b869efb1741b8c5e67fc536994f743074985f714c55"},
    {file = "pybcj-1.0.2-cp38-cp38-musllinux_1_1_aarch64.whl", hash = "sha256:bdf5bcac4f1da36ad43567ea6f6ef404347658dbbe417c87cdb1699f327d6337"},
    {file = "pybcj-1.0.2-cp38-cp38-musllinux_1_1_x86_64.whl", hash = "sha256:5c3171bb95c9b45cbcad25589e1ae4f4ca4ea99dc1724c4e0671eb6b9055514e"},
    {file = "pybcj-1.0.2-cp38-cp38-win_amd64.whl", hash = "sha256:f9a2585e0da9cf343ea27421995b881736a1eb604a7c1d4ca74126af94c3d4a8"},
    {file = "pybcj-1.0.2-cp39-cp39-macosx_10_9_universal2.whl", hash = "sha256:fdb7cd8271471a5979d84915c1ee57eea7e0a69c893225fc418db66883b0e2a7"},
    {file = "pybcj-1.0.2-cp39-cp39-macosx_10_9_x86_64.whl", hash = "sha256:e96ae14062bdcddc3197300e6ee4efa6fbc6749be917db934eac66d0daaecb68"},
    {file = "pybcj-1.0.2-cp39-cp39-macosx_11_0_arm64.whl", hash = "sha256:a54ebdc8423ba99d75372708a882fcfc3b14d9d52cf195295ad53e5a47dab37f"},
    {file = "pybcj-1.0.2-cp39-cp39-manylinux_2_17_aarch64.manylinux2014_aarch64.whl", hash = "sha256:3602be737c6e9553c45ae89e6b0e556f64f34dabf27d5260317d1824d31b79d3"},
    {file = "pybcj-1.0.2-cp39-cp39-manylinux_2_17_x86_64.manylinux2014_x86_64.whl", hash = "sha256:63dd2ca52a48841f561bfec0fa3f208d375b0a8dcd3d7b236459e683ae29221d"},
    {file = "pybcj-1.0.2-cp39-cp39-musllinux_1_1_aarch64.whl", hash = "sha256:8204a714029784b1a08a3d790430d80b423b68615c5b1e67aabca5bd5419b77d"},
    {file = "pybcj-1.0.2-cp39-cp39-musllinux_1_1_x86_64.whl", hash = "sha256:fde2376b180ae2620c102fbc3ef06638d306feae83964aaa5051ecbdda54845a"},
    {file = "pybcj-1.0.2-cp39-cp39-win_amd64.whl", hash = "sha256:3b8d7810fb587adbffba025330cf212d9bbed8f29559656d05cb6609673f306a"},
    {file = "pybcj-1.0.2.tar.gz", hash = "sha256:c7f5bef7f47723c53420e377bc64d2553843bee8bcac5f0ad076ab1524780018"},
]

[package.extras]
check = ["check-manifest", "flake8 (<5)", "flake8-black", "flake8-colors", "flake8-isort", "flake8-pyi", "flake8-typing-imports", "mypy (>=0.812)", "mypy-extensions (>=0.4.3)", "pygments", "readme-renderer"]
test = ["coverage[toml] (>=5.2)", "hypothesis", "pytest (>=6.0)", "pytest-cov"]

[metadata]
lock-version = "2.0"
python-versions = "3.11.6"
content-hash = "bf02d4419c34ea80a22284c9a8532399db045808292886ab168b143e590f8bde"
